
Microsoft Visual Studio Solution File, Format Version 10.00
# Visual Studio 2008
Project("{FAE04EC0-301F-11D3-BF4B-00C04F79EFBC}") = "Zamba.PrintTreeView", "Zamba.PrintTreeView\Zamba.PrintTreeView.csproj", "{FBD3C48E-D8F7-4F50-A6AB-C82C78411446}"
EndProject
Global
	GlobalSection(TeamFoundationVersionControl) = preSolution
		SccNumberOfProjects = 2
		SccEnterpriseProvider = {4CA58AB2-18FA-4F8D-95D4-32DDF27D184C}
		SccTeamFoundationServer = http://hobbit:8080/
		SccLocalPath0 = .
		SccProjectUniqueName1 = Zamba.PrintTreeView\\Zamba.PrintTreeView.csproj
		SccProjectName1 = Zamba.PrintTreeView
		SccLocalPath1 = Zamba.PrintTreeView
	EndGlobalSection
	GlobalSection(SolutionConfigurationPlatforms) = preSolution
		Debug|Any CPU = Debug|Any CPU
		Release|Any CPU = Release|Any CPU
	EndGlobalSection
	GlobalSection(ProjectConfigurationPlatforms) = postSolution
		{FBD3C48E-D8F7-4F50-A6AB-C82C78411446}.Debug|Any CPU.ActiveCfg = Debug|Any CPU
		{FBD3C48E-D8F7-4F50-A6AB-C82C78411446}.Debug|Any CPU.Build.0 = Debug|Any CPU
		{FBD3C48E-D8F7-4F50-A6AB-C82C78411446}.Release|Any CPU.ActiveCfg = Release|Any CPU
		{FBD3C48E-D8F7-4F50-A6AB-C82C78411446}.Release|Any CPU.Build.0 = Release|Any CPU
	EndGlobalSection
	GlobalSection(SolutionProperties) = preSolution
		HideSolutionNode = FALSE
	EndGlobalSection
EndGlobal
