
Microsoft Visual Studio Solution File, Format Version 10.00
# Visual Studio 2008
Project("{FAE04EC0-301F-11D3-BF4B-00C04F79EFBC}") = "DeleteTempFiles", "DeleteTempFiles\DeleteTempFiles.csproj", "{86D22B07-8C0C-4A98-AC3B-12DF77F36E4B}"
EndProject
Project("{F184B08F-C81C-45F6-A57F-5ABD9991F28F}") = "DeleteTempFilesServicio", "DeleteTempFilesServicio\DeleteTempFilesServicio.vbproj", "{F7A83DCD-AAB1-4B88-9FC6-2C4CC09C4C37}"
EndProject
Global
	GlobalSection(TeamFoundationVersionControl) = preSolution
		SccNumberOfProjects = 3
		SccEnterpriseProvider = {4CA58AB2-18FA-4F8D-95D4-32DDF27D184C}
		SccTeamFoundationServer = http://hobbit:8080/
		SccLocalPath0 = .
		SccProjectUniqueName1 = DeleteTempFiles\\DeleteTempFiles.csproj
		SccProjectName1 = DeleteTempFiles
		SccLocalPath1 = DeleteTempFiles
		SccProjectUniqueName2 = DeleteTempFilesServicio\\DeleteTempFilesServicio.vbproj
		SccProjectName2 = DeleteTempFilesServicio
		SccLocalPath2 = DeleteTempFilesServicio
	EndGlobalSection
	GlobalSection(SolutionConfigurationPlatforms) = preSolution
		Debug|Any CPU = Debug|Any CPU
		Release|Any CPU = Release|Any CPU
	EndGlobalSection
	GlobalSection(ProjectConfigurationPlatforms) = postSolution
		{86D22B07-8C0C-4A98-AC3B-12DF77F36E4B}.Debug|Any CPU.ActiveCfg = Debug|Any CPU
		{86D22B07-8C0C-4A98-AC3B-12DF77F36E4B}.Debug|Any CPU.Build.0 = Debug|Any CPU
		{86D22B07-8C0C-4A98-AC3B-12DF77F36E4B}.Release|Any CPU.ActiveCfg = Release|Any CPU
		{86D22B07-8C0C-4A98-AC3B-12DF77F36E4B}.Release|Any CPU.Build.0 = Release|Any CPU
		{F7A83DCD-AAB1-4B88-9FC6-2C4CC09C4C37}.Debug|Any CPU.ActiveCfg = Debug|Any CPU
		{F7A83DCD-AAB1-4B88-9FC6-2C4CC09C4C37}.Debug|Any CPU.Build.0 = Debug|Any CPU
		{F7A83DCD-AAB1-4B88-9FC6-2C4CC09C4C37}.Release|Any CPU.ActiveCfg = Release|Any CPU
		{F7A83DCD-AAB1-4B88-9FC6-2C4CC09C4C37}.Release|Any CPU.Build.0 = Release|Any CPU
	EndGlobalSection
	GlobalSection(SolutionProperties) = preSolution
		HideSolutionNode = FALSE
	EndGlobalSection
EndGlobal
