
Microsoft Visual Studio Solution File, Format Version 9.00
# Visual Studio 2005
Project("{E24C65DC-7377-472B-9ABA-BC803B73C61A}") = "C:\...\testScan\", ".", "{EB56E95E-0C5A-4842-A662-53E37DAAF494}"
	ProjectSection(WebsiteProperties) = preProject
		Debug.AspNetCompiler.VirtualPath = "/testScan"
		Debug.AspNetCompiler.PhysicalPath = "..\testScan\"
		Debug.AspNetCompiler.TargetPath = "PrecompiledWeb\testScan\"
		Debug.AspNetCompiler.Updateable = "true"
		Debug.AspNetCompiler.ForceOverwrite = "true"
		Debug.AspNetCompiler.FixedNames = "false"
		Debug.AspNetCompiler.Debug = "True"
		Release.AspNetCompiler.VirtualPath = "/testScan"
		Release.AspNetCompiler.PhysicalPath = "..\testScan\"
		Release.AspNetCompiler.TargetPath = "PrecompiledWeb\testScan\"
		Release.AspNetCompiler.Updateable = "true"
		Release.AspNetCompiler.ForceOverwrite = "true"
		Release.AspNetCompiler.FixedNames = "false"
		Release.AspNetCompiler.Debug = "False"
		VWDPort = "4445"
	EndProjectSection
EndProject
Global
	GlobalSection(SolutionConfigurationPlatforms) = preSolution
		Debug|.NET = Debug|.NET
	EndGlobalSection
	GlobalSection(ProjectConfigurationPlatforms) = postSolution
		{EB56E95E-0C5A-4842-A662-53E37DAAF494}.Debug|.NET.ActiveCfg = Debug|.NET
		{EB56E95E-0C5A-4842-A662-53E37DAAF494}.Debug|.NET.Build.0 = Debug|.NET
	EndGlobalSection
	GlobalSection(SolutionProperties) = preSolution
		HideSolutionNode = FALSE
	EndGlobalSection
EndGlobal
