
Microsoft Visual Studio Solution File, Format Version 10.00
# Visual Studio 2008
Project("{FAE04EC0-301F-11D3-BF4B-00C04F79EFBC}") = "Zamba.DBPortable", "Zamba.DBPortable\Zamba.DBPortable.csproj", "{BE7D5BB9-4388-4BD7-A0BC-F29D30FBB961}"
EndProject
Project("{FAE04EC0-301F-11D3-BF4B-00C04F79EFBC}") = "Zamba.DBPortableDiagram", "..\Zamba.DBPortableDiagram\Zamba.DBPortableDiagram.csproj", "{1DAB0109-096F-4CCA-894F-1BE942C676C6}"
EndProject
Global
	GlobalSection(TeamFoundationVersionControl) = preSolution
		SccNumberOfProjects = 3
		SccEnterpriseProvider = {4CA58AB2-18FA-4F8D-95D4-32DDF27D184C}
		SccTeamFoundationServer = http://hobbit:8080/
		SccLocalPath0 = .
		SccProjectUniqueName1 = Zamba.DBPortable\\Zamba.DBPortable.csproj
		SccProjectName1 = Zamba.DBPortable
		SccLocalPath1 = Zamba.DBPortable
		SccProjectUniqueName2 = ..\\Zamba.DBPortableDiagram\\Zamba.DBPortableDiagram.csproj
		SccProjectName2 = ../Zamba.DBPortableDiagram
		SccLocalPath2 = ..\\Zamba.DBPortableDiagram
	EndGlobalSection
	GlobalSection(SolutionConfigurationPlatforms) = preSolution
		Debug|Any CPU = Debug|Any CPU
		Release|Any CPU = Release|Any CPU
	EndGlobalSection
	GlobalSection(ProjectConfigurationPlatforms) = postSolution
		{BE7D5BB9-4388-4BD7-A0BC-F29D30FBB961}.Debug|Any CPU.ActiveCfg = Debug|Any CPU
		{BE7D5BB9-4388-4BD7-A0BC-F29D30FBB961}.Debug|Any CPU.Build.0 = Debug|Any CPU
		{BE7D5BB9-4388-4BD7-A0BC-F29D30FBB961}.Release|Any CPU.ActiveCfg = Release|Any CPU
		{BE7D5BB9-4388-4BD7-A0BC-F29D30FBB961}.Release|Any CPU.Build.0 = Release|Any CPU
		{1DAB0109-096F-4CCA-894F-1BE942C676C6}.Debug|Any CPU.ActiveCfg = Debug|Any CPU
		{1DAB0109-096F-4CCA-894F-1BE942C676C6}.Debug|Any CPU.Build.0 = Debug|Any CPU
		{1DAB0109-096F-4CCA-894F-1BE942C676C6}.Release|Any CPU.ActiveCfg = Release|Any CPU
		{1DAB0109-096F-4CCA-894F-1BE942C676C6}.Release|Any CPU.Build.0 = Release|Any CPU
	EndGlobalSection
	GlobalSection(SolutionProperties) = preSolution
		HideSolutionNode = FALSE
	EndGlobalSection
EndGlobal
