
Microsoft Visual Studio Solution File, Format Version 10.00
# Visual Studio 2008
Project("{FAE04EC0-301F-11D3-BF4B-00C04F79EFBC}") = "MVC_Demo", "MVC_Demo\MVC_Demo.csproj", "{9646CEA9-9FB4-4983-87B6-98DEBC09E2C7}"
EndProject
Global
	GlobalSection(TeamFoundationVersionControl) = preSolution
		SccNumberOfProjects = 2
		SccEnterpriseProvider = {4CA58AB2-18FA-4F8D-95D4-32DDF27D184C}
		SccTeamFoundationServer = http://hobbit:8080/
		SccLocalPath0 = .
		SccProjectUniqueName1 = MVC_Demo\\MVC_Demo.csproj
		SccProjectName1 = MVC_Demo
		SccLocalPath1 = MVC_Demo
	EndGlobalSection
	GlobalSection(SolutionConfigurationPlatforms) = preSolution
		Debug|Any CPU = Debug|Any CPU
		Release|Any CPU = Release|Any CPU
	EndGlobalSection
	GlobalSection(ProjectConfigurationPlatforms) = postSolution
		{9646CEA9-9FB4-4983-87B6-98DEBC09E2C7}.Debug|Any CPU.ActiveCfg = Debug|Any CPU
		{9646CEA9-9FB4-4983-87B6-98DEBC09E2C7}.Debug|Any CPU.Build.0 = Debug|Any CPU
		{9646CEA9-9FB4-4983-87B6-98DEBC09E2C7}.Release|Any CPU.ActiveCfg = Release|Any CPU
		{9646CEA9-9FB4-4983-87B6-98DEBC09E2C7}.Release|Any CPU.Build.0 = Release|Any CPU
	EndGlobalSection
	GlobalSection(SolutionProperties) = preSolution
		HideSolutionNode = FALSE
	EndGlobalSection
EndGlobal
