
Microsoft Visual Studio Solution File, Format Version 10.00
# Visual Studio 2008
Project("{FAE04EC0-301F-11D3-BF4B-00C04F79EFBC}") = "ZItoDOC_ID", "ZItoDOC_ID\ZItoDOC_ID.csproj", "{D874D380-E9EA-466B-B701-ED1262F06EC9}"
EndProject
Project("{F184B08F-C81C-45F6-A57F-5ABD9991F28F}") = "Zamba.Server", "..\..\Zamba.Server\Zamba.Server.vbproj", "{FC85CBEF-6BAF-4796-A6C2-9EAEF956479E}"
EndProject
Project("{F184B08F-C81C-45F6-A57F-5ABD9991F28F}") = "Zamba.Tools", "..\..\Zamba.Tools\Zamba.Tools.vbproj", "{D349AB2A-B052-4307-B979-D397D10760A1}"
EndProject
Project("{F184B08F-C81C-45F6-A57F-5ABD9991F28F}") = "Zamba.Exceptions", "..\..\Zamba.Exceptions\Zamba.Exceptions.vbproj", "{C6B645EE-2668-404D-B41E-28D5AC6CAEB6}"
EndProject
Global
	GlobalSection(TeamFoundationVersionControl) = preSolution
		SccNumberOfProjects = 5
		SccEnterpriseProvider = {4CA58AB2-18FA-4F8D-95D4-32DDF27D184C}
		SccTeamFoundationServer = http://hobbit:8080/
		SccLocalPath0 = .
		SccProjectUniqueName1 = ZItoDOC_ID\\ZItoDOC_ID.csproj
		SccProjectName1 = ZItoDOC_ID
		SccLocalPath1 = ZItoDOC_ID
		SccProjectUniqueName2 = ..\\..\\Zamba.Server\\Zamba.Server.vbproj
		SccProjectName2 = ../../Zamba.Server
		SccLocalPath2 = ..\\..\\Zamba.Server
		SccProjectUniqueName3 = ..\\..\\Zamba.Tools\\Zamba.Tools.vbproj
		SccProjectName3 = ../../Zamba.Tools
		SccLocalPath3 = ..\\..\\Zamba.Tools
		SccProjectUniqueName4 = ..\\..\\Zamba.Exceptions\\Zamba.Exceptions.vbproj
		SccProjectName4 = ../../Zamba.Exceptions
		SccLocalPath4 = ..\\..\\Zamba.Exceptions
	EndGlobalSection
	GlobalSection(SolutionConfigurationPlatforms) = preSolution
		Debug|Any CPU = Debug|Any CPU
		Release Sin Trace|Any CPU = Release Sin Trace|Any CPU
		Release|Any CPU = Release|Any CPU
	EndGlobalSection
	GlobalSection(ProjectConfigurationPlatforms) = postSolution
		{D874D380-E9EA-466B-B701-ED1262F06EC9}.Debug|Any CPU.ActiveCfg = Debug|Any CPU
		{D874D380-E9EA-466B-B701-ED1262F06EC9}.Debug|Any CPU.Build.0 = Debug|Any CPU
		{D874D380-E9EA-466B-B701-ED1262F06EC9}.Release Sin Trace|Any CPU.ActiveCfg = Release|Any CPU
		{D874D380-E9EA-466B-B701-ED1262F06EC9}.Release Sin Trace|Any CPU.Build.0 = Release|Any CPU
		{D874D380-E9EA-466B-B701-ED1262F06EC9}.Release|Any CPU.ActiveCfg = Release|Any CPU
		{D874D380-E9EA-466B-B701-ED1262F06EC9}.Release|Any CPU.Build.0 = Release|Any CPU
		{FC85CBEF-6BAF-4796-A6C2-9EAEF956479E}.Debug|Any CPU.ActiveCfg = Debug|Any CPU
		{FC85CBEF-6BAF-4796-A6C2-9EAEF956479E}.Debug|Any CPU.Build.0 = Debug|Any CPU
		{FC85CBEF-6BAF-4796-A6C2-9EAEF956479E}.Release Sin Trace|Any CPU.ActiveCfg = Release Sin Trace|Any CPU
		{FC85CBEF-6BAF-4796-A6C2-9EAEF956479E}.Release Sin Trace|Any CPU.Build.0 = Release Sin Trace|Any CPU
		{FC85CBEF-6BAF-4796-A6C2-9EAEF956479E}.Release|Any CPU.ActiveCfg = Release|Any CPU
		{FC85CBEF-6BAF-4796-A6C2-9EAEF956479E}.Release|Any CPU.Build.0 = Release|Any CPU
		{D349AB2A-B052-4307-B979-D397D10760A1}.Debug|Any CPU.ActiveCfg = Debug|Any CPU
		{D349AB2A-B052-4307-B979-D397D10760A1}.Debug|Any CPU.Build.0 = Debug|Any CPU
		{D349AB2A-B052-4307-B979-D397D10760A1}.Release Sin Trace|Any CPU.ActiveCfg = Release|Any CPU
		{D349AB2A-B052-4307-B979-D397D10760A1}.Release Sin Trace|Any CPU.Build.0 = Release|Any CPU
		{D349AB2A-B052-4307-B979-D397D10760A1}.Release|Any CPU.ActiveCfg = Release|Any CPU
		{D349AB2A-B052-4307-B979-D397D10760A1}.Release|Any CPU.Build.0 = Release|Any CPU
		{C6B645EE-2668-404D-B41E-28D5AC6CAEB6}.Debug|Any CPU.ActiveCfg = Debug|Any CPU
		{C6B645EE-2668-404D-B41E-28D5AC6CAEB6}.Debug|Any CPU.Build.0 = Debug|Any CPU
		{C6B645EE-2668-404D-B41E-28D5AC6CAEB6}.Release Sin Trace|Any CPU.ActiveCfg = Release|Any CPU
		{C6B645EE-2668-404D-B41E-28D5AC6CAEB6}.Release Sin Trace|Any CPU.Build.0 = Release|Any CPU
		{C6B645EE-2668-404D-B41E-28D5AC6CAEB6}.Release|Any CPU.ActiveCfg = Release|Any CPU
		{C6B645EE-2668-404D-B41E-28D5AC6CAEB6}.Release|Any CPU.Build.0 = Release|Any CPU
	EndGlobalSection
	GlobalSection(SolutionProperties) = preSolution
		HideSolutionNode = FALSE
	EndGlobalSection
EndGlobal
