
Microsoft Visual Studio Solution File, Format Version 10.00
# Visual Studio 2008
Project("{FAE04EC0-301F-11D3-BF4B-00C04F79EFBC}") = "WebLogin", "WebLogin\WebLogin.csproj", "{820B7FB4-6F85-4738-8831-A582F7451B92}"
EndProject
Project("{FAE04EC0-301F-11D3-BF4B-00C04F79EFBC}") = "WebLoginBusiness", "WebLoginBusiness\WebLoginBusiness.csproj", "{00BF44CF-7940-4C43-B284-00EDA944D72F}"
EndProject
Project("{FAE04EC0-301F-11D3-BF4B-00C04F79EFBC}") = "WebLoginFactory", "WebLoginFactory\WebLoginFactory.csproj", "{060846EF-9286-4477-8000-E6D8C5B684F0}"
EndProject
Global
	GlobalSection(TeamFoundationVersionControl) = preSolution
		SccNumberOfProjects = 4
		SccEnterpriseProvider = {4CA58AB2-18FA-4F8D-95D4-32DDF27D184C}
		SccTeamFoundationServer = http://hobbit:8080/
		SccLocalPath0 = .
		SccProjectUniqueName1 = WebLogin\\WebLogin.csproj
		SccProjectName1 = WebLogin
		SccLocalPath1 = WebLogin
		SccProjectUniqueName2 = WebLoginBusiness\\WebLoginBusiness.csproj
		SccProjectName2 = WebLoginBusiness
		SccLocalPath2 = WebLoginBusiness
		SccProjectUniqueName3 = WebLoginFactory\\WebLoginFactory.csproj
		SccProjectName3 = WebLoginFactory
		SccLocalPath3 = WebLoginFactory
	EndGlobalSection
	GlobalSection(SolutionConfigurationPlatforms) = preSolution
		Debug|Any CPU = Debug|Any CPU
		Release|Any CPU = Release|Any CPU
	EndGlobalSection
	GlobalSection(ProjectConfigurationPlatforms) = postSolution
		{820B7FB4-6F85-4738-8831-A582F7451B92}.Debug|Any CPU.ActiveCfg = Debug|Any CPU
		{820B7FB4-6F85-4738-8831-A582F7451B92}.Debug|Any CPU.Build.0 = Debug|Any CPU
		{820B7FB4-6F85-4738-8831-A582F7451B92}.Release|Any CPU.ActiveCfg = Release|Any CPU
		{820B7FB4-6F85-4738-8831-A582F7451B92}.Release|Any CPU.Build.0 = Release|Any CPU
		{00BF44CF-7940-4C43-B284-00EDA944D72F}.Debug|Any CPU.ActiveCfg = Debug|Any CPU
		{00BF44CF-7940-4C43-B284-00EDA944D72F}.Debug|Any CPU.Build.0 = Debug|Any CPU
		{00BF44CF-7940-4C43-B284-00EDA944D72F}.Release|Any CPU.ActiveCfg = Release|Any CPU
		{00BF44CF-7940-4C43-B284-00EDA944D72F}.Release|Any CPU.Build.0 = Release|Any CPU
		{060846EF-9286-4477-8000-E6D8C5B684F0}.Debug|Any CPU.ActiveCfg = Debug|Any CPU
		{060846EF-9286-4477-8000-E6D8C5B684F0}.Debug|Any CPU.Build.0 = Debug|Any CPU
		{060846EF-9286-4477-8000-E6D8C5B684F0}.Release|Any CPU.ActiveCfg = Release|Any CPU
		{060846EF-9286-4477-8000-E6D8C5B684F0}.Release|Any CPU.Build.0 = Release|Any CPU
	EndGlobalSection
	GlobalSection(SolutionProperties) = preSolution
		HideSolutionNode = FALSE
	EndGlobalSection
EndGlobal
