
Microsoft Visual Studio Solution File, Format Version 9.00
# Visual Studio 2005
Project("{E24C65DC-7377-472B-9ABA-BC803B73C61A}") = "D:\Zamba2007\Zamba.WebControl\", "..\Zamba.WebControl", "{BF4EFDF3-A184-41D4-B72B-23785C00B1DD}"
	ProjectSection(WebsiteProperties) = preProject
		SccProjectName = ""$/Zamba.root/Zamba", EAAAAAAA"
		SccAuxPath = ""
		SccLocalPath = ".."
		SccProvider = "MSSCCI:Microsoft Visual SourceSafe"
		Debug.AspNetCompiler.VirtualPath = "/Zamba.WebControl"
		Debug.AspNetCompiler.PhysicalPath = "D:\Zamba2007\Zamba.WebControl\"
		Debug.AspNetCompiler.TargetPath = "PrecompiledWeb\Zamba.WebControl\"
		Debug.AspNetCompiler.Updateable = "true"
		Debug.AspNetCompiler.ForceOverwrite = "true"
		Debug.AspNetCompiler.FixedNames = "false"
		Debug.AspNetCompiler.Debug = "True"
		Release.AspNetCompiler.VirtualPath = "/Zamba.WebControl"
		Release.AspNetCompiler.PhysicalPath = "D:\Zamba2007\Zamba.WebControl\"
		Release.AspNetCompiler.TargetPath = "PrecompiledWeb\Zamba.WebControl\"
		Release.AspNetCompiler.Updateable = "true"
		Release.AspNetCompiler.ForceOverwrite = "true"
		Release.AspNetCompiler.FixedNames = "false"
		Release.AspNetCompiler.Debug = "False"
		VWDPort = "1938"
	EndProjectSection
EndProject
Global
	GlobalSection(SourceCodeControl) = preSolution
		SccNumberOfProjects = 1
		SccWebProject0 = true
		SccProjectUniqueName0 = .
		SccProjectName0 = \u0022$/Zamba.root/Zamba\u0022,\u0020EAAAAAAA
		SccLocalPath0 = ..
		SccProvider0 = MSSCCI:Microsoft\u0020Visual\u0020SourceSafe
		SccProjectFilePathRelativizedFromConnection0 = Zamba.WebControl\\
		SccProjectEnlistmentChoice0 = 2
	EndGlobalSection
	GlobalSection(SolutionConfigurationPlatforms) = preSolution
		Debug|.NET = Debug|.NET
	EndGlobalSection
	GlobalSection(ProjectConfigurationPlatforms) = postSolution
		{BF4EFDF3-A184-41D4-B72B-23785C00B1DD}.Debug|.NET.ActiveCfg = Debug|.NET
		{BF4EFDF3-A184-41D4-B72B-23785C00B1DD}.Debug|.NET.Build.0 = Debug|.NET
	EndGlobalSection
	GlobalSection(SolutionProperties) = preSolution
		HideSolutionNode = FALSE
	EndGlobalSection
EndGlobal
