
Microsoft Visual Studio Solution File, Format Version 11.00
# Visual Studio 2010
Project("{FAE04EC0-301F-11D3-BF4B-00C04F79EFBC}") = "Zamba.CFTool", "Pechkin\Zamba.CFTool.csproj", "{023DF833-B252-48B3-B6AF-DBBB13E39B13}"
EndProject
Project("{FAE04EC0-301F-11D3-BF4B-00C04F79EFBC}") = "Zamba.CFTool.App", "WindowsFormsApplication1\Zamba.CFTool.App.csproj", "{6149F600-7877-46C1-926A-651F67619F14}"
EndProject
Global
	GlobalSection(TeamFoundationVersionControl) = preSolution
		SccNumberOfProjects = 3
		SccEnterpriseProvider = {4CA58AB2-18FA-4F8D-95D4-32DDF27D184C}
		SccTeamFoundationServer = http://win-gs9gmujits8:8080/tfs/defaultcollection
		SccProjectUniqueName0 = Pechkin\\Zamba.CFTool.csproj
		SccProjectName0 = Pechkin
		SccLocalPath0 = Pechkin
		SccProjectUniqueName1 = WindowsFormsApplication1\\Zamba.CFTool.App.csproj
		SccProjectName1 = WindowsFormsApplication1
		SccLocalPath1 = WindowsFormsApplication1
		SccLocalPath2 = .
	EndGlobalSection
	GlobalSection(SolutionConfigurationPlatforms) = preSolution
		Debug|Any CPU = Debug|Any CPU
		Debug|Mixed Platforms = Debug|Mixed Platforms
		Debug|x86 = Debug|x86
		Release|Any CPU = Release|Any CPU
		Release|Mixed Platforms = Release|Mixed Platforms
		Release|x86 = Release|x86
	EndGlobalSection
	GlobalSection(ProjectConfigurationPlatforms) = postSolution
		{023DF833-B252-48B3-B6AF-DBBB13E39B13}.Debug|Any CPU.ActiveCfg = Debug|x86
		{023DF833-B252-48B3-B6AF-DBBB13E39B13}.Debug|Mixed Platforms.ActiveCfg = Debug|x86
		{023DF833-B252-48B3-B6AF-DBBB13E39B13}.Debug|Mixed Platforms.Build.0 = Debug|x86
		{023DF833-B252-48B3-B6AF-DBBB13E39B13}.Debug|x86.ActiveCfg = Debug|x86
		{023DF833-B252-48B3-B6AF-DBBB13E39B13}.Debug|x86.Build.0 = Debug|x86
		{023DF833-B252-48B3-B6AF-DBBB13E39B13}.Release|Any CPU.ActiveCfg = Release|x86
		{023DF833-B252-48B3-B6AF-DBBB13E39B13}.Release|Mixed Platforms.ActiveCfg = Release|x86
		{023DF833-B252-48B3-B6AF-DBBB13E39B13}.Release|Mixed Platforms.Build.0 = Release|x86
		{023DF833-B252-48B3-B6AF-DBBB13E39B13}.Release|x86.ActiveCfg = Release|x86
		{023DF833-B252-48B3-B6AF-DBBB13E39B13}.Release|x86.Build.0 = Release|x86
		{6149F600-7877-46C1-926A-651F67619F14}.Debug|Any CPU.ActiveCfg = Debug|Any CPU
		{6149F600-7877-46C1-926A-651F67619F14}.Debug|Any CPU.Build.0 = Debug|Any CPU
		{6149F600-7877-46C1-926A-651F67619F14}.Debug|Mixed Platforms.ActiveCfg = Debug|Any CPU
		{6149F600-7877-46C1-926A-651F67619F14}.Debug|Mixed Platforms.Build.0 = Debug|Any CPU
		{6149F600-7877-46C1-926A-651F67619F14}.Debug|x86.ActiveCfg = Debug|Any CPU
		{6149F600-7877-46C1-926A-651F67619F14}.Release|Any CPU.ActiveCfg = Release|Any CPU
		{6149F600-7877-46C1-926A-651F67619F14}.Release|Any CPU.Build.0 = Release|Any CPU
		{6149F600-7877-46C1-926A-651F67619F14}.Release|Mixed Platforms.ActiveCfg = Release|Any CPU
		{6149F600-7877-46C1-926A-651F67619F14}.Release|Mixed Platforms.Build.0 = Release|Any CPU
		{6149F600-7877-46C1-926A-651F67619F14}.Release|x86.ActiveCfg = Release|Any CPU
	EndGlobalSection
	GlobalSection(SolutionProperties) = preSolution
		HideSolutionNode = FALSE
	EndGlobalSection
EndGlobal
