
Microsoft Visual Studio Solution File, Format Version 12.00
# Visual Studio 14
VisualStudioVersion = 14.0.25123.0
MinimumVisualStudioVersion = 10.0.40219.1
Project("{2150E333-8FDC-42A3-9474-1A3956D46DE8}") = "Solution Items", "Solution Items", "{326619F6-34A3-48AB-97E6-DE3C2FE1BCCD}"
	ProjectSection(SolutionItems) = preProject
		LocalTestRun.testrunconfig = LocalTestRun.testrunconfig
		ZambaOffice.vsmdi = ZambaOffice.vsmdi
		ZambaOffice2.vsmdi = ZambaOffice2.vsmdi
	EndProjectSection
EndProject
Project("{F184B08F-C81C-45F6-A57F-5ABD9991F28F}") = "Zamba.Office2007", "Zamba.Office2007\Zamba.Office2007.vbproj", "{7268065D-4BB2-47F2-80E5-B72C97D8F6CD}"
EndProject
Project("{FAE04EC0-301F-11D3-BF4B-00C04F79EFBC}") = "Zamba.Outlook2007", "Zamba.Outlook\Zamba.Outlook\Zamba.Outlook2007.csproj", "{ED6B036A-0F85-4400-9530-E26F11BDE573}"
EndProject
Project("{F184B08F-C81C-45F6-A57F-5ABD9991F28F}") = "Zamba.OfficeCommon", "Zamba.OfficeCommon\Zamba.OfficeCommon.vbproj", "{156CD7D3-B738-4221-B33D-6CCEA6B4062D}"
EndProject
Project("{F184B08F-C81C-45F6-A57F-5ABD9991F28F}") = "Zamba.Data", "Zamba.Data\Zamba.Data.vbproj", "{E92F8175-9484-4454-A8F0-9C2AB63714F5}"
EndProject
Project("{F184B08F-C81C-45F6-A57F-5ABD9991F28F}") = "Zamba.ICore", "Zamba.ICore\Zamba.ICore.vbproj", "{E16279A2-165D-4D96-AD32-009874164C05}"
EndProject
Project("{F184B08F-C81C-45F6-A57F-5ABD9991F28F}") = "Zamba.Core", "Zamba.Core\Zamba.Core.vbproj", "{A706E6F9-436F-4761-AB28-30F99F1EF098}"
EndProject
Project("{F184B08F-C81C-45F6-A57F-5ABD9991F28F}") = "Zamba.Tools", "Zamba.Tools\Zamba.Tools.vbproj", "{D349AB2A-B052-4307-B979-D397D10760A1}"
EndProject
Project("{F184B08F-C81C-45F6-A57F-5ABD9991F28F}") = "Zamba.Server", "Zamba.Server\Zamba.Server.vbproj", "{FC85CBEF-6BAF-4796-A6C2-9EAEF956479E}"
EndProject
Project("{F184B08F-C81C-45F6-A57F-5ABD9991F28F}") = "Zamba.Exceptions", "Zamba.Exceptions\Zamba.Exceptions.vbproj", "{C6B645EE-2668-404D-B41E-28D5AC6CAEB6}"
EndProject
Project("{F184B08F-C81C-45F6-A57F-5ABD9991F28F}") = "Zamba.ExcelCatcher2007", "Zamba.ExcelCatcher2007\Zamba.ExcelCatcher2007.vbproj", "{C8EAB0D4-CDD8-41F2-B7DF-BB423AFC7756}"
EndProject
Project("{FAE04EC0-301F-11D3-BF4B-00C04F79EFBC}") = "Zamba.Membership", "Zamba.Membership\Zamba.Membership.csproj", "{3137F21C-2B96-4E94-B436-C8CAC0F60C5D}"
EndProject
Project("{FAE04EC0-301F-11D3-BF4B-00C04F79EFBC}") = "Zamba.ExcelBrowser2007", "Zamba.ExcelBrowser2007\Zamba.ExcelBrowser2007.csproj", "{ABA43706-6FEE-413C-98E1-C4F03DFEA0F7}"
EndProject
Project("{FAE04EC0-301F-11D3-BF4B-00C04F79EFBC}") = "Zamba.ExcelBrowser2010", "Zamba.ExcelBrowser2010\Zamba.ExcelBrowser2010.csproj", "{914513AC-1F69-4149-AAC3-DB4CA510D6D0}"
EndProject
Project("{F184B08F-C81C-45F6-A57F-5ABD9991F28F}") = "Zamba.ExcelCatcher2010", "Zamba.ExcelCatcher2010\Zamba.ExcelCatcher2010.vbproj", "{0DD3C14B-81CD-41F0-B6E3-0DDFC6130B84}"
EndProject
Project("{F184B08F-C81C-45F6-A57F-5ABD9991F28F}") = "Zamba.Office2010", "Zamba.Office2010\Zamba.Office2010.vbproj", "{F84C7B9B-A21B-4989-B79B-A181B200108B}"
EndProject
Project("{FAE04EC0-301F-11D3-BF4B-00C04F79EFBC}") = "Zamba.Outlook2010", "Zamba.Outlook2010\Zamba.Outlook2010.csproj", "{02ABB789-AABB-403C-9F32-5E5508AC19C7}"
EndProject
Project("{F184B08F-C81C-45F6-A57F-5ABD9991F28F}") = "Zamba.WinUI", "Zamba.WinUI\Zamba.WinUI.vbproj", "{BEFABC7F-FC94-41B4-BA0E-412914A549A0}"
EndProject
Project("{FAE04EC0-301F-11D3-BF4B-00C04F79EFBC}") = "Zamba.Services.RemoteEntities", "Zamba.Services.RemoteInterfaces\Zamba.Services.RemoteEntities.csproj", "{9AA4C6A9-700D-4D31-BD77-216DB9B034C5}"
EndProject
Project("{F184B08F-C81C-45F6-A57F-5ABD9991F28F}") = "Zamba.FWIL", "..\..\ZambaFramework\Zamba.FWIL\Zamba.FWIL.vbproj", "{21AC012D-4199-4A5A-92C7-3D3EFC64FA45}"
EndProject
Project("{F184B08F-C81C-45F6-A57F-5ABD9991F28F}") = "Zamba.ZTrace", "Zamba.ZTrace\Zamba.ZTrace.vbproj", "{ED286D37-C5BB-4A5A-B726-54FE8E963B50}"
EndProject
Global
	GlobalSection(SolutionConfigurationPlatforms) = preSolution
		Debug|Any CPU = Debug|Any CPU
		Release Sin Trace|Any CPU = Release Sin Trace|Any CPU
		Release|Any CPU = Release|Any CPU
	EndGlobalSection
	GlobalSection(ProjectConfigurationPlatforms) = postSolution
		{7268065D-4BB2-47F2-80E5-B72C97D8F6CD}.Debug|Any CPU.ActiveCfg = Debug|Any CPU
		{7268065D-4BB2-47F2-80E5-B72C97D8F6CD}.Debug|Any CPU.Build.0 = Debug|Any CPU
		{7268065D-4BB2-47F2-80E5-B72C97D8F6CD}.Release Sin Trace|Any CPU.ActiveCfg = Release|Any CPU
		{7268065D-4BB2-47F2-80E5-B72C97D8F6CD}.Release Sin Trace|Any CPU.Build.0 = Release|Any CPU
		{7268065D-4BB2-47F2-80E5-B72C97D8F6CD}.Release|Any CPU.ActiveCfg = Release|Any CPU
		{7268065D-4BB2-47F2-80E5-B72C97D8F6CD}.Release|Any CPU.Build.0 = Release|Any CPU
		{ED6B036A-0F85-4400-9530-E26F11BDE573}.Debug|Any CPU.ActiveCfg = Debug|Any CPU
		{ED6B036A-0F85-4400-9530-E26F11BDE573}.Debug|Any CPU.Build.0 = Debug|Any CPU
		{ED6B036A-0F85-4400-9530-E26F11BDE573}.Release Sin Trace|Any CPU.ActiveCfg = Release|Any CPU
		{ED6B036A-0F85-4400-9530-E26F11BDE573}.Release Sin Trace|Any CPU.Build.0 = Release|Any CPU
		{ED6B036A-0F85-4400-9530-E26F11BDE573}.Release|Any CPU.ActiveCfg = Release|Any CPU
		{ED6B036A-0F85-4400-9530-E26F11BDE573}.Release|Any CPU.Build.0 = Release|Any CPU
		{156CD7D3-B738-4221-B33D-6CCEA6B4062D}.Debug|Any CPU.ActiveCfg = Debug|Any CPU
		{156CD7D3-B738-4221-B33D-6CCEA6B4062D}.Debug|Any CPU.Build.0 = Debug|Any CPU
		{156CD7D3-B738-4221-B33D-6CCEA6B4062D}.Release Sin Trace|Any CPU.ActiveCfg = Release|Any CPU
		{156CD7D3-B738-4221-B33D-6CCEA6B4062D}.Release Sin Trace|Any CPU.Build.0 = Release|Any CPU
		{156CD7D3-B738-4221-B33D-6CCEA6B4062D}.Release|Any CPU.ActiveCfg = Release|Any CPU
		{156CD7D3-B738-4221-B33D-6CCEA6B4062D}.Release|Any CPU.Build.0 = Release|Any CPU
		{E92F8175-9484-4454-A8F0-9C2AB63714F5}.Debug|Any CPU.ActiveCfg = Debug|Any CPU
		{E92F8175-9484-4454-A8F0-9C2AB63714F5}.Debug|Any CPU.Build.0 = Debug|Any CPU
		{E92F8175-9484-4454-A8F0-9C2AB63714F5}.Release Sin Trace|Any CPU.ActiveCfg = Release|Any CPU
		{E92F8175-9484-4454-A8F0-9C2AB63714F5}.Release Sin Trace|Any CPU.Build.0 = Release|Any CPU
		{E92F8175-9484-4454-A8F0-9C2AB63714F5}.Release|Any CPU.ActiveCfg = Release|Any CPU
		{E92F8175-9484-4454-A8F0-9C2AB63714F5}.Release|Any CPU.Build.0 = Release|Any CPU
		{E16279A2-165D-4D96-AD32-009874164C05}.Debug|Any CPU.ActiveCfg = Debug|Any CPU
		{E16279A2-165D-4D96-AD32-009874164C05}.Debug|Any CPU.Build.0 = Debug|Any CPU
		{E16279A2-165D-4D96-AD32-009874164C05}.Release Sin Trace|Any CPU.ActiveCfg = Release|Any CPU
		{E16279A2-165D-4D96-AD32-009874164C05}.Release Sin Trace|Any CPU.Build.0 = Release|Any CPU
		{E16279A2-165D-4D96-AD32-009874164C05}.Release|Any CPU.ActiveCfg = Release|Any CPU
		{E16279A2-165D-4D96-AD32-009874164C05}.Release|Any CPU.Build.0 = Release|Any CPU
		{A706E6F9-436F-4761-AB28-30F99F1EF098}.Debug|Any CPU.ActiveCfg = Debug|Any CPU
		{A706E6F9-436F-4761-AB28-30F99F1EF098}.Debug|Any CPU.Build.0 = Debug|Any CPU
		{A706E6F9-436F-4761-AB28-30F99F1EF098}.Release Sin Trace|Any CPU.ActiveCfg = Release|Any CPU
		{A706E6F9-436F-4761-AB28-30F99F1EF098}.Release Sin Trace|Any CPU.Build.0 = Release|Any CPU
		{A706E6F9-436F-4761-AB28-30F99F1EF098}.Release|Any CPU.ActiveCfg = Release|Any CPU
		{A706E6F9-436F-4761-AB28-30F99F1EF098}.Release|Any CPU.Build.0 = Release|Any CPU
		{D349AB2A-B052-4307-B979-D397D10760A1}.Debug|Any CPU.ActiveCfg = Debug|Any CPU
		{D349AB2A-B052-4307-B979-D397D10760A1}.Debug|Any CPU.Build.0 = Debug|Any CPU
		{D349AB2A-B052-4307-B979-D397D10760A1}.Release Sin Trace|Any CPU.ActiveCfg = Release|Any CPU
		{D349AB2A-B052-4307-B979-D397D10760A1}.Release Sin Trace|Any CPU.Build.0 = Release|Any CPU
		{D349AB2A-B052-4307-B979-D397D10760A1}.Release|Any CPU.ActiveCfg = Release|Any CPU
		{D349AB2A-B052-4307-B979-D397D10760A1}.Release|Any CPU.Build.0 = Release|Any CPU
		{FC85CBEF-6BAF-4796-A6C2-9EAEF956479E}.Debug|Any CPU.ActiveCfg = Debug|Any CPU
		{FC85CBEF-6BAF-4796-A6C2-9EAEF956479E}.Debug|Any CPU.Build.0 = Debug|Any CPU
		{FC85CBEF-6BAF-4796-A6C2-9EAEF956479E}.Release Sin Trace|Any CPU.ActiveCfg = Release Sin Trace|Any CPU
		{FC85CBEF-6BAF-4796-A6C2-9EAEF956479E}.Release Sin Trace|Any CPU.Build.0 = Release Sin Trace|Any CPU
		{FC85CBEF-6BAF-4796-A6C2-9EAEF956479E}.Release|Any CPU.ActiveCfg = Release|Any CPU
		{FC85CBEF-6BAF-4796-A6C2-9EAEF956479E}.Release|Any CPU.Build.0 = Release|Any CPU
		{C6B645EE-2668-404D-B41E-28D5AC6CAEB6}.Debug|Any CPU.ActiveCfg = Debug|Any CPU
		{C6B645EE-2668-404D-B41E-28D5AC6CAEB6}.Debug|Any CPU.Build.0 = Debug|Any CPU
		{C6B645EE-2668-404D-B41E-28D5AC6CAEB6}.Release Sin Trace|Any CPU.ActiveCfg = Release|Any CPU
		{C6B645EE-2668-404D-B41E-28D5AC6CAEB6}.Release Sin Trace|Any CPU.Build.0 = Release|Any CPU
		{C6B645EE-2668-404D-B41E-28D5AC6CAEB6}.Release|Any CPU.ActiveCfg = Release|Any CPU
		{C6B645EE-2668-404D-B41E-28D5AC6CAEB6}.Release|Any CPU.Build.0 = Release|Any CPU
		{C8EAB0D4-CDD8-41F2-B7DF-BB423AFC7756}.Debug|Any CPU.ActiveCfg = Debug|Any CPU
		{C8EAB0D4-CDD8-41F2-B7DF-BB423AFC7756}.Debug|Any CPU.Build.0 = Debug|Any CPU
		{C8EAB0D4-CDD8-41F2-B7DF-BB423AFC7756}.Release Sin Trace|Any CPU.ActiveCfg = Release|Any CPU
		{C8EAB0D4-CDD8-41F2-B7DF-BB423AFC7756}.Release Sin Trace|Any CPU.Build.0 = Release|Any CPU
		{C8EAB0D4-CDD8-41F2-B7DF-BB423AFC7756}.Release|Any CPU.ActiveCfg = Release|Any CPU
		{C8EAB0D4-CDD8-41F2-B7DF-BB423AFC7756}.Release|Any CPU.Build.0 = Release|Any CPU
		{3137F21C-2B96-4E94-B436-C8CAC0F60C5D}.Debug|Any CPU.ActiveCfg = Debug|Any CPU
		{3137F21C-2B96-4E94-B436-C8CAC0F60C5D}.Debug|Any CPU.Build.0 = Debug|Any CPU
		{3137F21C-2B96-4E94-B436-C8CAC0F60C5D}.Release Sin Trace|Any CPU.ActiveCfg = Release|Any CPU
		{3137F21C-2B96-4E94-B436-C8CAC0F60C5D}.Release Sin Trace|Any CPU.Build.0 = Release|Any CPU
		{3137F21C-2B96-4E94-B436-C8CAC0F60C5D}.Release|Any CPU.ActiveCfg = Release|Any CPU
		{3137F21C-2B96-4E94-B436-C8CAC0F60C5D}.Release|Any CPU.Build.0 = Release|Any CPU
		{ABA43706-6FEE-413C-98E1-C4F03DFEA0F7}.Debug|Any CPU.ActiveCfg = Debug|Any CPU
		{ABA43706-6FEE-413C-98E1-C4F03DFEA0F7}.Debug|Any CPU.Build.0 = Debug|Any CPU
		{ABA43706-6FEE-413C-98E1-C4F03DFEA0F7}.Release Sin Trace|Any CPU.ActiveCfg = Release|Any CPU
		{ABA43706-6FEE-413C-98E1-C4F03DFEA0F7}.Release Sin Trace|Any CPU.Build.0 = Release|Any CPU
		{ABA43706-6FEE-413C-98E1-C4F03DFEA0F7}.Release|Any CPU.ActiveCfg = Release|Any CPU
		{ABA43706-6FEE-413C-98E1-C4F03DFEA0F7}.Release|Any CPU.Build.0 = Release|Any CPU
		{914513AC-1F69-4149-AAC3-DB4CA510D6D0}.Debug|Any CPU.ActiveCfg = Debug|Any CPU
		{914513AC-1F69-4149-AAC3-DB4CA510D6D0}.Debug|Any CPU.Build.0 = Debug|Any CPU
		{914513AC-1F69-4149-AAC3-DB4CA510D6D0}.Release Sin Trace|Any CPU.ActiveCfg = Release|Any CPU
		{914513AC-1F69-4149-AAC3-DB4CA510D6D0}.Release Sin Trace|Any CPU.Build.0 = Release|Any CPU
		{914513AC-1F69-4149-AAC3-DB4CA510D6D0}.Release|Any CPU.ActiveCfg = Release|Any CPU
		{914513AC-1F69-4149-AAC3-DB4CA510D6D0}.Release|Any CPU.Build.0 = Release|Any CPU
		{0DD3C14B-81CD-41F0-B6E3-0DDFC6130B84}.Debug|Any CPU.ActiveCfg = Debug|Any CPU
		{0DD3C14B-81CD-41F0-B6E3-0DDFC6130B84}.Debug|Any CPU.Build.0 = Debug|Any CPU
		{0DD3C14B-81CD-41F0-B6E3-0DDFC6130B84}.Release Sin Trace|Any CPU.ActiveCfg = Release|Any CPU
		{0DD3C14B-81CD-41F0-B6E3-0DDFC6130B84}.Release Sin Trace|Any CPU.Build.0 = Release|Any CPU
		{0DD3C14B-81CD-41F0-B6E3-0DDFC6130B84}.Release|Any CPU.ActiveCfg = Release|Any CPU
		{0DD3C14B-81CD-41F0-B6E3-0DDFC6130B84}.Release|Any CPU.Build.0 = Release|Any CPU
		{F84C7B9B-A21B-4989-B79B-A181B200108B}.Debug|Any CPU.ActiveCfg = Debug|Any CPU
		{F84C7B9B-A21B-4989-B79B-A181B200108B}.Debug|Any CPU.Build.0 = Debug|Any CPU
		{F84C7B9B-A21B-4989-B79B-A181B200108B}.Release Sin Trace|Any CPU.ActiveCfg = Release|Any CPU
		{F84C7B9B-A21B-4989-B79B-A181B200108B}.Release Sin Trace|Any CPU.Build.0 = Release|Any CPU
		{F84C7B9B-A21B-4989-B79B-A181B200108B}.Release|Any CPU.ActiveCfg = Release|Any CPU
		{F84C7B9B-A21B-4989-B79B-A181B200108B}.Release|Any CPU.Build.0 = Release|Any CPU
		{02ABB789-AABB-403C-9F32-5E5508AC19C7}.Debug|Any CPU.ActiveCfg = Debug|Any CPU
		{02ABB789-AABB-403C-9F32-5E5508AC19C7}.Debug|Any CPU.Build.0 = Debug|Any CPU
		{02ABB789-AABB-403C-9F32-5E5508AC19C7}.Release Sin Trace|Any CPU.ActiveCfg = Release|Any CPU
		{02ABB789-AABB-403C-9F32-5E5508AC19C7}.Release Sin Trace|Any CPU.Build.0 = Release|Any CPU
		{02ABB789-AABB-403C-9F32-5E5508AC19C7}.Release|Any CPU.ActiveCfg = Release|Any CPU
		{02ABB789-AABB-403C-9F32-5E5508AC19C7}.Release|Any CPU.Build.0 = Release|Any CPU
		{BEFABC7F-FC94-41B4-BA0E-412914A549A0}.Debug|Any CPU.ActiveCfg = Debug|Any CPU
		{BEFABC7F-FC94-41B4-BA0E-412914A549A0}.Debug|Any CPU.Build.0 = Debug|Any CPU
		{BEFABC7F-FC94-41B4-BA0E-412914A549A0}.Release Sin Trace|Any CPU.ActiveCfg = Release Sin Trace|Any CPU
		{BEFABC7F-FC94-41B4-BA0E-412914A549A0}.Release Sin Trace|Any CPU.Build.0 = Release Sin Trace|Any CPU
		{BEFABC7F-FC94-41B4-BA0E-412914A549A0}.Release|Any CPU.ActiveCfg = Release|Any CPU
		{BEFABC7F-FC94-41B4-BA0E-412914A549A0}.Release|Any CPU.Build.0 = Release|Any CPU
		{9AA4C6A9-700D-4D31-BD77-216DB9B034C5}.Debug|Any CPU.ActiveCfg = Debug|Any CPU
		{9AA4C6A9-700D-4D31-BD77-216DB9B034C5}.Debug|Any CPU.Build.0 = Debug|Any CPU
		{9AA4C6A9-700D-4D31-BD77-216DB9B034C5}.Release Sin Trace|Any CPU.ActiveCfg = Release|Any CPU
		{9AA4C6A9-700D-4D31-BD77-216DB9B034C5}.Release Sin Trace|Any CPU.Build.0 = Release|Any CPU
		{9AA4C6A9-700D-4D31-BD77-216DB9B034C5}.Release|Any CPU.ActiveCfg = Release|Any CPU
		{9AA4C6A9-700D-4D31-BD77-216DB9B034C5}.Release|Any CPU.Build.0 = Release|Any CPU
		{21AC012D-4199-4A5A-92C7-3D3EFC64FA45}.Debug|Any CPU.ActiveCfg = Debug|Any CPU
		{21AC012D-4199-4A5A-92C7-3D3EFC64FA45}.Debug|Any CPU.Build.0 = Debug|Any CPU
		{21AC012D-4199-4A5A-92C7-3D3EFC64FA45}.Release Sin Trace|Any CPU.ActiveCfg = Release|Any CPU
		{21AC012D-4199-4A5A-92C7-3D3EFC64FA45}.Release Sin Trace|Any CPU.Build.0 = Release|Any CPU
		{21AC012D-4199-4A5A-92C7-3D3EFC64FA45}.Release|Any CPU.ActiveCfg = Release|Any CPU
		{21AC012D-4199-4A5A-92C7-3D3EFC64FA45}.Release|Any CPU.Build.0 = Release|Any CPU
		{ED286D37-C5BB-4A5A-B726-54FE8E963B50}.Debug|Any CPU.ActiveCfg = Debug|Any CPU
		{ED286D37-C5BB-4A5A-B726-54FE8E963B50}.Debug|Any CPU.Build.0 = Debug|Any CPU
		{ED286D37-C5BB-4A5A-B726-54FE8E963B50}.Release Sin Trace|Any CPU.ActiveCfg = Release|Any CPU
		{ED286D37-C5BB-4A5A-B726-54FE8E963B50}.Release Sin Trace|Any CPU.Build.0 = Release|Any CPU
		{ED286D37-C5BB-4A5A-B726-54FE8E963B50}.Release|Any CPU.ActiveCfg = Release|Any CPU
		{ED286D37-C5BB-4A5A-B726-54FE8E963B50}.Release|Any CPU.Build.0 = Release|Any CPU
	EndGlobalSection
	GlobalSection(SolutionProperties) = preSolution
		HideSolutionNode = FALSE
	EndGlobalSection
	GlobalSection(TeamFoundationVersionControl) = preSolution
		SccNumberOfProjects = 21
		SccEnterpriseProvider = {4CA58AB2-18FA-4F8D-95D4-32DDF27D184C}
		SccTeamFoundationServer = http://www.stardocteam.com.ar:8080/tfs/defaultcollection
		SccLocalPath0 = .
		SccProjectUniqueName1 = Zamba.Office2007\\Zamba.Office2007.vbproj
		SccProjectName1 = Zamba.Office2007
		SccLocalPath1 = Zamba.Office2007
		SccProjectUniqueName2 = Zamba.OfficeCommon\\Zamba.OfficeCommon.vbproj
		SccProjectName2 = Zamba.OfficeCommon
		SccLocalPath2 = Zamba.OfficeCommon
		SccProjectUniqueName3 = Zamba.Data\\Zamba.Data.vbproj
		SccProjectName3 = Zamba.Data
		SccLocalPath3 = Zamba.Data
		SccProjectUniqueName4 = Zamba.ICore\\Zamba.ICore.vbproj
		SccProjectName4 = Zamba.ICore
		SccLocalPath4 = Zamba.ICore
		SccProjectUniqueName5 = Zamba.Core\\Zamba.Core.vbproj
		SccProjectName5 = Zamba.Core
		SccLocalPath5 = Zamba.Core
		SccProjectUniqueName6 = Zamba.Tools\\Zamba.Tools.vbproj
		SccProjectName6 = Zamba.Tools
		SccLocalPath6 = Zamba.Tools
		SccProjectUniqueName7 = Zamba.Server\\Zamba.Server.vbproj
		SccProjectName7 = Zamba.Server
		SccLocalPath7 = Zamba.Server
		SccProjectUniqueName8 = Zamba.Exceptions\\Zamba.Exceptions.vbproj
		SccProjectName8 = Zamba.Exceptions
		SccLocalPath8 = Zamba.Exceptions
		SccProjectUniqueName9 = Zamba.Outlook\\Zamba.Outlook\\Zamba.Outlook2007.csproj
		SccProjectName9 = Zamba.Outlook/Zamba.Outlook
		SccLocalPath9 = Zamba.Outlook\\Zamba.Outlook
		SccProjectUniqueName10 = Zamba.ExcelCatcher2007\\Zamba.ExcelCatcher2007.vbproj
		SccProjectName10 = Zamba.ExcelCatcher2007
		SccLocalPath10 = Zamba.ExcelCatcher2007
		SccProjectUniqueName11 = Zamba.Membership\\Zamba.Membership.csproj
		SccProjectName11 = Zamba.Membership
		SccLocalPath11 = Zamba.Membership
		SccProjectUniqueName12 = Zamba.ExcelBrowser2007\\Zamba.ExcelBrowser2007.csproj
		SccProjectName12 = Zamba.ExcelBrowser2007
		SccLocalPath12 = Zamba.ExcelBrowser2007
		SccProjectUniqueName13 = Zamba.ExcelBrowser2010\\Zamba.ExcelBrowser2010.csproj
		SccProjectName13 = Zamba.ExcelBrowser2010
		SccLocalPath13 = Zamba.ExcelBrowser2010
		SccProjectUniqueName14 = Zamba.ExcelCatcher2010\\Zamba.ExcelCatcher2010.vbproj
		SccProjectName14 = Zamba.ExcelCatcher2010
		SccLocalPath14 = Zamba.ExcelCatcher2010
		SccProjectUniqueName15 = Zamba.Office2010\\Zamba.Office2010.vbproj
		SccProjectName15 = Zamba.Office2010
		SccLocalPath15 = Zamba.Office2010
		SccProjectUniqueName16 = Zamba.Outlook2010\\Zamba.Outlook2010.csproj
		SccProjectName16 = Zamba.Outlook2010
		SccLocalPath16 = Zamba.Outlook2010
		SccProjectUniqueName17 = Zamba.WinUI\\Zamba.WinUI.vbproj
		SccProjectName17 = Zamba.WinUI
		SccLocalPath17 = Zamba.WinUI
		SccProjectUniqueName18 = Zamba.Services.RemoteInterfaces\\Zamba.Services.RemoteEntities.csproj
		SccProjectName18 = Zamba.Services.RemoteInterfaces
		SccLocalPath18 = Zamba.Services.RemoteInterfaces
		SccProjectUniqueName19 = ..\\..\\ZambaFramework\\Zamba.FWIL\\Zamba.FWIL.vbproj
		SccProjectName19 = ../../ZambaFramework/Zamba.FWIL
		SccLocalPath19 = ..\\..\\ZambaFramework\\Zamba.FWIL
		SccProjectUniqueName20 = Zamba.ZTrace\\Zamba.ZTrace.vbproj
		SccProjectName20 = Zamba.ZTrace
		SccLocalPath20 = Zamba.ZTrace
	EndGlobalSection
	GlobalSection(CodealikeProperties) = postSolution
		SolutionGuid = e13031ab-bdeb-475f-a431-58f23cd8512f
	EndGlobalSection
	GlobalSection(TextTemplating) = postSolution
		TextTemplating = 1
	EndGlobalSection
EndGlobal
