
Microsoft Visual Studio Solution File, Format Version 10.00
# Visual Studio 2008
Project("{F184B08F-C81C-45F6-A57F-5ABD9991F28F}") = "Zamba.ImportacionInicio", "Zamba.ImportacionInicio\Zamba.ImportacionInicio.vbproj", "{F1C3E291-4FA3-4287-8795-3AA143762C05}"
EndProject
Project("{F184B08F-C81C-45F6-A57F-5ABD9991F28F}") = "Zamba.ImportacionServicio", "Zamba.ImportacionServicio\Zamba.ImportacionServicio.vbproj", "{DCA7246E-E77C-462A-9AA2-3B30E8BF1150}"
EndProject
Global
	GlobalSection(TeamFoundationVersionControl) = preSolution
		SccNumberOfProjects = 3
		SccEnterpriseProvider = {4CA58AB2-18FA-4F8D-95D4-32DDF27D184C}
		SccTeamFoundationServer = http://hobbit:8080/
		SccLocalPath0 = .
		SccProjectUniqueName1 = Zamba.ImportacionInicio\\Zamba.ImportacionInicio.vbproj
		SccProjectName1 = Zamba.ImportacionInicio
		SccLocalPath1 = Zamba.ImportacionInicio
		SccProjectUniqueName2 = Zamba.ImportacionServicio\\Zamba.ImportacionServicio.vbproj
		SccProjectName2 = Zamba.ImportacionServicio
		SccLocalPath2 = Zamba.ImportacionServicio
	EndGlobalSection
	GlobalSection(SolutionConfigurationPlatforms) = preSolution
		Debug|Any CPU = Debug|Any CPU
		Prueba|Any CPU = Prueba|Any CPU
		Release Sin Trace|Any CPU = Release Sin Trace|Any CPU
		Release|Any CPU = Release|Any CPU
	EndGlobalSection
	GlobalSection(ProjectConfigurationPlatforms) = postSolution
		{F1C3E291-4FA3-4287-8795-3AA143762C05}.Debug|Any CPU.ActiveCfg = Debug|Any CPU
		{F1C3E291-4FA3-4287-8795-3AA143762C05}.Debug|Any CPU.Build.0 = Debug|Any CPU
		{F1C3E291-4FA3-4287-8795-3AA143762C05}.Prueba|Any CPU.ActiveCfg = Prueba|Any CPU
		{F1C3E291-4FA3-4287-8795-3AA143762C05}.Prueba|Any CPU.Build.0 = Prueba|Any CPU
		{F1C3E291-4FA3-4287-8795-3AA143762C05}.Release Sin Trace|Any CPU.ActiveCfg = Release Sin Trace|Any CPU
		{F1C3E291-4FA3-4287-8795-3AA143762C05}.Release Sin Trace|Any CPU.Build.0 = Release Sin Trace|Any CPU
		{F1C3E291-4FA3-4287-8795-3AA143762C05}.Release|Any CPU.ActiveCfg = Release|Any CPU
		{F1C3E291-4FA3-4287-8795-3AA143762C05}.Release|Any CPU.Build.0 = Release|Any CPU
		{DCA7246E-E77C-462A-9AA2-3B30E8BF1150}.Debug|Any CPU.ActiveCfg = Debug|Any CPU
		{DCA7246E-E77C-462A-9AA2-3B30E8BF1150}.Debug|Any CPU.Build.0 = Debug|Any CPU
		{DCA7246E-E77C-462A-9AA2-3B30E8BF1150}.Prueba|Any CPU.ActiveCfg = Prueba|Any CPU
		{DCA7246E-E77C-462A-9AA2-3B30E8BF1150}.Prueba|Any CPU.Build.0 = Prueba|Any CPU
		{DCA7246E-E77C-462A-9AA2-3B30E8BF1150}.Release Sin Trace|Any CPU.ActiveCfg = Release Sin Trace|Any CPU
		{DCA7246E-E77C-462A-9AA2-3B30E8BF1150}.Release Sin Trace|Any CPU.Build.0 = Release Sin Trace|Any CPU
		{DCA7246E-E77C-462A-9AA2-3B30E8BF1150}.Release|Any CPU.ActiveCfg = Release|Any CPU
		{DCA7246E-E77C-462A-9AA2-3B30E8BF1150}.Release|Any CPU.Build.0 = Release|Any CPU
	EndGlobalSection
	GlobalSection(SolutionProperties) = preSolution
		HideSolutionNode = FALSE
	EndGlobalSection
EndGlobal
