
Microsoft Visual Studio Solution File, Format Version 10.00
# Visual Studio 2008
Project("{E24C65DC-7377-472B-9ABA-BC803B73C61A}") = "Upload Photos 0.5", "..\..\..\..\Escritorio\Upload Photos 0.5", "{4487328E-2682-44DB-B64F-A48B5A4B7156}"
	ProjectSection(WebsiteProperties) = preProject
		SccProjectName = "SAK"
		SccAuxPath = "SAK"
		SccLocalPath = "SAK"
		SccProvider = "SAK"
		TargetFramework = "3.5"
		Debug.AspNetCompiler.VirtualPath = "/Upload Photos 0.5"
		Debug.AspNetCompiler.PhysicalPath = "..\..\..\..\Escritorio\Upload Photos 0.5\"
		Debug.AspNetCompiler.TargetPath = "PrecompiledWeb\Upload Photos 0.5\"
		Debug.AspNetCompiler.Updateable = "true"
		Debug.AspNetCompiler.ForceOverwrite = "true"
		Debug.AspNetCompiler.FixedNames = "false"
		Debug.AspNetCompiler.Debug = "True"
		Release.AspNetCompiler.VirtualPath = "/Upload Photos 0.5"
		Release.AspNetCompiler.PhysicalPath = "..\..\..\..\Escritorio\Upload Photos 0.5\"
		Release.AspNetCompiler.TargetPath = "PrecompiledWeb\Upload Photos 0.5\"
		Release.AspNetCompiler.Updateable = "true"
		Release.AspNetCompiler.ForceOverwrite = "true"
		Release.AspNetCompiler.FixedNames = "false"
		Release.AspNetCompiler.Debug = "False"
		VWDPort = "3180"
	EndProjectSection
EndProject
Global
	GlobalSection(TeamFoundationVersionControl) = preSolution
		SccNumberOfProjects = 2
		SccEnterpriseProvider = {4CA58AB2-18FA-4F8D-95D4-32DDF27D184C}
		SccTeamFoundationServer = http://www.stardoc.com.ar:8080/
		SccLocalPath0 = .
		SccWebProject1 = true
		SccProjectUniqueName1 = ..\\..\\..\\..\\Escritorio\\Upload\u0020Photos\u00200.5
		SccProjectName1 = Upload\u0020Photos\u00200.5
		SccLocalPath1 = ..\\..\\..\\..\\Escritorio\\Upload\u0020Photos\u00200.5
		SccProjectEnlistmentChoice1 = 2
	EndGlobalSection
	GlobalSection(SolutionConfigurationPlatforms) = preSolution
		Debug|.NET = Debug|.NET
	EndGlobalSection
	GlobalSection(ProjectConfigurationPlatforms) = postSolution
		{4487328E-2682-44DB-B64F-A48B5A4B7156}.Debug|.NET.ActiveCfg = Debug|.NET
		{4487328E-2682-44DB-B64F-A48B5A4B7156}.Debug|.NET.Build.0 = Debug|.NET
	EndGlobalSection
	GlobalSection(SolutionProperties) = preSolution
		HideSolutionNode = FALSE
	EndGlobalSection
EndGlobal
