
Microsoft Visual Studio Solution File, Format Version 9.00
# Visual Studio 2005
Project("{E24C65DC-7377-472B-9ABA-BC803B73C61A}") = "D:\Zamba2007\Zamba.WebParts\", "D:\Zamba2007\Zamba.WebParts", "{B44C2FB1-E94D-4B97-BDF0-34743B0E72AD}"
	ProjectSection(WebsiteProperties) = preProject
		SccProjectName = ""$/Zamba.root/Zamba", EAAAAAAA"
		SccAuxPath = ""
		SccLocalPath = ".."
		SccProvider = "MSSCCI:Microsoft Visual SourceSafe"
		ProjectReferences = "{E16279A2-165D-4D96-AD32-009874164C05}|Zamba.ICore.dll;{51A14031-0D76-429E-A3DC-911F68F22A0C}|Zamba.Services.dll;"
		Debug.AspNetCompiler.VirtualPath = "/Zamba.WebParts"
		Debug.AspNetCompiler.PhysicalPath = "D:\Zamba2007\Zamba.WebParts\"
		Debug.AspNetCompiler.TargetPath = "PrecompiledWeb\Zamba.WebParts\"
		Debug.AspNetCompiler.Updateable = "true"
		Debug.AspNetCompiler.ForceOverwrite = "true"
		Debug.AspNetCompiler.FixedNames = "false"
		Debug.AspNetCompiler.Debug = "True"
		Release.AspNetCompiler.VirtualPath = "/Zamba.WebParts"
		Release.AspNetCompiler.PhysicalPath = "D:\Zamba2007\Zamba.WebParts\"
		Release.AspNetCompiler.TargetPath = "PrecompiledWeb\Zamba.WebParts\"
		Release.AspNetCompiler.Updateable = "true"
		Release.AspNetCompiler.ForceOverwrite = "true"
		Release.AspNetCompiler.FixedNames = "false"
		Release.AspNetCompiler.Debug = "False"
		VWDPort = "1666"
	EndProjectSection
EndProject
Project("{F184B08F-C81C-45F6-A57F-5ABD9991F28F}") = "Zamba.WFBusiness", "D:\Zamba2007\Zamba.WFBussines\Zamba.WFBusiness.vbproj", "{0EF4992A-C2A4-4EE9-822A-1B93B672113E}"
	ProjectSection(WebsiteProperties) = preProject
		Debug.AspNetCompiler.Debug = "True"
		Release.AspNetCompiler.Debug = "False"
	EndProjectSection
EndProject
Project("{F184B08F-C81C-45F6-A57F-5ABD9991F28F}") = "Zamba.ICore", "D:\Zamba2007\Zamba.ICore\Zamba.ICore.vbproj", "{E16279A2-165D-4D96-AD32-009874164C05}"
	ProjectSection(WebsiteProperties) = preProject
		Debug.AspNetCompiler.Debug = "True"
		Release.AspNetCompiler.Debug = "False"
	EndProjectSection
EndProject
Project("{F184B08F-C81C-45F6-A57F-5ABD9991F28F}") = "Zamba.Data", "D:\Zamba2007\Zamba.Data\Zamba.Data.vbproj", "{E92F8175-9484-4454-A8F0-9C2AB63714F5}"
	ProjectSection(WebsiteProperties) = preProject
		Debug.AspNetCompiler.Debug = "True"
		Release.AspNetCompiler.Debug = "False"
	EndProjectSection
EndProject
Project("{F184B08F-C81C-45F6-A57F-5ABD9991F28F}") = "Zamba.CoreDs", "D:\Zamba2007\Zamba.CoreDs\Zamba.CoreDs.vbproj", "{2AB0EA3E-507B-47E6-BC37-0D203270AEDD}"
	ProjectSection(WebsiteProperties) = preProject
		Debug.AspNetCompiler.Debug = "True"
		Release.AspNetCompiler.Debug = "False"
	EndProjectSection
EndProject
Project("{FAE04EC0-301F-11D3-BF4B-00C04F79EFBC}") = "Zamba.Services", "D:\Zamba2007\Zamba.Services\Zamba.Services.csproj", "{51A14031-0D76-429E-A3DC-911F68F22A0C}"
	ProjectSection(WebsiteProperties) = preProject
		Debug.AspNetCompiler.Debug = "True"
		Release.AspNetCompiler.Debug = "False"
	EndProjectSection
EndProject
Project("{F184B08F-C81C-45F6-A57F-5ABD9991F28F}") = "Zamba.Exceptions", "D:\Zamba2007\Zamba.Exceptions\Zamba.Exceptions.vbproj", "{C6B645EE-2668-404D-B41E-28D5AC6CAEB6}"
	ProjectSection(WebsiteProperties) = preProject
		Debug.AspNetCompiler.Debug = "True"
		Release.AspNetCompiler.Debug = "False"
	EndProjectSection
EndProject
Project("{F184B08F-C81C-45F6-A57F-5ABD9991F28F}") = "Zamba.Bussines", "D:\Zamba2007\Zamba.Bussines\Zamba.Bussines.vbproj", "{952C9B3B-3D9E-4AE2-A823-6B8E1F4F4756}"
	ProjectSection(WebsiteProperties) = preProject
		Debug.AspNetCompiler.Debug = "True"
		Release.AspNetCompiler.Debug = "False"
	EndProjectSection
EndProject
Project("{FAE04EC0-301F-11D3-BF4B-00C04F79EFBC}") = "Zamba.SearchDocuments", "..\TextSearch\SearchDocuments\Zamba.SearchDocuments.csproj", "{A0494330-D551-42BC-B0BF-ECE0C0C64B57}"
	ProjectSection(WebsiteProperties) = preProject
		Debug.AspNetCompiler.Debug = "True"
		Release.AspNetCompiler.Debug = "False"
	EndProjectSection
EndProject
Project("{F184B08F-C81C-45F6-A57F-5ABD9991F28F}") = "Zamba.Core", "..\Zamba.Core\Zamba.Core.vbproj", "{A706E6F9-436F-4761-AB28-30F99F1EF098}"
	ProjectSection(WebsiteProperties) = preProject
		Debug.AspNetCompiler.Debug = "True"
		Release.AspNetCompiler.Debug = "False"
	EndProjectSection
EndProject
Project("{FAE04EC0-301F-11D3-BF4B-00C04F79EFBC}") = "Zamba.CommonLibrary", "..\Zamba.CommonLibrary\Zamba.CommonLibrary.csproj", "{E7DC67CB-A1BC-4E39-8F37-38A53AD36439}"
	ProjectSection(WebsiteProperties) = preProject
		Debug.AspNetCompiler.Debug = "True"
		Release.AspNetCompiler.Debug = "False"
	EndProjectSection
EndProject
Project("{F184B08F-C81C-45F6-A57F-5ABD9991F28F}") = "Zamba.Server", "..\Zamba.Server\Zamba.Server.vbproj", "{FC85CBEF-6BAF-4796-A6C2-9EAEF956479E}"
	ProjectSection(WebsiteProperties) = preProject
		Debug.AspNetCompiler.Debug = "True"
		Release.AspNetCompiler.Debug = "False"
	EndProjectSection
EndProject
Project("{F184B08F-C81C-45F6-A57F-5ABD9991F28F}") = "Zamba.Tools", "..\Zamba.Tools\Zamba.Tools.vbproj", "{D349AB2A-B052-4307-B979-D397D10760A1}"
	ProjectSection(WebsiteProperties) = preProject
		Debug.AspNetCompiler.Debug = "True"
		Release.AspNetCompiler.Debug = "False"
	EndProjectSection
EndProject
Global
	GlobalSection(SourceCodeControl) = preSolution
		SccNumberOfProjects = 14
		SccWebProject0 = true
		SccProjectUniqueName0 = .
		SccLocalPath0 = ..
		SccProvider0 = MSSCCI:Microsoft\u0020Visual\u0020SourceSafe
		CanCheckoutShared = false
		SccProjectFilePathRelativizedFromConnection0 = Zamba.WebParts\\
		SccProjectEnlistmentChoice0 = 2
		SccProjectUniqueName1 = ..\\Zamba.WFBussines\\Zamba.WFBusiness.vbproj
		SccProjectName1 = \u0022$/Zamba.root/Zamba/Zamba.WFBussines\u0022,\u0020NNEAAAAA
		SccLocalPath1 = ..\\Zamba.WFBussines
		SccProvider1 = MSSCCI:Microsoft\u0020Visual\u0020SourceSafe
		CanCheckoutShared = false
		SccProjectUniqueName2 = ..\\Zamba.ICore\\Zamba.ICore.vbproj
		SccProjectName2 = \u0022$/Zamba.root/Zamba/Zamba.ICore\u0022,\u0020RCCAAAAA
		SccLocalPath2 = ..\\Zamba.ICore
		SccProvider2 = MSSCCI:Microsoft\u0020Visual\u0020SourceSafe
		CanCheckoutShared = false
		SccProjectUniqueName3 = ..\\Zamba.Data\\Zamba.Data.vbproj
		SccProjectName3 = \u0022$/Zamba.root/Zamba/Zamba.Data\u0022,\u0020PLBAAAAA
		SccLocalPath3 = ..\\Zamba.Data
		SccProvider3 = MSSCCI:Microsoft\u0020Visual\u0020SourceSafe
		CanCheckoutShared = false
		SccProjectUniqueName4 = ..\\Zamba.CoreDs\\Zamba.CoreDs.vbproj
		SccProjectName4 = \u0022$/Zamba.root/Zamba/Zamba.CoreDs\u0022,\u0020SCBAAAAA
		SccLocalPath4 = ..\\Zamba.CoreDs
		SccProvider4 = MSSCCI:Microsoft\u0020Visual\u0020SourceSafe
		CanCheckoutShared = false
		SccProjectUniqueName5 = ..\\Zamba.Services\\Zamba.Services.csproj
		SccProjectName5 = \u0022$/Zamba.root/Zamba/Zamba.Services\u0022,\u0020EXHAAAAA
		SccLocalPath5 = ..\\Zamba.Services
		SccProvider5 = MSSCCI:Microsoft\u0020Visual\u0020SourceSafe
		CanCheckoutShared = false
		SccProjectUniqueName6 = ..\\Zamba.Exceptions\\Zamba.Exceptions.vbproj
		SccProjectName6 = \u0022$/Zamba.root/Zamba/Zamba.Exceptions\u0022,\u0020IVBAAAAA
		SccLocalPath6 = ..\\Zamba.Exceptions
		SccProvider6 = MSSCCI:Microsoft\u0020Visual\u0020SourceSafe
		CanCheckoutShared = false
		SccProjectUniqueName7 = ..\\Zamba.Bussines\\Zamba.Bussines.vbproj
		SccProjectName7 = \u0022$/Zamba.root/Zamba/Zamba.Bussines\u0022,\u0020SLAAAAAA
		SccLocalPath7 = ..\\Zamba.Bussines
		SccProvider7 = MSSCCI:Microsoft\u0020Visual\u0020SourceSafe
		CanCheckoutShared = false
		SccProjectUniqueName8 = ..\\TextSearch\\SearchDocuments\\Zamba.SearchDocuments.csproj
		SccProjectName8 = \u0022$/Zamba.root/Zamba/TextSearch/SearchDocuments\u0022,\u0020HFPAAAAA
		SccLocalPath8 = ..\\TextSearch\\SearchDocuments
		SccProvider8 = MSSCCI:Microsoft\u0020Visual\u0020SourceSafe
		CanCheckoutShared = false
		SccProjectUniqueName9 = ..\\Zamba.Core\\Zamba.Core.vbproj
		SccProjectName9 = \u0022$/Zamba.root/Zamba/Zamba.Core\u0022,\u0020TVAAAAAA
		SccLocalPath9 = ..\\Zamba.Core
		SccProvider9 = MSSCCI:Microsoft\u0020Visual\u0020SourceSafe
		CanCheckoutShared = false
		SccProjectUniqueName10 = ..\\Zamba.CommonLibrary\\Zamba.CommonLibrary.csproj
		SccProjectName10 = \u0022$/Zamba.root/Zamba/Zamba.CommonLibrary\u0022,\u0020TUAAAAAA
		SccLocalPath10 = ..\\Zamba.CommonLibrary
		SccProvider10 = MSSCCI:Microsoft\u0020Visual\u0020SourceSafe
		CanCheckoutShared = false
	EndGlobalSection
	GlobalSection(SolutionConfigurationPlatforms) = preSolution
		Debug|.NET = Debug|.NET
		Debug|Any CPU = Debug|Any CPU
		Debug|Mixed Platforms = Debug|Mixed Platforms
		Release Sin Trace|.NET = Release Sin Trace|.NET
		Release Sin Trace|Any CPU = Release Sin Trace|Any CPU
		Release Sin Trace|Mixed Platforms = Release Sin Trace|Mixed Platforms
		Release|.NET = Release|.NET
		Release|Any CPU = Release|Any CPU
		Release|Mixed Platforms = Release|Mixed Platforms
	EndGlobalSection
	GlobalSection(ProjectConfigurationPlatforms) = postSolution
		{B44C2FB1-E94D-4B97-BDF0-34743B0E72AD}.Debug|.NET.ActiveCfg = Debug|.NET
		{B44C2FB1-E94D-4B97-BDF0-34743B0E72AD}.Debug|.NET.Build.0 = Debug|.NET
		{B44C2FB1-E94D-4B97-BDF0-34743B0E72AD}.Debug|Any CPU.ActiveCfg = Debug|.NET
		{B44C2FB1-E94D-4B97-BDF0-34743B0E72AD}.Debug|Mixed Platforms.ActiveCfg = Debug|.NET
		{B44C2FB1-E94D-4B97-BDF0-34743B0E72AD}.Debug|Mixed Platforms.Build.0 = Debug|.NET
		{B44C2FB1-E94D-4B97-BDF0-34743B0E72AD}.Release Sin Trace|.NET.ActiveCfg = Debug|.NET
		{B44C2FB1-E94D-4B97-BDF0-34743B0E72AD}.Release Sin Trace|.NET.Build.0 = Debug|.NET
		{B44C2FB1-E94D-4B97-BDF0-34743B0E72AD}.Release Sin Trace|Any CPU.ActiveCfg = Debug|.NET
		{B44C2FB1-E94D-4B97-BDF0-34743B0E72AD}.Release Sin Trace|Mixed Platforms.ActiveCfg = Debug|.NET
		{B44C2FB1-E94D-4B97-BDF0-34743B0E72AD}.Release Sin Trace|Mixed Platforms.Build.0 = Debug|.NET
		{B44C2FB1-E94D-4B97-BDF0-34743B0E72AD}.Release|.NET.ActiveCfg = Debug|.NET
		{B44C2FB1-E94D-4B97-BDF0-34743B0E72AD}.Release|.NET.Build.0 = Debug|.NET
		{B44C2FB1-E94D-4B97-BDF0-34743B0E72AD}.Release|Any CPU.ActiveCfg = Debug|.NET
		{B44C2FB1-E94D-4B97-BDF0-34743B0E72AD}.Release|Mixed Platforms.ActiveCfg = Debug|.NET
		{B44C2FB1-E94D-4B97-BDF0-34743B0E72AD}.Release|Mixed Platforms.Build.0 = Debug|.NET
		{0EF4992A-C2A4-4EE9-822A-1B93B672113E}.Debug|.NET.ActiveCfg = Debug|Any CPU
		{0EF4992A-C2A4-4EE9-822A-1B93B672113E}.Debug|Any CPU.ActiveCfg = Debug|Any CPU
		{0EF4992A-C2A4-4EE9-822A-1B93B672113E}.Debug|Any CPU.Build.0 = Debug|Any CPU
		{0EF4992A-C2A4-4EE9-822A-1B93B672113E}.Debug|Mixed Platforms.ActiveCfg = Debug|Any CPU
		{0EF4992A-C2A4-4EE9-822A-1B93B672113E}.Debug|Mixed Platforms.Build.0 = Debug|Any CPU
		{0EF4992A-C2A4-4EE9-822A-1B93B672113E}.Release Sin Trace|.NET.ActiveCfg = Release|Any CPU
		{0EF4992A-C2A4-4EE9-822A-1B93B672113E}.Release Sin Trace|Any CPU.ActiveCfg = Release|Any CPU
		{0EF4992A-C2A4-4EE9-822A-1B93B672113E}.Release Sin Trace|Any CPU.Build.0 = Release|Any CPU
		{0EF4992A-C2A4-4EE9-822A-1B93B672113E}.Release Sin Trace|Mixed Platforms.ActiveCfg = Release|Any CPU
		{0EF4992A-C2A4-4EE9-822A-1B93B672113E}.Release Sin Trace|Mixed Platforms.Build.0 = Release|Any CPU
		{0EF4992A-C2A4-4EE9-822A-1B93B672113E}.Release|.NET.ActiveCfg = Release|Any CPU
		{0EF4992A-C2A4-4EE9-822A-1B93B672113E}.Release|Any CPU.ActiveCfg = Release|Any CPU
		{0EF4992A-C2A4-4EE9-822A-1B93B672113E}.Release|Any CPU.Build.0 = Release|Any CPU
		{0EF4992A-C2A4-4EE9-822A-1B93B672113E}.Release|Mixed Platforms.ActiveCfg = Release|Any CPU
		{0EF4992A-C2A4-4EE9-822A-1B93B672113E}.Release|Mixed Platforms.Build.0 = Release|Any CPU
		{E16279A2-165D-4D96-AD32-009874164C05}.Debug|.NET.ActiveCfg = Debug|Any CPU
		{E16279A2-165D-4D96-AD32-009874164C05}.Debug|Any CPU.ActiveCfg = Debug|Any CPU
		{E16279A2-165D-4D96-AD32-009874164C05}.Debug|Any CPU.Build.0 = Debug|Any CPU
		{E16279A2-165D-4D96-AD32-009874164C05}.Debug|Mixed Platforms.ActiveCfg = Debug|Any CPU
		{E16279A2-165D-4D96-AD32-009874164C05}.Debug|Mixed Platforms.Build.0 = Debug|Any CPU
		{E16279A2-165D-4D96-AD32-009874164C05}.Release Sin Trace|.NET.ActiveCfg = Release|Any CPU
		{E16279A2-165D-4D96-AD32-009874164C05}.Release Sin Trace|Any CPU.ActiveCfg = Release|Any CPU
		{E16279A2-165D-4D96-AD32-009874164C05}.Release Sin Trace|Any CPU.Build.0 = Release|Any CPU
		{E16279A2-165D-4D96-AD32-009874164C05}.Release Sin Trace|Mixed Platforms.ActiveCfg = Release|Any CPU
		{E16279A2-165D-4D96-AD32-009874164C05}.Release Sin Trace|Mixed Platforms.Build.0 = Release|Any CPU
		{E16279A2-165D-4D96-AD32-009874164C05}.Release|.NET.ActiveCfg = Release|Any CPU
		{E16279A2-165D-4D96-AD32-009874164C05}.Release|Any CPU.ActiveCfg = Release|Any CPU
		{E16279A2-165D-4D96-AD32-009874164C05}.Release|Any CPU.Build.0 = Release|Any CPU
		{E16279A2-165D-4D96-AD32-009874164C05}.Release|Mixed Platforms.ActiveCfg = Release|Any CPU
		{E16279A2-165D-4D96-AD32-009874164C05}.Release|Mixed Platforms.Build.0 = Release|Any CPU
		{E92F8175-9484-4454-A8F0-9C2AB63714F5}.Debug|.NET.ActiveCfg = Debug|Any CPU
		{E92F8175-9484-4454-A8F0-9C2AB63714F5}.Debug|Any CPU.ActiveCfg = Debug|Any CPU
		{E92F8175-9484-4454-A8F0-9C2AB63714F5}.Debug|Any CPU.Build.0 = Debug|Any CPU
		{E92F8175-9484-4454-A8F0-9C2AB63714F5}.Debug|Mixed Platforms.ActiveCfg = Debug|Any CPU
		{E92F8175-9484-4454-A8F0-9C2AB63714F5}.Debug|Mixed Platforms.Build.0 = Debug|Any CPU
		{E92F8175-9484-4454-A8F0-9C2AB63714F5}.Release Sin Trace|.NET.ActiveCfg = Release|Any CPU
		{E92F8175-9484-4454-A8F0-9C2AB63714F5}.Release Sin Trace|Any CPU.ActiveCfg = Release|Any CPU
		{E92F8175-9484-4454-A8F0-9C2AB63714F5}.Release Sin Trace|Any CPU.Build.0 = Release|Any CPU
		{E92F8175-9484-4454-A8F0-9C2AB63714F5}.Release Sin Trace|Mixed Platforms.ActiveCfg = Release|Any CPU
		{E92F8175-9484-4454-A8F0-9C2AB63714F5}.Release Sin Trace|Mixed Platforms.Build.0 = Release|Any CPU
		{E92F8175-9484-4454-A8F0-9C2AB63714F5}.Release|.NET.ActiveCfg = Release|Any CPU
		{E92F8175-9484-4454-A8F0-9C2AB63714F5}.Release|Any CPU.ActiveCfg = Release|Any CPU
		{E92F8175-9484-4454-A8F0-9C2AB63714F5}.Release|Any CPU.Build.0 = Release|Any CPU
		{E92F8175-9484-4454-A8F0-9C2AB63714F5}.Release|Mixed Platforms.ActiveCfg = Release|Any CPU
		{E92F8175-9484-4454-A8F0-9C2AB63714F5}.Release|Mixed Platforms.Build.0 = Release|Any CPU
		{2AB0EA3E-507B-47E6-BC37-0D203270AEDD}.Debug|.NET.ActiveCfg = Debug|Any CPU
		{2AB0EA3E-507B-47E6-BC37-0D203270AEDD}.Debug|Any CPU.ActiveCfg = Debug|Any CPU
		{2AB0EA3E-507B-47E6-BC37-0D203270AEDD}.Debug|Any CPU.Build.0 = Debug|Any CPU
		{2AB0EA3E-507B-47E6-BC37-0D203270AEDD}.Debug|Mixed Platforms.ActiveCfg = Debug|Any CPU
		{2AB0EA3E-507B-47E6-BC37-0D203270AEDD}.Debug|Mixed Platforms.Build.0 = Debug|Any CPU
		{2AB0EA3E-507B-47E6-BC37-0D203270AEDD}.Release Sin Trace|.NET.ActiveCfg = Release|Any CPU
		{2AB0EA3E-507B-47E6-BC37-0D203270AEDD}.Release Sin Trace|Any CPU.ActiveCfg = Release|Any CPU
		{2AB0EA3E-507B-47E6-BC37-0D203270AEDD}.Release Sin Trace|Any CPU.Build.0 = Release|Any CPU
		{2AB0EA3E-507B-47E6-BC37-0D203270AEDD}.Release Sin Trace|Mixed Platforms.ActiveCfg = Release|Any CPU
		{2AB0EA3E-507B-47E6-BC37-0D203270AEDD}.Release Sin Trace|Mixed Platforms.Build.0 = Release|Any CPU
		{2AB0EA3E-507B-47E6-BC37-0D203270AEDD}.Release|.NET.ActiveCfg = Release|Any CPU
		{2AB0EA3E-507B-47E6-BC37-0D203270AEDD}.Release|Any CPU.ActiveCfg = Release|Any CPU
		{2AB0EA3E-507B-47E6-BC37-0D203270AEDD}.Release|Any CPU.Build.0 = Release|Any CPU
		{2AB0EA3E-507B-47E6-BC37-0D203270AEDD}.Release|Mixed Platforms.ActiveCfg = Release|Any CPU
		{2AB0EA3E-507B-47E6-BC37-0D203270AEDD}.Release|Mixed Platforms.Build.0 = Release|Any CPU
		{51A14031-0D76-429E-A3DC-911F68F22A0C}.Debug|.NET.ActiveCfg = Debug|Any CPU
		{51A14031-0D76-429E-A3DC-911F68F22A0C}.Debug|Any CPU.ActiveCfg = Debug|Any CPU
		{51A14031-0D76-429E-A3DC-911F68F22A0C}.Debug|Any CPU.Build.0 = Debug|Any CPU
		{51A14031-0D76-429E-A3DC-911F68F22A0C}.Debug|Mixed Platforms.ActiveCfg = Debug|Any CPU
		{51A14031-0D76-429E-A3DC-911F68F22A0C}.Debug|Mixed Platforms.Build.0 = Debug|Any CPU
		{51A14031-0D76-429E-A3DC-911F68F22A0C}.Release Sin Trace|.NET.ActiveCfg = Release|Any CPU
		{51A14031-0D76-429E-A3DC-911F68F22A0C}.Release Sin Trace|Any CPU.ActiveCfg = Release|Any CPU
		{51A14031-0D76-429E-A3DC-911F68F22A0C}.Release Sin Trace|Any CPU.Build.0 = Release|Any CPU
		{51A14031-0D76-429E-A3DC-911F68F22A0C}.Release Sin Trace|Mixed Platforms.ActiveCfg = Release|Any CPU
		{51A14031-0D76-429E-A3DC-911F68F22A0C}.Release Sin Trace|Mixed Platforms.Build.0 = Release|Any CPU
		{51A14031-0D76-429E-A3DC-911F68F22A0C}.Release|.NET.ActiveCfg = Release|Any CPU
		{51A14031-0D76-429E-A3DC-911F68F22A0C}.Release|Any CPU.ActiveCfg = Release|Any CPU
		{51A14031-0D76-429E-A3DC-911F68F22A0C}.Release|Any CPU.Build.0 = Release|Any CPU
		{51A14031-0D76-429E-A3DC-911F68F22A0C}.Release|Mixed Platforms.ActiveCfg = Release|Any CPU
		{51A14031-0D76-429E-A3DC-911F68F22A0C}.Release|Mixed Platforms.Build.0 = Release|Any CPU
		{C6B645EE-2668-404D-B41E-28D5AC6CAEB6}.Debug|.NET.ActiveCfg = Debug|Any CPU
		{C6B645EE-2668-404D-B41E-28D5AC6CAEB6}.Debug|Any CPU.ActiveCfg = Debug|Any CPU
		{C6B645EE-2668-404D-B41E-28D5AC6CAEB6}.Debug|Any CPU.Build.0 = Debug|Any CPU
		{C6B645EE-2668-404D-B41E-28D5AC6CAEB6}.Debug|Mixed Platforms.ActiveCfg = Debug|Any CPU
		{C6B645EE-2668-404D-B41E-28D5AC6CAEB6}.Debug|Mixed Platforms.Build.0 = Debug|Any CPU
		{C6B645EE-2668-404D-B41E-28D5AC6CAEB6}.Release Sin Trace|.NET.ActiveCfg = Release|Any CPU
		{C6B645EE-2668-404D-B41E-28D5AC6CAEB6}.Release Sin Trace|Any CPU.ActiveCfg = Release|Any CPU
		{C6B645EE-2668-404D-B41E-28D5AC6CAEB6}.Release Sin Trace|Any CPU.Build.0 = Release|Any CPU
		{C6B645EE-2668-404D-B41E-28D5AC6CAEB6}.Release Sin Trace|Mixed Platforms.ActiveCfg = Release|Any CPU
		{C6B645EE-2668-404D-B41E-28D5AC6CAEB6}.Release Sin Trace|Mixed Platforms.Build.0 = Release|Any CPU
		{C6B645EE-2668-404D-B41E-28D5AC6CAEB6}.Release|.NET.ActiveCfg = Release|Any CPU
		{C6B645EE-2668-404D-B41E-28D5AC6CAEB6}.Release|Any CPU.ActiveCfg = Release|Any CPU
		{C6B645EE-2668-404D-B41E-28D5AC6CAEB6}.Release|Any CPU.Build.0 = Release|Any CPU
		{C6B645EE-2668-404D-B41E-28D5AC6CAEB6}.Release|Mixed Platforms.ActiveCfg = Release|Any CPU
		{C6B645EE-2668-404D-B41E-28D5AC6CAEB6}.Release|Mixed Platforms.Build.0 = Release|Any CPU
		{952C9B3B-3D9E-4AE2-A823-6B8E1F4F4756}.Debug|.NET.ActiveCfg = Debug|Any CPU
		{952C9B3B-3D9E-4AE2-A823-6B8E1F4F4756}.Debug|Any CPU.ActiveCfg = Debug|Any CPU
		{952C9B3B-3D9E-4AE2-A823-6B8E1F4F4756}.Debug|Any CPU.Build.0 = Debug|Any CPU
		{952C9B3B-3D9E-4AE2-A823-6B8E1F4F4756}.Debug|Mixed Platforms.ActiveCfg = Debug|Any CPU
		{952C9B3B-3D9E-4AE2-A823-6B8E1F4F4756}.Debug|Mixed Platforms.Build.0 = Debug|Any CPU
		{952C9B3B-3D9E-4AE2-A823-6B8E1F4F4756}.Release Sin Trace|.NET.ActiveCfg = Release|Any CPU
		{952C9B3B-3D9E-4AE2-A823-6B8E1F4F4756}.Release Sin Trace|Any CPU.ActiveCfg = Release|Any CPU
		{952C9B3B-3D9E-4AE2-A823-6B8E1F4F4756}.Release Sin Trace|Any CPU.Build.0 = Release|Any CPU
		{952C9B3B-3D9E-4AE2-A823-6B8E1F4F4756}.Release Sin Trace|Mixed Platforms.ActiveCfg = Release|Any CPU
		{952C9B3B-3D9E-4AE2-A823-6B8E1F4F4756}.Release Sin Trace|Mixed Platforms.Build.0 = Release|Any CPU
		{952C9B3B-3D9E-4AE2-A823-6B8E1F4F4756}.Release|.NET.ActiveCfg = Release|Any CPU
		{952C9B3B-3D9E-4AE2-A823-6B8E1F4F4756}.Release|Any CPU.ActiveCfg = Release|Any CPU
		{952C9B3B-3D9E-4AE2-A823-6B8E1F4F4756}.Release|Any CPU.Build.0 = Release|Any CPU
		{952C9B3B-3D9E-4AE2-A823-6B8E1F4F4756}.Release|Mixed Platforms.ActiveCfg = Release|Any CPU
		{952C9B3B-3D9E-4AE2-A823-6B8E1F4F4756}.Release|Mixed Platforms.Build.0 = Release|Any CPU
		{A0494330-D551-42BC-B0BF-ECE0C0C64B57}.Debug|.NET.ActiveCfg = Debug|Any CPU
		{A0494330-D551-42BC-B0BF-ECE0C0C64B57}.Debug|Any CPU.ActiveCfg = Debug|Any CPU
		{A0494330-D551-42BC-B0BF-ECE0C0C64B57}.Debug|Any CPU.Build.0 = Debug|Any CPU
		{A0494330-D551-42BC-B0BF-ECE0C0C64B57}.Debug|Mixed Platforms.ActiveCfg = Debug|Any CPU
		{A0494330-D551-42BC-B0BF-ECE0C0C64B57}.Debug|Mixed Platforms.Build.0 = Debug|Any CPU
		{A0494330-D551-42BC-B0BF-ECE0C0C64B57}.Release Sin Trace|.NET.ActiveCfg = Release|Any CPU
		{A0494330-D551-42BC-B0BF-ECE0C0C64B57}.Release Sin Trace|Any CPU.ActiveCfg = Release|Any CPU
		{A0494330-D551-42BC-B0BF-ECE0C0C64B57}.Release Sin Trace|Any CPU.Build.0 = Release|Any CPU
		{A0494330-D551-42BC-B0BF-ECE0C0C64B57}.Release Sin Trace|Mixed Platforms.ActiveCfg = Release|Any CPU
		{A0494330-D551-42BC-B0BF-ECE0C0C64B57}.Release Sin Trace|Mixed Platforms.Build.0 = Release|Any CPU
		{A0494330-D551-42BC-B0BF-ECE0C0C64B57}.Release|.NET.ActiveCfg = Release|Any CPU
		{A0494330-D551-42BC-B0BF-ECE0C0C64B57}.Release|Any CPU.ActiveCfg = Release|Any CPU
		{A0494330-D551-42BC-B0BF-ECE0C0C64B57}.Release|Any CPU.Build.0 = Release|Any CPU
		{A0494330-D551-42BC-B0BF-ECE0C0C64B57}.Release|Mixed Platforms.ActiveCfg = Release|Any CPU
		{A0494330-D551-42BC-B0BF-ECE0C0C64B57}.Release|Mixed Platforms.Build.0 = Release|Any CPU
		{A706E6F9-436F-4761-AB28-30F99F1EF098}.Debug|.NET.ActiveCfg = Debug|Any CPU
		{A706E6F9-436F-4761-AB28-30F99F1EF098}.Debug|Any CPU.ActiveCfg = Debug|Any CPU
		{A706E6F9-436F-4761-AB28-30F99F1EF098}.Debug|Any CPU.Build.0 = Debug|Any CPU
		{A706E6F9-436F-4761-AB28-30F99F1EF098}.Debug|Mixed Platforms.ActiveCfg = Debug|Any CPU
		{A706E6F9-436F-4761-AB28-30F99F1EF098}.Debug|Mixed Platforms.Build.0 = Debug|Any CPU
		{A706E6F9-436F-4761-AB28-30F99F1EF098}.Release Sin Trace|.NET.ActiveCfg = Release|Any CPU
		{A706E6F9-436F-4761-AB28-30F99F1EF098}.Release Sin Trace|Any CPU.ActiveCfg = Release|Any CPU
		{A706E6F9-436F-4761-AB28-30F99F1EF098}.Release Sin Trace|Any CPU.Build.0 = Release|Any CPU
		{A706E6F9-436F-4761-AB28-30F99F1EF098}.Release Sin Trace|Mixed Platforms.ActiveCfg = Release|Any CPU
		{A706E6F9-436F-4761-AB28-30F99F1EF098}.Release Sin Trace|Mixed Platforms.Build.0 = Release|Any CPU
		{A706E6F9-436F-4761-AB28-30F99F1EF098}.Release|.NET.ActiveCfg = Release|Any CPU
		{A706E6F9-436F-4761-AB28-30F99F1EF098}.Release|Any CPU.ActiveCfg = Release|Any CPU
		{A706E6F9-436F-4761-AB28-30F99F1EF098}.Release|Any CPU.Build.0 = Release|Any CPU
		{A706E6F9-436F-4761-AB28-30F99F1EF098}.Release|Mixed Platforms.ActiveCfg = Release|Any CPU
		{A706E6F9-436F-4761-AB28-30F99F1EF098}.Release|Mixed Platforms.Build.0 = Release|Any CPU
		{E7DC67CB-A1BC-4E39-8F37-38A53AD36439}.Debug|.NET.ActiveCfg = Debug|Any CPU
		{E7DC67CB-A1BC-4E39-8F37-38A53AD36439}.Debug|Any CPU.ActiveCfg = Debug|Any CPU
		{E7DC67CB-A1BC-4E39-8F37-38A53AD36439}.Debug|Any CPU.Build.0 = Debug|Any CPU
		{E7DC67CB-A1BC-4E39-8F37-38A53AD36439}.Debug|Mixed Platforms.ActiveCfg = Debug|Any CPU
		{E7DC67CB-A1BC-4E39-8F37-38A53AD36439}.Debug|Mixed Platforms.Build.0 = Debug|Any CPU
		{E7DC67CB-A1BC-4E39-8F37-38A53AD36439}.Release Sin Trace|.NET.ActiveCfg = Release|Any CPU
		{E7DC67CB-A1BC-4E39-8F37-38A53AD36439}.Release Sin Trace|Any CPU.ActiveCfg = Release|Any CPU
		{E7DC67CB-A1BC-4E39-8F37-38A53AD36439}.Release Sin Trace|Any CPU.Build.0 = Release|Any CPU
		{E7DC67CB-A1BC-4E39-8F37-38A53AD36439}.Release Sin Trace|Mixed Platforms.ActiveCfg = Release|Any CPU
		{E7DC67CB-A1BC-4E39-8F37-38A53AD36439}.Release Sin Trace|Mixed Platforms.Build.0 = Release|Any CPU
		{E7DC67CB-A1BC-4E39-8F37-38A53AD36439}.Release|.NET.ActiveCfg = Release|Any CPU
		{E7DC67CB-A1BC-4E39-8F37-38A53AD36439}.Release|Any CPU.ActiveCfg = Release|Any CPU
		{E7DC67CB-A1BC-4E39-8F37-38A53AD36439}.Release|Any CPU.Build.0 = Release|Any CPU
		{E7DC67CB-A1BC-4E39-8F37-38A53AD36439}.Release|Mixed Platforms.ActiveCfg = Release|Any CPU
		{E7DC67CB-A1BC-4E39-8F37-38A53AD36439}.Release|Mixed Platforms.Build.0 = Release|Any CPU
		{FC85CBEF-6BAF-4796-A6C2-9EAEF956479E}.Debug|.NET.ActiveCfg = Debug|Any CPU
		{FC85CBEF-6BAF-4796-A6C2-9EAEF956479E}.Debug|Any CPU.ActiveCfg = Debug|Any CPU
		{FC85CBEF-6BAF-4796-A6C2-9EAEF956479E}.Debug|Any CPU.Build.0 = Debug|Any CPU
		{FC85CBEF-6BAF-4796-A6C2-9EAEF956479E}.Debug|Mixed Platforms.ActiveCfg = Debug|Any CPU
		{FC85CBEF-6BAF-4796-A6C2-9EAEF956479E}.Debug|Mixed Platforms.Build.0 = Debug|Any CPU
		{FC85CBEF-6BAF-4796-A6C2-9EAEF956479E}.Release Sin Trace|.NET.ActiveCfg = Release Sin Trace|Any CPU
		{FC85CBEF-6BAF-4796-A6C2-9EAEF956479E}.Release Sin Trace|Any CPU.ActiveCfg = Release Sin Trace|Any CPU
		{FC85CBEF-6BAF-4796-A6C2-9EAEF956479E}.Release Sin Trace|Any CPU.Build.0 = Release Sin Trace|Any CPU
		{FC85CBEF-6BAF-4796-A6C2-9EAEF956479E}.Release Sin Trace|Mixed Platforms.ActiveCfg = Release Sin Trace|Any CPU
		{FC85CBEF-6BAF-4796-A6C2-9EAEF956479E}.Release Sin Trace|Mixed Platforms.Build.0 = Release Sin Trace|Any CPU
		{FC85CBEF-6BAF-4796-A6C2-9EAEF956479E}.Release|.NET.ActiveCfg = Release|Any CPU
		{FC85CBEF-6BAF-4796-A6C2-9EAEF956479E}.Release|Any CPU.ActiveCfg = Release|Any CPU
		{FC85CBEF-6BAF-4796-A6C2-9EAEF956479E}.Release|Any CPU.Build.0 = Release|Any CPU
		{FC85CBEF-6BAF-4796-A6C2-9EAEF956479E}.Release|Mixed Platforms.ActiveCfg = Release|Any CPU
		{FC85CBEF-6BAF-4796-A6C2-9EAEF956479E}.Release|Mixed Platforms.Build.0 = Release|Any CPU
		{D349AB2A-B052-4307-B979-D397D10760A1}.Debug|.NET.ActiveCfg = Debug|Any CPU
		{D349AB2A-B052-4307-B979-D397D10760A1}.Debug|Any CPU.ActiveCfg = Debug|Any CPU
		{D349AB2A-B052-4307-B979-D397D10760A1}.Debug|Any CPU.Build.0 = Debug|Any CPU
		{D349AB2A-B052-4307-B979-D397D10760A1}.Debug|Mixed Platforms.ActiveCfg = Debug|Any CPU
		{D349AB2A-B052-4307-B979-D397D10760A1}.Debug|Mixed Platforms.Build.0 = Debug|Any CPU
		{D349AB2A-B052-4307-B979-D397D10760A1}.Release Sin Trace|.NET.ActiveCfg = Release|Any CPU
		{D349AB2A-B052-4307-B979-D397D10760A1}.Release Sin Trace|Any CPU.ActiveCfg = Release|Any CPU
		{D349AB2A-B052-4307-B979-D397D10760A1}.Release Sin Trace|Any CPU.Build.0 = Release|Any CPU
		{D349AB2A-B052-4307-B979-D397D10760A1}.Release Sin Trace|Mixed Platforms.ActiveCfg = Release|Any CPU
		{D349AB2A-B052-4307-B979-D397D10760A1}.Release Sin Trace|Mixed Platforms.Build.0 = Release|Any CPU
		{D349AB2A-B052-4307-B979-D397D10760A1}.Release|.NET.ActiveCfg = Release|Any CPU
		{D349AB2A-B052-4307-B979-D397D10760A1}.Release|Any CPU.ActiveCfg = Release|Any CPU
		{D349AB2A-B052-4307-B979-D397D10760A1}.Release|Any CPU.Build.0 = Release|Any CPU
		{D349AB2A-B052-4307-B979-D397D10760A1}.Release|Mixed Platforms.ActiveCfg = Release|Any CPU
		{D349AB2A-B052-4307-B979-D397D10760A1}.Release|Mixed Platforms.Build.0 = Release|Any CPU
	EndGlobalSection
	GlobalSection(SolutionProperties) = preSolution
		HideSolutionNode = FALSE
	EndGlobalSection
EndGlobal
