
Microsoft Visual Studio Solution File, Format Version 12.00
# Visual Studio 2013
VisualStudioVersion = 12.0.21005.1
MinimumVisualStudioVersion = 10.0.40219.1
Project("{F184B08F-C81C-45F6-A57F-5ABD9991F28F}") = "Zamba.ICore", "..\Zamba.ICore\Zamba.ICore.vbproj", "{E16279A2-165D-4D96-AD32-009874164C05}"
EndProject
Project("{F184B08F-C81C-45F6-A57F-5ABD9991F28F}") = "Zamba.CoreDs", "..\Zamba.CoreDs\Zamba.CoreDs.vbproj", "{2AB0EA3E-507B-47E6-BC37-0D203270AEDD}"
EndProject
Project("{FAE04EC0-301F-11D3-BF4B-00C04F79EFBC}") = "Zamba.Services", "..\Zamba.Services\Zamba.Services.csproj", "{6FE580EC-0097-4817-AB4E-280ECD96FB81}"
EndProject
Project("{F184B08F-C81C-45F6-A57F-5ABD9991F28F}") = "Zamba.Core", "..\Zamba.Core\Zamba.Core.vbproj", "{A706E6F9-436F-4761-AB28-30F99F1EF098}"
EndProject
Project("{F184B08F-C81C-45F6-A57F-5ABD9991F28F}") = "Zamba.Exceptions", "..\Zamba.Exceptions\Zamba.Exceptions.vbproj", "{C6B645EE-2668-404D-B41E-28D5AC6CAEB6}"
EndProject
Project("{FAE04EC0-301F-11D3-BF4B-00C04F79EFBC}") = "Zamba.Membership", "..\Zamba.Membership\Zamba.Membership.csproj", "{3137F21C-2B96-4E94-B436-C8CAC0F60C5D}"
EndProject
Project("{F184B08F-C81C-45F6-A57F-5ABD9991F28F}") = "Zamba.Tools", "..\Zamba.Tools\Zamba.Tools.vbproj", "{D349AB2A-B052-4307-B979-D397D10760A1}"
EndProject
Project("{F184B08F-C81C-45F6-A57F-5ABD9991F28F}") = "Zamba.Bussines", "..\Zamba.Bussines\Zamba.Bussines.vbproj", "{952C9B3B-3D9E-4AE2-A823-6B8E1F4F4756}"
EndProject
Project("{F184B08F-C81C-45F6-A57F-5ABD9991F28F}") = "Zamba.Data", "..\Zamba.Data\Zamba.Data.vbproj", "{E92F8175-9484-4454-A8F0-9C2AB63714F5}"
EndProject
Project("{F184B08F-C81C-45F6-A57F-5ABD9991F28F}") = "Zamba.Server", "..\Zamba.Server\Zamba.Server.vbproj", "{FC85CBEF-6BAF-4796-A6C2-9EAEF956479E}"
EndProject
Project("{FAE04EC0-301F-11D3-BF4B-00C04F79EFBC}") = "ZambaWeb.WSServices", "..\ZambaWeb.WSServices\ZambaWeb.WSServices.csproj", "{92D205CD-754D-4652-B067-6787BC8301F2}"
EndProject
Project("{FAE04EC0-301F-11D3-BF4B-00C04F79EFBC}") = "Zamba.Filters", "..\Zamba.Filters\Zamba.Filters.csproj", "{37BCAA25-1780-4CFF-AB59-864AFAF955F0}"
EndProject
Project("{FAE04EC0-301F-11D3-BF4B-00C04F79EFBC}") = "Zamba.FileTools", "..\Zamba.FileTools\Zamba.FileTools.csproj", "{93C44BA5-4699-4764-85A3-35A6C1138DFB}"
EndProject
Project("{F184B08F-C81C-45F6-A57F-5ABD9991F28F}") = "Zamba.ReportBuilder.Business", "..\Zamba.ReportBuilder.Business\Zamba.ReportBuilder.Business.vbproj", "{9DC92BCA-0AEC-4DE3-8A09-3C985241E2CC}"
EndProject
Project("{FAE04EC0-301F-11D3-BF4B-00C04F79EFBC}") = "Zamba.WorkFlow.Business", "..\Zamba.WorkFlow.SQLExecution\Zamba.WorkFlow.Execution.Business\Zamba.WorkFlow.Business.csproj", "{9A8C8793-C6AE-4B87-AB76-6BC6FCBC9E2E}"
EndProject
Project("{FAE04EC0-301F-11D3-BF4B-00C04F79EFBC}") = "Zamba.DataExt", "Zamba.DataExt\Zamba.DataExt.csproj", "{2942D5D6-7F59-4F5A-BA38-963DCC986BE7}"
EndProject
Project("{E24C65DC-7377-472B-9ABA-BC803B73C61A}") = "Zamba.Web2013", "..\Zamba.Web2013", "{10F81BC8-362C-43D5-8655-FA9F867C1F35}"
	ProjectSection(WebsiteProperties) = preProject
		SccProjectName = "SAK"
		SccAuxPath = "SAK"
		SccLocalPath = "SAK"
		SccProvider = "SAK"
		TargetFrameworkMoniker = ".NETFramework,Version%3Dv4.0"
		ProjectReferences = "{6FE580EC-0097-4817-AB4E-280ECD96FB81}|Zamba.Services.dll;{952C9B3B-3D9E-4AE2-A823-6B8E1F4F4756}|Zamba.Bussines.dll;{2AB0EA3E-507B-47E6-BC37-0D203270AEDD}|Zamba.CoreDs.dll;{C6B645EE-2668-404D-B41E-28D5AC6CAEB6}|Zamba.Exceptions.dll;{3137F21C-2B96-4E94-B436-C8CAC0F60C5D}|Zamba.Membership.dll;{D349AB2A-B052-4307-B979-D397D10760A1}|Zamba.Tools.dll;{E92F8175-9484-4454-A8F0-9C2AB63714F5}|Zamba.Data.dll;{FC85CBEF-6BAF-4796-A6C2-9EAEF956479E}|Zamba.Server.dll;{E1CE5F3A-1FC3-4FAB-ADF6-384B1BF40BDA}|Zamba.WFActivity.Regular.dll;{848729D5-9661-4D42-AB10-02F00E48ADC1}|Zamba.WFExecution.dll;{93C44BA5-4699-4764-85A3-35A6C1138DFB}|Zamba.FileTools.dll;{9A8C8793-C6AE-4B87-AB76-6BC6FCBC9E2E}|Zamba.WorkFlow.Business.dll;{9DC92BCA-0AEC-4DE3-8A09-3C985241E2CC}|Zamba.ReportBuilder.Business.dll;{2942D5D6-7F59-4F5A-BA38-963DCC986BE7}|Zamba.DataExt.dll;{37BCAA25-1780-4CFF-AB59-864AFAF955F0}|Zamba.Filters.dll;{E16279A2-165D-4D96-AD32-009874164C05}|Zamba.ICore.dll;{A706E6F9-436F-4761-AB28-30F99F1EF098}|Zamba.Core.dll;{596A1630-3C57-43E9-8874-115023F4AD2E}|Zamba.FWST.dll;"
		Debug.AspNetCompiler.VirtualPath = "/Zamba.Web2013"
		Debug.AspNetCompiler.PhysicalPath = "..\Zamba.Web2013\"
		Debug.AspNetCompiler.TargetPath = "PrecompiledWeb\Zamba.Web2013\"
		Debug.AspNetCompiler.Updateable = "true"
		Debug.AspNetCompiler.ForceOverwrite = "true"
		Debug.AspNetCompiler.FixedNames = "true"
		Debug.AspNetCompiler.Debug = "True"
		Release.AspNetCompiler.VirtualPath = "/Zamba.Web2013"
		Release.AspNetCompiler.PhysicalPath = "..\Zamba.Web2013\"
		Release.AspNetCompiler.TargetPath = "PrecompiledWeb\Zamba.Web2013\"
		Release.AspNetCompiler.Updateable = "true"
		Release.AspNetCompiler.ForceOverwrite = "true"
		Release.AspNetCompiler.FixedNames = "true"
		Release.AspNetCompiler.Debug = "False"
		VWDPort = "51112"
		VWDDynamicPort = "false"
		SlnRelativePath = "..\Zamba.Web2013\"
	EndProjectSection
EndProject
Project("{FAE04EC0-301F-11D3-BF4B-00C04F79EFBC}") = "TestWeb2013", "..\TestWeb2013\TestWeb2013.csproj", "{52B2ABEF-33DA-4923-BDF3-EF3D1382453F}"
EndProject
Project("{2150E333-8FDC-42A3-9474-1A3956D46DE8}") = "Solution Items", "Solution Items", "{E0C3CA18-ABBD-4ECF-919D-89465D882D90}"
	ProjectSection(SolutionItems) = preProject
		Local.testsettings = Local.testsettings
		TraceAndTestImpact.testsettings = TraceAndTestImpact.testsettings
		Zamba2013.vsmdi = Zamba2013.vsmdi
	EndProjectSection
EndProject
Project("{F184B08F-C81C-45F6-A57F-5ABD9991F28F}") = "Zamba.WFActivity.Regular", "..\Zamba.WFActivity.Regular\Zamba.WFActivity.Regular.vbproj", "{E1CE5F3A-1FC3-4FAB-ADF6-384B1BF40BDA}"
EndProject
Project("{F184B08F-C81C-45F6-A57F-5ABD9991F28F}") = "Zamba.WFExecution", "..\Zamba.WFExecution\Zamba.WFExecution.vbproj", "{848729D5-9661-4D42-AB10-02F00E48ADC1}"
EndProject
Project("{F184B08F-C81C-45F6-A57F-5ABD9991F28F}") = "Zamba.FWST", "..\..\..\ZambaFramework\Zamba.FWST\Zamba.FWST.vbproj", "{596A1630-3C57-43E9-8874-115023F4AD2E}"
EndProject
Project("{2150E333-8FDC-42A3-9474-1A3956D46DE8}") = ".nuget", ".nuget", "{390F4AE2-7705-4E64-B915-67BDC1A57AE0}"
	ProjectSection(SolutionItems) = preProject
		.nuget\NuGet.Config = .nuget\NuGet.Config
		.nuget\NuGet.exe = .nuget\NuGet.exe
		.nuget\NuGet.targets = .nuget\NuGet.targets
	EndProjectSection
EndProject
Global
	GlobalSection(TeamFoundationVersionControl) = preSolution
		SccNumberOfProjects = 22
		SccEnterpriseProvider = {4CA58AB2-18FA-4F8D-95D4-32DDF27D184C}
		SccTeamFoundationServer = http://www.stardocteam.com.ar:8080/tfs/defaultcollection
		SccLocalPath0 = .
		SccProjectUniqueName1 = ..\\Zamba.ICore\\Zamba.ICore.vbproj
		SccProjectName1 = ../Zamba.ICore
		SccLocalPath1 = ..\\Zamba.ICore
		SccProjectUniqueName2 = ..\\Zamba.CoreDs\\Zamba.CoreDs.vbproj
		SccProjectName2 = ../Zamba.CoreDs
		SccLocalPath2 = ..\\Zamba.CoreDs
		SccProjectUniqueName3 = ..\\Zamba.Services\\Zamba.Services.csproj
		SccProjectName3 = ../Zamba.Services
		SccLocalPath3 = ..\\Zamba.Services
		SccProjectUniqueName4 = ..\\Zamba.Core\\Zamba.Core.vbproj
		SccProjectName4 = ../Zamba.Core
		SccLocalPath4 = ..\\Zamba.Core
		SccProjectUniqueName5 = ..\\Zamba.Exceptions\\Zamba.Exceptions.vbproj
		SccProjectName5 = ../Zamba.Exceptions
		SccLocalPath5 = ..\\Zamba.Exceptions
		SccProjectUniqueName6 = ..\\Zamba.Membership\\Zamba.Membership.csproj
		SccProjectName6 = ../Zamba.Membership
		SccLocalPath6 = ..\\Zamba.Membership
		SccProjectUniqueName7 = ..\\Zamba.Tools\\Zamba.Tools.vbproj
		SccProjectName7 = ../Zamba.Tools
		SccLocalPath7 = ..\\Zamba.Tools
		SccProjectUniqueName8 = ..\\Zamba.Bussines\\Zamba.Bussines.vbproj
		SccProjectName8 = ../Zamba.Bussines
		SccLocalPath8 = ..\\Zamba.Bussines
		SccProjectUniqueName9 = ..\\Zamba.Data\\Zamba.Data.vbproj
		SccProjectName9 = ../Zamba.Data
		SccLocalPath9 = ..\\Zamba.Data
		SccProjectUniqueName10 = ..\\Zamba.Server\\Zamba.Server.vbproj
		SccProjectName10 = ../Zamba.Server
		SccLocalPath10 = ..\\Zamba.Server
		SccProjectUniqueName11 = ..\\ZambaWeb.WSServices\\ZambaWeb.WSServices.csproj
		SccProjectName11 = ../ZambaWeb.WSServices
		SccLocalPath11 = ..\\ZambaWeb.WSServices
		SccProjectUniqueName12 = ..\\Zamba.Filters\\Zamba.Filters.csproj
		SccProjectName12 = ../Zamba.Filters
		SccLocalPath12 = ..\\Zamba.Filters
		SccProjectUniqueName13 = ..\\Zamba.FileTools\\Zamba.FileTools.csproj
		SccProjectName13 = ../Zamba.FileTools
		SccLocalPath13 = ..\\Zamba.FileTools
		SccProjectUniqueName14 = ..\\Zamba.ReportBuilder.Business\\Zamba.ReportBuilder.Business.vbproj
		SccProjectName14 = ../Zamba.ReportBuilder.Business
		SccLocalPath14 = ..\\Zamba.ReportBuilder.Business
		SccProjectUniqueName15 = ..\\Zamba.WorkFlow.SQLExecution\\Zamba.WorkFlow.Execution.Business\\Zamba.WorkFlow.Business.csproj
		SccProjectName15 = ../Zamba.WorkFlow.SQLExecution/Zamba.WorkFlow.Execution.Business
		SccLocalPath15 = ..\\Zamba.WorkFlow.SQLExecution\\Zamba.WorkFlow.Execution.Business
		SccProjectUniqueName16 = Zamba.DataExt\\Zamba.DataExt.csproj
		SccProjectName16 = Zamba.DataExt
		SccLocalPath16 = Zamba.DataExt
		SccWebProject17 = true
		SccProjectUniqueName17 = ..\\Zamba.Web2013
		SccProjectName17 = ../Zamba.Web2013
		SccLocalPath17 = ..\\Zamba.Web2013
		SccProjectEnlistmentChoice17 = 2
		SccProjectUniqueName18 = ..\\TestWeb2013\\TestWeb2013.csproj
		SccProjectName18 = ../TestWeb2013
		SccLocalPath18 = ..\\TestWeb2013
		SccProjectUniqueName19 = ..\\Zamba.WFActivity.Regular\\Zamba.WFActivity.Regular.vbproj
		SccProjectName19 = ../Zamba.WFActivity.Regular
		SccLocalPath19 = ..\\Zamba.WFActivity.Regular
		SccProjectUniqueName20 = ..\\Zamba.WFExecution\\Zamba.WFExecution.vbproj
		SccProjectName20 = ../Zamba.WFExecution
		SccLocalPath20 = ..\\Zamba.WFExecution
		SccProjectUniqueName21 = ..\\..\\..\\ZambaFramework\\Zamba.FWST\\Zamba.FWST.vbproj
		SccProjectName21 = ../../../ZambaFramework/Zamba.FWST
		SccLocalPath21 = ..\\..\\..\\ZambaFramework\\Zamba.FWST
	EndGlobalSection
	GlobalSection(SolutionConfigurationPlatforms) = preSolution
		Debug|Any CPU = Debug|Any CPU
		Debug|x64 = Debug|x64
		Release Sin Trace|Any CPU = Release Sin Trace|Any CPU
		Release Sin Trace|x64 = Release Sin Trace|x64
		Release|Any CPU = Release|Any CPU
		Release|x64 = Release|x64
	EndGlobalSection
	GlobalSection(ProjectConfigurationPlatforms) = postSolution
		{E16279A2-165D-4D96-AD32-009874164C05}.Debug|Any CPU.ActiveCfg = Debug|Any CPU
		{E16279A2-165D-4D96-AD32-009874164C05}.Debug|Any CPU.Build.0 = Debug|Any CPU
		{E16279A2-165D-4D96-AD32-009874164C05}.Debug|x64.ActiveCfg = Debug|x64
		{E16279A2-165D-4D96-AD32-009874164C05}.Debug|x64.Build.0 = Debug|x64
		{E16279A2-165D-4D96-AD32-009874164C05}.Release Sin Trace|Any CPU.ActiveCfg = Release|Any CPU
		{E16279A2-165D-4D96-AD32-009874164C05}.Release Sin Trace|Any CPU.Build.0 = Release|Any CPU
		{E16279A2-165D-4D96-AD32-009874164C05}.Release Sin Trace|x64.ActiveCfg = Release|x64
		{E16279A2-165D-4D96-AD32-009874164C05}.Release Sin Trace|x64.Build.0 = Release|x64
		{E16279A2-165D-4D96-AD32-009874164C05}.Release|Any CPU.ActiveCfg = Release|Any CPU
		{E16279A2-165D-4D96-AD32-009874164C05}.Release|Any CPU.Build.0 = Release|Any CPU
		{E16279A2-165D-4D96-AD32-009874164C05}.Release|x64.ActiveCfg = Release|x64
		{E16279A2-165D-4D96-AD32-009874164C05}.Release|x64.Build.0 = Release|x64
		{2AB0EA3E-507B-47E6-BC37-0D203270AEDD}.Debug|Any CPU.ActiveCfg = Debug|Any CPU
		{2AB0EA3E-507B-47E6-BC37-0D203270AEDD}.Debug|Any CPU.Build.0 = Debug|Any CPU
		{2AB0EA3E-507B-47E6-BC37-0D203270AEDD}.Debug|x64.ActiveCfg = Debug|x64
		{2AB0EA3E-507B-47E6-BC37-0D203270AEDD}.Debug|x64.Build.0 = Debug|x64
		{2AB0EA3E-507B-47E6-BC37-0D203270AEDD}.Release Sin Trace|Any CPU.ActiveCfg = Release|Any CPU
		{2AB0EA3E-507B-47E6-BC37-0D203270AEDD}.Release Sin Trace|Any CPU.Build.0 = Release|Any CPU
		{2AB0EA3E-507B-47E6-BC37-0D203270AEDD}.Release Sin Trace|x64.ActiveCfg = Release|x64
		{2AB0EA3E-507B-47E6-BC37-0D203270AEDD}.Release Sin Trace|x64.Build.0 = Release|x64
		{2AB0EA3E-507B-47E6-BC37-0D203270AEDD}.Release|Any CPU.ActiveCfg = Release|Any CPU
		{2AB0EA3E-507B-47E6-BC37-0D203270AEDD}.Release|Any CPU.Build.0 = Release|Any CPU
		{2AB0EA3E-507B-47E6-BC37-0D203270AEDD}.Release|x64.ActiveCfg = Release|x64
		{2AB0EA3E-507B-47E6-BC37-0D203270AEDD}.Release|x64.Build.0 = Release|x64
		{6FE580EC-0097-4817-AB4E-280ECD96FB81}.Debug|Any CPU.ActiveCfg = Debug|Any CPU
		{6FE580EC-0097-4817-AB4E-280ECD96FB81}.Debug|Any CPU.Build.0 = Debug|Any CPU
		{6FE580EC-0097-4817-AB4E-280ECD96FB81}.Debug|x64.ActiveCfg = Debug|x64
		{6FE580EC-0097-4817-AB4E-280ECD96FB81}.Debug|x64.Build.0 = Debug|x64
		{6FE580EC-0097-4817-AB4E-280ECD96FB81}.Release Sin Trace|Any CPU.ActiveCfg = Release|Any CPU
		{6FE580EC-0097-4817-AB4E-280ECD96FB81}.Release Sin Trace|Any CPU.Build.0 = Release|Any CPU
		{6FE580EC-0097-4817-AB4E-280ECD96FB81}.Release Sin Trace|x64.ActiveCfg = Release|x64
		{6FE580EC-0097-4817-AB4E-280ECD96FB81}.Release Sin Trace|x64.Build.0 = Release|x64
		{6FE580EC-0097-4817-AB4E-280ECD96FB81}.Release|Any CPU.ActiveCfg = Release|Any CPU
		{6FE580EC-0097-4817-AB4E-280ECD96FB81}.Release|Any CPU.Build.0 = Release|Any CPU
		{6FE580EC-0097-4817-AB4E-280ECD96FB81}.Release|x64.ActiveCfg = Release|x64
		{6FE580EC-0097-4817-AB4E-280ECD96FB81}.Release|x64.Build.0 = Release|x64
		{A706E6F9-436F-4761-AB28-30F99F1EF098}.Debug|Any CPU.ActiveCfg = Debug|Any CPU
		{A706E6F9-436F-4761-AB28-30F99F1EF098}.Debug|Any CPU.Build.0 = Debug|Any CPU
		{A706E6F9-436F-4761-AB28-30F99F1EF098}.Debug|x64.ActiveCfg = Debug|x64
		{A706E6F9-436F-4761-AB28-30F99F1EF098}.Debug|x64.Build.0 = Debug|x64
		{A706E6F9-436F-4761-AB28-30F99F1EF098}.Release Sin Trace|Any CPU.ActiveCfg = Release|Any CPU
		{A706E6F9-436F-4761-AB28-30F99F1EF098}.Release Sin Trace|Any CPU.Build.0 = Release|Any CPU
		{A706E6F9-436F-4761-AB28-30F99F1EF098}.Release Sin Trace|x64.ActiveCfg = Release|x64
		{A706E6F9-436F-4761-AB28-30F99F1EF098}.Release Sin Trace|x64.Build.0 = Release|x64
		{A706E6F9-436F-4761-AB28-30F99F1EF098}.Release|Any CPU.ActiveCfg = Release|Any CPU
		{A706E6F9-436F-4761-AB28-30F99F1EF098}.Release|Any CPU.Build.0 = Release|Any CPU
		{A706E6F9-436F-4761-AB28-30F99F1EF098}.Release|x64.ActiveCfg = Release|x64
		{A706E6F9-436F-4761-AB28-30F99F1EF098}.Release|x64.Build.0 = Release|x64
		{C6B645EE-2668-404D-B41E-28D5AC6CAEB6}.Debug|Any CPU.ActiveCfg = Debug|Any CPU
		{C6B645EE-2668-404D-B41E-28D5AC6CAEB6}.Debug|Any CPU.Build.0 = Debug|Any CPU
		{C6B645EE-2668-404D-B41E-28D5AC6CAEB6}.Debug|x64.ActiveCfg = Debug|x64
		{C6B645EE-2668-404D-B41E-28D5AC6CAEB6}.Debug|x64.Build.0 = Debug|x64
		{C6B645EE-2668-404D-B41E-28D5AC6CAEB6}.Release Sin Trace|Any CPU.ActiveCfg = Release|Any CPU
		{C6B645EE-2668-404D-B41E-28D5AC6CAEB6}.Release Sin Trace|Any CPU.Build.0 = Release|Any CPU
		{C6B645EE-2668-404D-B41E-28D5AC6CAEB6}.Release Sin Trace|x64.ActiveCfg = Release|x64
		{C6B645EE-2668-404D-B41E-28D5AC6CAEB6}.Release Sin Trace|x64.Build.0 = Release|x64
		{C6B645EE-2668-404D-B41E-28D5AC6CAEB6}.Release|Any CPU.ActiveCfg = Release|Any CPU
		{C6B645EE-2668-404D-B41E-28D5AC6CAEB6}.Release|Any CPU.Build.0 = Release|Any CPU
		{C6B645EE-2668-404D-B41E-28D5AC6CAEB6}.Release|x64.ActiveCfg = Release|x64
		{C6B645EE-2668-404D-B41E-28D5AC6CAEB6}.Release|x64.Build.0 = Release|x64
		{3137F21C-2B96-4E94-B436-C8CAC0F60C5D}.Debug|Any CPU.ActiveCfg = Debug|Any CPU
		{3137F21C-2B96-4E94-B436-C8CAC0F60C5D}.Debug|Any CPU.Build.0 = Debug|Any CPU
		{3137F21C-2B96-4E94-B436-C8CAC0F60C5D}.Debug|x64.ActiveCfg = Debug|x64
		{3137F21C-2B96-4E94-B436-C8CAC0F60C5D}.Debug|x64.Build.0 = Debug|x64
		{3137F21C-2B96-4E94-B436-C8CAC0F60C5D}.Release Sin Trace|Any CPU.ActiveCfg = Release|Any CPU
		{3137F21C-2B96-4E94-B436-C8CAC0F60C5D}.Release Sin Trace|Any CPU.Build.0 = Release|Any CPU
		{3137F21C-2B96-4E94-B436-C8CAC0F60C5D}.Release Sin Trace|x64.ActiveCfg = Release|x64
		{3137F21C-2B96-4E94-B436-C8CAC0F60C5D}.Release Sin Trace|x64.Build.0 = Release|x64
		{3137F21C-2B96-4E94-B436-C8CAC0F60C5D}.Release|Any CPU.ActiveCfg = Release|Any CPU
		{3137F21C-2B96-4E94-B436-C8CAC0F60C5D}.Release|Any CPU.Build.0 = Release|Any CPU
		{3137F21C-2B96-4E94-B436-C8CAC0F60C5D}.Release|x64.ActiveCfg = Release|x64
		{3137F21C-2B96-4E94-B436-C8CAC0F60C5D}.Release|x64.Build.0 = Release|x64
		{D349AB2A-B052-4307-B979-D397D10760A1}.Debug|Any CPU.ActiveCfg = Debug|Any CPU
		{D349AB2A-B052-4307-B979-D397D10760A1}.Debug|Any CPU.Build.0 = Debug|Any CPU
		{D349AB2A-B052-4307-B979-D397D10760A1}.Debug|x64.ActiveCfg = Debug|x64
		{D349AB2A-B052-4307-B979-D397D10760A1}.Debug|x64.Build.0 = Debug|x64
		{D349AB2A-B052-4307-B979-D397D10760A1}.Release Sin Trace|Any CPU.ActiveCfg = Release|Any CPU
		{D349AB2A-B052-4307-B979-D397D10760A1}.Release Sin Trace|Any CPU.Build.0 = Release|Any CPU
		{D349AB2A-B052-4307-B979-D397D10760A1}.Release Sin Trace|x64.ActiveCfg = Release|x64
		{D349AB2A-B052-4307-B979-D397D10760A1}.Release Sin Trace|x64.Build.0 = Release|x64
		{D349AB2A-B052-4307-B979-D397D10760A1}.Release|Any CPU.ActiveCfg = Release|Any CPU
		{D349AB2A-B052-4307-B979-D397D10760A1}.Release|Any CPU.Build.0 = Release|Any CPU
		{D349AB2A-B052-4307-B979-D397D10760A1}.Release|x64.ActiveCfg = Release|x64
		{D349AB2A-B052-4307-B979-D397D10760A1}.Release|x64.Build.0 = Release|x64
		{952C9B3B-3D9E-4AE2-A823-6B8E1F4F4756}.Debug|Any CPU.ActiveCfg = Debug|Any CPU
		{952C9B3B-3D9E-4AE2-A823-6B8E1F4F4756}.Debug|Any CPU.Build.0 = Debug|Any CPU
		{952C9B3B-3D9E-4AE2-A823-6B8E1F4F4756}.Debug|x64.ActiveCfg = Debug|x64
		{952C9B3B-3D9E-4AE2-A823-6B8E1F4F4756}.Debug|x64.Build.0 = Debug|x64
		{952C9B3B-3D9E-4AE2-A823-6B8E1F4F4756}.Release Sin Trace|Any CPU.ActiveCfg = Release|Any CPU
		{952C9B3B-3D9E-4AE2-A823-6B8E1F4F4756}.Release Sin Trace|Any CPU.Build.0 = Release|Any CPU
		{952C9B3B-3D9E-4AE2-A823-6B8E1F4F4756}.Release Sin Trace|x64.ActiveCfg = Release|x64
		{952C9B3B-3D9E-4AE2-A823-6B8E1F4F4756}.Release Sin Trace|x64.Build.0 = Release|x64
		{952C9B3B-3D9E-4AE2-A823-6B8E1F4F4756}.Release|Any CPU.ActiveCfg = Release|Any CPU
		{952C9B3B-3D9E-4AE2-A823-6B8E1F4F4756}.Release|Any CPU.Build.0 = Release|Any CPU
		{952C9B3B-3D9E-4AE2-A823-6B8E1F4F4756}.Release|x64.ActiveCfg = Release|x64
		{952C9B3B-3D9E-4AE2-A823-6B8E1F4F4756}.Release|x64.Build.0 = Release|x64
		{E92F8175-9484-4454-A8F0-9C2AB63714F5}.Debug|Any CPU.ActiveCfg = Debug|Any CPU
		{E92F8175-9484-4454-A8F0-9C2AB63714F5}.Debug|Any CPU.Build.0 = Debug|Any CPU
		{E92F8175-9484-4454-A8F0-9C2AB63714F5}.Debug|x64.ActiveCfg = Debug|x64
		{E92F8175-9484-4454-A8F0-9C2AB63714F5}.Debug|x64.Build.0 = Debug|x64
		{E92F8175-9484-4454-A8F0-9C2AB63714F5}.Release Sin Trace|Any CPU.ActiveCfg = Release|Any CPU
		{E92F8175-9484-4454-A8F0-9C2AB63714F5}.Release Sin Trace|Any CPU.Build.0 = Release|Any CPU
		{E92F8175-9484-4454-A8F0-9C2AB63714F5}.Release Sin Trace|x64.ActiveCfg = Release|x64
		{E92F8175-9484-4454-A8F0-9C2AB63714F5}.Release Sin Trace|x64.Build.0 = Release|x64
		{E92F8175-9484-4454-A8F0-9C2AB63714F5}.Release|Any CPU.ActiveCfg = Release|Any CPU
		{E92F8175-9484-4454-A8F0-9C2AB63714F5}.Release|Any CPU.Build.0 = Release|Any CPU
		{E92F8175-9484-4454-A8F0-9C2AB63714F5}.Release|x64.ActiveCfg = Release|x64
		{E92F8175-9484-4454-A8F0-9C2AB63714F5}.Release|x64.Build.0 = Release|x64
		{FC85CBEF-6BAF-4796-A6C2-9EAEF956479E}.Debug|Any CPU.ActiveCfg = Debug|Any CPU
		{FC85CBEF-6BAF-4796-A6C2-9EAEF956479E}.Debug|Any CPU.Build.0 = Debug|Any CPU
		{FC85CBEF-6BAF-4796-A6C2-9EAEF956479E}.Debug|x64.ActiveCfg = Debug|x64
		{FC85CBEF-6BAF-4796-A6C2-9EAEF956479E}.Debug|x64.Build.0 = Debug|x64
		{FC85CBEF-6BAF-4796-A6C2-9EAEF956479E}.Release Sin Trace|Any CPU.ActiveCfg = Release Sin Trace|Any CPU
		{FC85CBEF-6BAF-4796-A6C2-9EAEF956479E}.Release Sin Trace|Any CPU.Build.0 = Release Sin Trace|Any CPU
		{FC85CBEF-6BAF-4796-A6C2-9EAEF956479E}.Release Sin Trace|x64.ActiveCfg = Release Sin Trace|x64
		{FC85CBEF-6BAF-4796-A6C2-9EAEF956479E}.Release Sin Trace|x64.Build.0 = Release Sin Trace|x64
		{FC85CBEF-6BAF-4796-A6C2-9EAEF956479E}.Release|Any CPU.ActiveCfg = Release|Any CPU
		{FC85CBEF-6BAF-4796-A6C2-9EAEF956479E}.Release|Any CPU.Build.0 = Release|Any CPU
		{FC85CBEF-6BAF-4796-A6C2-9EAEF956479E}.Release|x64.ActiveCfg = Release|x64
		{FC85CBEF-6BAF-4796-A6C2-9EAEF956479E}.Release|x64.Build.0 = Release|x64
		{92D205CD-754D-4652-B067-6787BC8301F2}.Debug|Any CPU.ActiveCfg = Debug|Any CPU
		{92D205CD-754D-4652-B067-6787BC8301F2}.Debug|Any CPU.Build.0 = Debug|Any CPU
		{92D205CD-754D-4652-B067-6787BC8301F2}.Debug|x64.ActiveCfg = Debug|x64
		{92D205CD-754D-4652-B067-6787BC8301F2}.Debug|x64.Build.0 = Debug|x64
		{92D205CD-754D-4652-B067-6787BC8301F2}.Release Sin Trace|Any CPU.ActiveCfg = Release|Any CPU
		{92D205CD-754D-4652-B067-6787BC8301F2}.Release Sin Trace|Any CPU.Build.0 = Release|Any CPU
		{92D205CD-754D-4652-B067-6787BC8301F2}.Release Sin Trace|x64.ActiveCfg = Release|x64
		{92D205CD-754D-4652-B067-6787BC8301F2}.Release Sin Trace|x64.Build.0 = Release|x64
		{92D205CD-754D-4652-B067-6787BC8301F2}.Release|Any CPU.ActiveCfg = Release|Any CPU
		{92D205CD-754D-4652-B067-6787BC8301F2}.Release|Any CPU.Build.0 = Release|Any CPU
		{92D205CD-754D-4652-B067-6787BC8301F2}.Release|x64.ActiveCfg = Release|x64
		{92D205CD-754D-4652-B067-6787BC8301F2}.Release|x64.Build.0 = Release|x64
		{37BCAA25-1780-4CFF-AB59-864AFAF955F0}.Debug|Any CPU.ActiveCfg = Debug|Any CPU
		{37BCAA25-1780-4CFF-AB59-864AFAF955F0}.Debug|Any CPU.Build.0 = Debug|Any CPU
		{37BCAA25-1780-4CFF-AB59-864AFAF955F0}.Debug|x64.ActiveCfg = Debug|x64
		{37BCAA25-1780-4CFF-AB59-864AFAF955F0}.Debug|x64.Build.0 = Debug|x64
		{37BCAA25-1780-4CFF-AB59-864AFAF955F0}.Release Sin Trace|Any CPU.ActiveCfg = Release|Any CPU
		{37BCAA25-1780-4CFF-AB59-864AFAF955F0}.Release Sin Trace|Any CPU.Build.0 = Release|Any CPU
		{37BCAA25-1780-4CFF-AB59-864AFAF955F0}.Release Sin Trace|x64.ActiveCfg = Release|x64
		{37BCAA25-1780-4CFF-AB59-864AFAF955F0}.Release Sin Trace|x64.Build.0 = Release|x64
		{37BCAA25-1780-4CFF-AB59-864AFAF955F0}.Release|Any CPU.ActiveCfg = Release|Any CPU
		{37BCAA25-1780-4CFF-AB59-864AFAF955F0}.Release|Any CPU.Build.0 = Release|Any CPU
		{37BCAA25-1780-4CFF-AB59-864AFAF955F0}.Release|x64.ActiveCfg = Release|x64
		{37BCAA25-1780-4CFF-AB59-864AFAF955F0}.Release|x64.Build.0 = Release|x64
		{93C44BA5-4699-4764-85A3-35A6C1138DFB}.Debug|Any CPU.ActiveCfg = Debug|Any CPU
		{93C44BA5-4699-4764-85A3-35A6C1138DFB}.Debug|Any CPU.Build.0 = Debug|Any CPU
		{93C44BA5-4699-4764-85A3-35A6C1138DFB}.Debug|x64.ActiveCfg = Debug|x64
		{93C44BA5-4699-4764-85A3-35A6C1138DFB}.Debug|x64.Build.0 = Debug|x64
		{93C44BA5-4699-4764-85A3-35A6C1138DFB}.Release Sin Trace|Any CPU.ActiveCfg = Release|Any CPU
		{93C44BA5-4699-4764-85A3-35A6C1138DFB}.Release Sin Trace|Any CPU.Build.0 = Release|Any CPU
		{93C44BA5-4699-4764-85A3-35A6C1138DFB}.Release Sin Trace|x64.ActiveCfg = Release|x64
		{93C44BA5-4699-4764-85A3-35A6C1138DFB}.Release Sin Trace|x64.Build.0 = Release|x64
		{93C44BA5-4699-4764-85A3-35A6C1138DFB}.Release|Any CPU.ActiveCfg = Release|Any CPU
		{93C44BA5-4699-4764-85A3-35A6C1138DFB}.Release|Any CPU.Build.0 = Release|Any CPU
		{93C44BA5-4699-4764-85A3-35A6C1138DFB}.Release|x64.ActiveCfg = Release|x64
		{93C44BA5-4699-4764-85A3-35A6C1138DFB}.Release|x64.Build.0 = Release|x64
		{9DC92BCA-0AEC-4DE3-8A09-3C985241E2CC}.Debug|Any CPU.ActiveCfg = Debug|Any CPU
		{9DC92BCA-0AEC-4DE3-8A09-3C985241E2CC}.Debug|Any CPU.Build.0 = Debug|Any CPU
		{9DC92BCA-0AEC-4DE3-8A09-3C985241E2CC}.Debug|x64.ActiveCfg = Debug|x64
		{9DC92BCA-0AEC-4DE3-8A09-3C985241E2CC}.Debug|x64.Build.0 = Debug|x64
		{9DC92BCA-0AEC-4DE3-8A09-3C985241E2CC}.Release Sin Trace|Any CPU.ActiveCfg = Release|Any CPU
		{9DC92BCA-0AEC-4DE3-8A09-3C985241E2CC}.Release Sin Trace|Any CPU.Build.0 = Release|Any CPU
		{9DC92BCA-0AEC-4DE3-8A09-3C985241E2CC}.Release Sin Trace|x64.ActiveCfg = Release|x64
		{9DC92BCA-0AEC-4DE3-8A09-3C985241E2CC}.Release Sin Trace|x64.Build.0 = Release|x64
		{9DC92BCA-0AEC-4DE3-8A09-3C985241E2CC}.Release|Any CPU.ActiveCfg = Release|Any CPU
		{9DC92BCA-0AEC-4DE3-8A09-3C985241E2CC}.Release|Any CPU.Build.0 = Release|Any CPU
		{9DC92BCA-0AEC-4DE3-8A09-3C985241E2CC}.Release|x64.ActiveCfg = Release|x64
		{9DC92BCA-0AEC-4DE3-8A09-3C985241E2CC}.Release|x64.Build.0 = Release|x64
		{9A8C8793-C6AE-4B87-AB76-6BC6FCBC9E2E}.Debug|Any CPU.ActiveCfg = Debug|Any CPU
		{9A8C8793-C6AE-4B87-AB76-6BC6FCBC9E2E}.Debug|Any CPU.Build.0 = Debug|Any CPU
		{9A8C8793-C6AE-4B87-AB76-6BC6FCBC9E2E}.Debug|x64.ActiveCfg = Debug|x64
		{9A8C8793-C6AE-4B87-AB76-6BC6FCBC9E2E}.Debug|x64.Build.0 = Debug|x64
		{9A8C8793-C6AE-4B87-AB76-6BC6FCBC9E2E}.Release Sin Trace|Any CPU.ActiveCfg = Release|Any CPU
		{9A8C8793-C6AE-4B87-AB76-6BC6FCBC9E2E}.Release Sin Trace|Any CPU.Build.0 = Release|Any CPU
		{9A8C8793-C6AE-4B87-AB76-6BC6FCBC9E2E}.Release Sin Trace|x64.ActiveCfg = Release|x64
		{9A8C8793-C6AE-4B87-AB76-6BC6FCBC9E2E}.Release Sin Trace|x64.Build.0 = Release|x64
		{9A8C8793-C6AE-4B87-AB76-6BC6FCBC9E2E}.Release|Any CPU.ActiveCfg = Release|Any CPU
		{9A8C8793-C6AE-4B87-AB76-6BC6FCBC9E2E}.Release|Any CPU.Build.0 = Release|Any CPU
		{9A8C8793-C6AE-4B87-AB76-6BC6FCBC9E2E}.Release|x64.ActiveCfg = Release|x64
		{9A8C8793-C6AE-4B87-AB76-6BC6FCBC9E2E}.Release|x64.Build.0 = Release|x64
		{2942D5D6-7F59-4F5A-BA38-963DCC986BE7}.Debug|Any CPU.ActiveCfg = Debug|Any CPU
		{2942D5D6-7F59-4F5A-BA38-963DCC986BE7}.Debug|Any CPU.Build.0 = Debug|Any CPU
		{2942D5D6-7F59-4F5A-BA38-963DCC986BE7}.Debug|x64.ActiveCfg = Debug|Any CPU
		{2942D5D6-7F59-4F5A-BA38-963DCC986BE7}.Release Sin Trace|Any CPU.ActiveCfg = Release|Any CPU
		{2942D5D6-7F59-4F5A-BA38-963DCC986BE7}.Release Sin Trace|Any CPU.Build.0 = Release|Any CPU
		{2942D5D6-7F59-4F5A-BA38-963DCC986BE7}.Release Sin Trace|x64.ActiveCfg = Release|Any CPU
		{2942D5D6-7F59-4F5A-BA38-963DCC986BE7}.Release|Any CPU.ActiveCfg = Release|Any CPU
		{2942D5D6-7F59-4F5A-BA38-963DCC986BE7}.Release|Any CPU.Build.0 = Release|Any CPU
		{2942D5D6-7F59-4F5A-BA38-963DCC986BE7}.Release|x64.ActiveCfg = Release|Any CPU
		{10F81BC8-362C-43D5-8655-FA9F867C1F35}.Debug|Any CPU.ActiveCfg = Debug|Any CPU
		{10F81BC8-362C-43D5-8655-FA9F867C1F35}.Debug|Any CPU.Build.0 = Debug|Any CPU
		{10F81BC8-362C-43D5-8655-FA9F867C1F35}.Debug|x64.ActiveCfg = Debug|Any CPU
		{10F81BC8-362C-43D5-8655-FA9F867C1F35}.Release Sin Trace|Any CPU.ActiveCfg = Debug|Any CPU
		{10F81BC8-362C-43D5-8655-FA9F867C1F35}.Release Sin Trace|Any CPU.Build.0 = Debug|Any CPU
		{10F81BC8-362C-43D5-8655-FA9F867C1F35}.Release Sin Trace|x64.ActiveCfg = Debug|Any CPU
		{10F81BC8-362C-43D5-8655-FA9F867C1F35}.Release|Any CPU.ActiveCfg = Debug|Any CPU
		{10F81BC8-362C-43D5-8655-FA9F867C1F35}.Release|Any CPU.Build.0 = Debug|Any CPU
		{10F81BC8-362C-43D5-8655-FA9F867C1F35}.Release|x64.ActiveCfg = Debug|Any CPU
		{52B2ABEF-33DA-4923-BDF3-EF3D1382453F}.Debug|Any CPU.ActiveCfg = Debug|Any CPU
		{52B2ABEF-33DA-4923-BDF3-EF3D1382453F}.Debug|Any CPU.Build.0 = Debug|Any CPU
		{52B2ABEF-33DA-4923-BDF3-EF3D1382453F}.Debug|x64.ActiveCfg = Debug|Any CPU
		{52B2ABEF-33DA-4923-BDF3-EF3D1382453F}.Release Sin Trace|Any CPU.ActiveCfg = Release|Any CPU
		{52B2ABEF-33DA-4923-BDF3-EF3D1382453F}.Release Sin Trace|Any CPU.Build.0 = Release|Any CPU
		{52B2ABEF-33DA-4923-BDF3-EF3D1382453F}.Release Sin Trace|x64.ActiveCfg = Release|Any CPU
		{52B2ABEF-33DA-4923-BDF3-EF3D1382453F}.Release|Any CPU.ActiveCfg = Release|Any CPU
		{52B2ABEF-33DA-4923-BDF3-EF3D1382453F}.Release|Any CPU.Build.0 = Release|Any CPU
		{52B2ABEF-33DA-4923-BDF3-EF3D1382453F}.Release|x64.ActiveCfg = Release|Any CPU
		{E1CE5F3A-1FC3-4FAB-ADF6-384B1BF40BDA}.Debug|Any CPU.ActiveCfg = Debug|Any CPU
		{E1CE5F3A-1FC3-4FAB-ADF6-384B1BF40BDA}.Debug|Any CPU.Build.0 = Debug|Any CPU
		{E1CE5F3A-1FC3-4FAB-ADF6-384B1BF40BDA}.Debug|x64.ActiveCfg = Debug|x64
		{E1CE5F3A-1FC3-4FAB-ADF6-384B1BF40BDA}.Debug|x64.Build.0 = Debug|x64
		{E1CE5F3A-1FC3-4FAB-ADF6-384B1BF40BDA}.Release Sin Trace|Any CPU.ActiveCfg = Release|Any CPU
		{E1CE5F3A-1FC3-4FAB-ADF6-384B1BF40BDA}.Release Sin Trace|Any CPU.Build.0 = Release|Any CPU
		{E1CE5F3A-1FC3-4FAB-ADF6-384B1BF40BDA}.Release Sin Trace|x64.ActiveCfg = Release|x64
		{E1CE5F3A-1FC3-4FAB-ADF6-384B1BF40BDA}.Release Sin Trace|x64.Build.0 = Release|x64
		{E1CE5F3A-1FC3-4FAB-ADF6-384B1BF40BDA}.Release|Any CPU.ActiveCfg = Release|Any CPU
		{E1CE5F3A-1FC3-4FAB-ADF6-384B1BF40BDA}.Release|Any CPU.Build.0 = Release|Any CPU
		{E1CE5F3A-1FC3-4FAB-ADF6-384B1BF40BDA}.Release|x64.ActiveCfg = Release|x64
		{E1CE5F3A-1FC3-4FAB-ADF6-384B1BF40BDA}.Release|x64.Build.0 = Release|x64
		{848729D5-9661-4D42-AB10-02F00E48ADC1}.Debug|Any CPU.ActiveCfg = Debug|Any CPU
		{848729D5-9661-4D42-AB10-02F00E48ADC1}.Debug|Any CPU.Build.0 = Debug|Any CPU
		{848729D5-9661-4D42-AB10-02F00E48ADC1}.Debug|x64.ActiveCfg = Debug|x64
		{848729D5-9661-4D42-AB10-02F00E48ADC1}.Debug|x64.Build.0 = Debug|x64
		{848729D5-9661-4D42-AB10-02F00E48ADC1}.Release Sin Trace|Any CPU.ActiveCfg = Release|Any CPU
		{848729D5-9661-4D42-AB10-02F00E48ADC1}.Release Sin Trace|Any CPU.Build.0 = Release|Any CPU
		{848729D5-9661-4D42-AB10-02F00E48ADC1}.Release Sin Trace|x64.ActiveCfg = Release|x64
		{848729D5-9661-4D42-AB10-02F00E48ADC1}.Release Sin Trace|x64.Build.0 = Release|x64
		{848729D5-9661-4D42-AB10-02F00E48ADC1}.Release|Any CPU.ActiveCfg = Release|Any CPU
		{848729D5-9661-4D42-AB10-02F00E48ADC1}.Release|Any CPU.Build.0 = Release|Any CPU
		{848729D5-9661-4D42-AB10-02F00E48ADC1}.Release|x64.ActiveCfg = Release|x64
		{848729D5-9661-4D42-AB10-02F00E48ADC1}.Release|x64.Build.0 = Release|x64
		{596A1630-3C57-43E9-8874-115023F4AD2E}.Debug|Any CPU.ActiveCfg = Debug|Any CPU
		{596A1630-3C57-43E9-8874-115023F4AD2E}.Debug|Any CPU.Build.0 = Debug|Any CPU
		{596A1630-3C57-43E9-8874-115023F4AD2E}.Debug|x64.ActiveCfg = Debug|Any CPU
		{596A1630-3C57-43E9-8874-115023F4AD2E}.Release Sin Trace|Any CPU.ActiveCfg = Release|Any CPU
		{596A1630-3C57-43E9-8874-115023F4AD2E}.Release Sin Trace|Any CPU.Build.0 = Release|Any CPU
		{596A1630-3C57-43E9-8874-115023F4AD2E}.Release Sin Trace|x64.ActiveCfg = Release|Any CPU
		{596A1630-3C57-43E9-8874-115023F4AD2E}.Release|Any CPU.ActiveCfg = Release|Any CPU
		{596A1630-3C57-43E9-8874-115023F4AD2E}.Release|Any CPU.Build.0 = Release|Any CPU
		{596A1630-3C57-43E9-8874-115023F4AD2E}.Release|x64.ActiveCfg = Release|Any CPU
	EndGlobalSection
	GlobalSection(SolutionProperties) = preSolution
		HideSolutionNode = FALSE
	EndGlobalSection
	GlobalSection(TestCaseManagementSettings) = postSolution
		CategoryFile = Zamba2013.vsmdi
	EndGlobalSection
EndGlobal
