
Microsoft Visual Studio Solution File, Format Version 10.00
# Visual Studio 2008
Project("{FAE04EC0-301F-11D3-BF4B-00C04F79EFBC}") = "ZambaInsertService", "ZambaInsertService\ZambaInsertService.csproj", "{3B915AC7-F326-4E1F-BA3A-23CE4EF18F83}"
EndProject
Project("{54435603-DBB4-11D2-8724-00A0C9A8B90C}") = "ZambaInsertSetup", "ZambaInsertSetup\ZambaInsertSetup.vdproj", "{E23FA02A-F154-4A22-AD73-535DE88F601D}"
EndProject
Project("{FAE04EC0-301F-11D3-BF4B-00C04F79EFBC}") = "ServiceInstall", "ServiceInstall\ServiceInstall.csproj", "{92138986-D862-4FB3-ACBC-FDC2E953954F}"
EndProject
Project("{FAE04EC0-301F-11D3-BF4B-00C04F79EFBC}") = "InstallService", "InstallService\InstallService.csproj", "{25D3096D-3233-406E-8E22-26FEACA025B8}"
EndProject
Project("{FAE04EC0-301F-11D3-BF4B-00C04F79EFBC}") = "UninstallService", "UninstallService\UninstallService.csproj", "{163CE61A-E4F9-48C5-B31E-8992881F2E41}"
EndProject
Project("{FAE04EC0-301F-11D3-BF4B-00C04F79EFBC}") = "TestInsertImage", "..\..\Zamba.WebServices\TestInsertImage\TestInsertImage.csproj", "{450E7B91-4F63-48E3-B7BA-3B55EF03790F}"
EndProject
Project("{FAE04EC0-301F-11D3-BF4B-00C04F79EFBC}") = "TestUpdateImage", "TestUpdateImage\TestUpdateImage.csproj", "{9F9FF2A4-B102-43D8-A463-505EF914041C}"
EndProject
Project("{FAE04EC0-301F-11D3-BF4B-00C04F79EFBC}") = "Zamba.UsageControl", "SmartThreadPool_20\UsageControl\Zamba.UsageControl.csproj", "{C11A4561-CCB5-4C96-8DF2-B804031D89D8}"
EndProject
Project("{FAE04EC0-301F-11D3-BF4B-00C04F79EFBC}") = "Zamba.ThreadPool", "SmartThreadPool_20\TestSmartThreadPool\Zamba.ThreadPool.csproj", "{976DB12F-9198-4AD9-981A-1652615C9B0D}"
EndProject
Global
	GlobalSection(TeamFoundationVersionControl) = preSolution
		SccNumberOfProjects = 10
		SccEnterpriseProvider = {4CA58AB2-18FA-4F8D-95D4-32DDF27D184C}
		SccTeamFoundationServer = http://hobbit:8080/
		SccProjectUniqueName0 = ZambaInsertService\\ZambaInsertService.csproj
		SccProjectName0 = ZambaInsertService
		SccLocalPath0 = ZambaInsertService
		SccProjectUniqueName1 = ZambaInsertSetup\\ZambaInsertSetup.vdproj
		SccProjectName1 = ZambaInsertSetup
		SccLocalPath1 = ZambaInsertSetup
		SccProjectUniqueName2 = ServiceInstall\\ServiceInstall.csproj
		SccProjectName2 = ServiceInstall
		SccLocalPath2 = ServiceInstall
		SccProjectUniqueName3 = InstallService\\InstallService.csproj
		SccProjectName3 = InstallService
		SccLocalPath3 = InstallService
		SccProjectUniqueName4 = UninstallService\\UninstallService.csproj
		SccProjectName4 = UninstallService
		SccLocalPath4 = UninstallService
		SccProjectUniqueName5 = ..\\..\\Zamba.WebServices\\TestInsertImage\\TestInsertImage.csproj
		SccProjectName5 = ../../Zamba.WebServices/TestInsertImage
		SccLocalPath5 = ..\\..\\Zamba.WebServices\\TestInsertImage
		SccProjectUniqueName6 = TestUpdateImage\\TestUpdateImage.csproj
		SccProjectName6 = TestUpdateImage
		SccLocalPath6 = TestUpdateImage
		SccProjectUniqueName7 = SmartThreadPool_20\\TestSmartThreadPool\\Zamba.ThreadPool.csproj
		SccProjectName7 = SmartThreadPool_20/TestSmartThreadPool
		SccLocalPath7 = SmartThreadPool_20\\TestSmartThreadPool
		SccProjectUniqueName8 = SmartThreadPool_20\\UsageControl\\Zamba.UsageControl.csproj
		SccProjectName8 = SmartThreadPool_20/UsageControl
		SccLocalPath8 = SmartThreadPool_20\\UsageControl
		SccLocalPath9 = .
	EndGlobalSection
	GlobalSection(SolutionConfigurationPlatforms) = preSolution
		Debug|Any CPU = Debug|Any CPU
		Release Sin Trace|Any CPU = Release Sin Trace|Any CPU
		Release|Any CPU = Release|Any CPU
	EndGlobalSection
	GlobalSection(ProjectConfigurationPlatforms) = postSolution
		{3B915AC7-F326-4E1F-BA3A-23CE4EF18F83}.Debug|Any CPU.ActiveCfg = Debug|Any CPU
		{3B915AC7-F326-4E1F-BA3A-23CE4EF18F83}.Debug|Any CPU.Build.0 = Debug|Any CPU
		{3B915AC7-F326-4E1F-BA3A-23CE4EF18F83}.Release Sin Trace|Any CPU.ActiveCfg = Release|Any CPU
		{3B915AC7-F326-4E1F-BA3A-23CE4EF18F83}.Release Sin Trace|Any CPU.Build.0 = Release|Any CPU
		{3B915AC7-F326-4E1F-BA3A-23CE4EF18F83}.Release|Any CPU.ActiveCfg = Release|Any CPU
		{3B915AC7-F326-4E1F-BA3A-23CE4EF18F83}.Release|Any CPU.Build.0 = Release|Any CPU
		{E23FA02A-F154-4A22-AD73-535DE88F601D}.Debug|Any CPU.ActiveCfg = Debug
		{E23FA02A-F154-4A22-AD73-535DE88F601D}.Debug|Any CPU.Build.0 = Debug
		{E23FA02A-F154-4A22-AD73-535DE88F601D}.Release Sin Trace|Any CPU.ActiveCfg = Release
		{E23FA02A-F154-4A22-AD73-535DE88F601D}.Release|Any CPU.ActiveCfg = Release
		{92138986-D862-4FB3-ACBC-FDC2E953954F}.Debug|Any CPU.ActiveCfg = Debug|Any CPU
		{92138986-D862-4FB3-ACBC-FDC2E953954F}.Debug|Any CPU.Build.0 = Debug|Any CPU
		{92138986-D862-4FB3-ACBC-FDC2E953954F}.Release Sin Trace|Any CPU.ActiveCfg = Release|Any CPU
		{92138986-D862-4FB3-ACBC-FDC2E953954F}.Release Sin Trace|Any CPU.Build.0 = Release|Any CPU
		{92138986-D862-4FB3-ACBC-FDC2E953954F}.Release|Any CPU.ActiveCfg = Release|Any CPU
		{92138986-D862-4FB3-ACBC-FDC2E953954F}.Release|Any CPU.Build.0 = Release|Any CPU
		{25D3096D-3233-406E-8E22-26FEACA025B8}.Debug|Any CPU.ActiveCfg = Debug|Any CPU
		{25D3096D-3233-406E-8E22-26FEACA025B8}.Debug|Any CPU.Build.0 = Debug|Any CPU
		{25D3096D-3233-406E-8E22-26FEACA025B8}.Release Sin Trace|Any CPU.ActiveCfg = Release|Any CPU
		{25D3096D-3233-406E-8E22-26FEACA025B8}.Release Sin Trace|Any CPU.Build.0 = Release|Any CPU
		{25D3096D-3233-406E-8E22-26FEACA025B8}.Release|Any CPU.ActiveCfg = Release|Any CPU
		{25D3096D-3233-406E-8E22-26FEACA025B8}.Release|Any CPU.Build.0 = Release|Any CPU
		{163CE61A-E4F9-48C5-B31E-8992881F2E41}.Debug|Any CPU.ActiveCfg = Debug|Any CPU
		{163CE61A-E4F9-48C5-B31E-8992881F2E41}.Debug|Any CPU.Build.0 = Debug|Any CPU
		{163CE61A-E4F9-48C5-B31E-8992881F2E41}.Release Sin Trace|Any CPU.ActiveCfg = Release|Any CPU
		{163CE61A-E4F9-48C5-B31E-8992881F2E41}.Release Sin Trace|Any CPU.Build.0 = Release|Any CPU
		{163CE61A-E4F9-48C5-B31E-8992881F2E41}.Release|Any CPU.ActiveCfg = Release|Any CPU
		{163CE61A-E4F9-48C5-B31E-8992881F2E41}.Release|Any CPU.Build.0 = Release|Any CPU
		{450E7B91-4F63-48E3-B7BA-3B55EF03790F}.Debug|Any CPU.ActiveCfg = Debug|Any CPU
		{450E7B91-4F63-48E3-B7BA-3B55EF03790F}.Debug|Any CPU.Build.0 = Debug|Any CPU
		{450E7B91-4F63-48E3-B7BA-3B55EF03790F}.Release Sin Trace|Any CPU.ActiveCfg = Release|Any CPU
		{450E7B91-4F63-48E3-B7BA-3B55EF03790F}.Release Sin Trace|Any CPU.Build.0 = Release|Any CPU
		{450E7B91-4F63-48E3-B7BA-3B55EF03790F}.Release|Any CPU.ActiveCfg = Release|Any CPU
		{450E7B91-4F63-48E3-B7BA-3B55EF03790F}.Release|Any CPU.Build.0 = Release|Any CPU
		{9F9FF2A4-B102-43D8-A463-505EF914041C}.Debug|Any CPU.ActiveCfg = Debug|Any CPU
		{9F9FF2A4-B102-43D8-A463-505EF914041C}.Debug|Any CPU.Build.0 = Debug|Any CPU
		{9F9FF2A4-B102-43D8-A463-505EF914041C}.Release Sin Trace|Any CPU.ActiveCfg = Release|Any CPU
		{9F9FF2A4-B102-43D8-A463-505EF914041C}.Release Sin Trace|Any CPU.Build.0 = Release|Any CPU
		{9F9FF2A4-B102-43D8-A463-505EF914041C}.Release|Any CPU.ActiveCfg = Release|Any CPU
		{9F9FF2A4-B102-43D8-A463-505EF914041C}.Release|Any CPU.Build.0 = Release|Any CPU
		{C11A4561-CCB5-4C96-8DF2-B804031D89D8}.Debug|Any CPU.ActiveCfg = Debug|Any CPU
		{C11A4561-CCB5-4C96-8DF2-B804031D89D8}.Debug|Any CPU.Build.0 = Debug|Any CPU
		{C11A4561-CCB5-4C96-8DF2-B804031D89D8}.Release Sin Trace|Any CPU.ActiveCfg = Release|Any CPU
		{C11A4561-CCB5-4C96-8DF2-B804031D89D8}.Release Sin Trace|Any CPU.Build.0 = Release|Any CPU
		{C11A4561-CCB5-4C96-8DF2-B804031D89D8}.Release|Any CPU.ActiveCfg = Release|Any CPU
		{C11A4561-CCB5-4C96-8DF2-B804031D89D8}.Release|Any CPU.Build.0 = Release|Any CPU
		{976DB12F-9198-4AD9-981A-1652615C9B0D}.Debug|Any CPU.ActiveCfg = Debug|Any CPU
		{976DB12F-9198-4AD9-981A-1652615C9B0D}.Debug|Any CPU.Build.0 = Debug|Any CPU
		{976DB12F-9198-4AD9-981A-1652615C9B0D}.Release Sin Trace|Any CPU.ActiveCfg = Release|Any CPU
		{976DB12F-9198-4AD9-981A-1652615C9B0D}.Release Sin Trace|Any CPU.Build.0 = Release|Any CPU
		{976DB12F-9198-4AD9-981A-1652615C9B0D}.Release|Any CPU.ActiveCfg = Release|Any CPU
		{976DB12F-9198-4AD9-981A-1652615C9B0D}.Release|Any CPU.Build.0 = Release|Any CPU
	EndGlobalSection
	GlobalSection(SolutionProperties) = preSolution
		HideSolutionNode = FALSE
	EndGlobalSection
EndGlobal
