
Microsoft Visual Studio Solution File, Format Version 10.00
# Visual Studio 2008
Project("{FAE04EC0-301F-11D3-BF4B-00C04F79EFBC}") = "RegisterFileAssociation", "ProgrammaticFileTypesDemo\RegisterFileAssociation.csproj", "{0F04F289-FB7A-4B93-9786-25616525611F}"
EndProject
Global
	GlobalSection(TeamFoundationVersionControl) = preSolution
		SccNumberOfProjects = 2
		SccEnterpriseProvider = {4CA58AB2-18FA-4F8D-95D4-32DDF27D184C}
		SccTeamFoundationServer = http://hobbit:8080/
		SccLocalPath0 = .
		SccProjectUniqueName1 = ProgrammaticFileTypesDemo\\RegisterFileAssociation.csproj
		SccProjectName1 = ProgrammaticFileTypesDemo
		SccLocalPath1 = ProgrammaticFileTypesDemo
	EndGlobalSection
	GlobalSection(SolutionConfigurationPlatforms) = preSolution
		Debug|Any CPU = Debug|Any CPU
		Release|Any CPU = Release|Any CPU
	EndGlobalSection
	GlobalSection(ProjectConfigurationPlatforms) = postSolution
		{0F04F289-FB7A-4B93-9786-25616525611F}.Debug|Any CPU.ActiveCfg = Debug|Any CPU
		{0F04F289-FB7A-4B93-9786-25616525611F}.Debug|Any CPU.Build.0 = Debug|Any CPU
		{0F04F289-FB7A-4B93-9786-25616525611F}.Release|Any CPU.ActiveCfg = Release|Any CPU
		{0F04F289-FB7A-4B93-9786-25616525611F}.Release|Any CPU.Build.0 = Release|Any CPU
	EndGlobalSection
	GlobalSection(SolutionProperties) = preSolution
		HideSolutionNode = FALSE
	EndGlobalSection
EndGlobal
