
Microsoft Visual Studio Solution File, Format Version 9.00
# Visual Studio 2005
Project("{E24C65DC-7377-472B-9ABA-BC803B73C61A}") = "D:\Zamba2007\Zamba.WebTreeView\", "..\Zamba.WebTreeView", "{A057A02C-9114-49D2-B286-D34C03F26973}"
	ProjectSection(WebsiteProperties) = preProject
		SccProjectName = ""$/Zamba.root/Zamba", EAAAAAAA"
		SccAuxPath = ""
		SccLocalPath = ".."
		SccProvider = "MSSCCI:Microsoft Visual SourceSafe"
		Debug.AspNetCompiler.VirtualPath = "/Zamba.WebTreeView"
		Debug.AspNetCompiler.PhysicalPath = "..\..\..\..\..\All Users\Documentos\Nueva carpeta\Zamba.WebTreeView\Zamba.WebTreeView\"
		Debug.AspNetCompiler.TargetPath = "PrecompiledWeb\Zamba.WebTreeView\"
		Debug.AspNetCompiler.Updateable = "true"
		Debug.AspNetCompiler.ForceOverwrite = "true"
		Debug.AspNetCompiler.FixedNames = "false"
		Debug.AspNetCompiler.Debug = "True"
		Release.AspNetCompiler.VirtualPath = "/Zamba.WebTreeView"
		Release.AspNetCompiler.PhysicalPath = "..\..\..\..\..\All Users\Documentos\Nueva carpeta\Zamba.WebTreeView\Zamba.WebTreeView\"
		Release.AspNetCompiler.TargetPath = "PrecompiledWeb\Zamba.WebTreeView\"
		Release.AspNetCompiler.Updateable = "true"
		Release.AspNetCompiler.ForceOverwrite = "true"
		Release.AspNetCompiler.FixedNames = "false"
		Release.AspNetCompiler.Debug = "False"
		VWDPort = "44192"
	EndProjectSection
EndProject
Global
	GlobalSection(TextTemplating) = postSolution
		TextTemplating = 1
	EndGlobalSection
	GlobalSection(SourceCodeControl) = preSolution
		SccNumberOfProjects = 1
		SccWebProject0 = true
		SccProjectUniqueName0 = .
		SccProjectName0 = \u0022$/Zamba.root/Zamba\u0022,\u0020EAAAAAAA
		SccLocalPath0 = ..
		SccProvider0 = MSSCCI:Microsoft\u0020Visual\u0020SourceSafe
		SccProjectFilePathRelativizedFromConnection0 = Zamba.WebTreeView\\
		SccProjectEnlistmentChoice0 = 2
	EndGlobalSection
	GlobalSection(SolutionConfigurationPlatforms) = preSolution
		Debug|.NET = Debug|.NET
	EndGlobalSection
	GlobalSection(ProjectConfigurationPlatforms) = postSolution
		{A057A02C-9114-49D2-B286-D34C03F26973}.Debug|.NET.ActiveCfg = Debug|.NET
		{A057A02C-9114-49D2-B286-D34C03F26973}.Debug|.NET.Build.0 = Debug|.NET
	EndGlobalSection
	GlobalSection(SolutionProperties) = preSolution
		HideSolutionNode = FALSE
	EndGlobalSection
EndGlobal
