
Microsoft Visual Studio Solution File, Format Version 11.00
# Visual Studio 2010
Project("{FAE04EC0-301F-11D3-BF4B-00C04F79EFBC}") = "Zamba.DbToXML", "DbToXML\Zamba.DbToXML.csproj", "{0B8FAD41-D6BA-4EAB-A916-D324DBE44024}"
EndProject
Project("{F184B08F-C81C-45F6-A57F-5ABD9991F28F}") = "Zamba.ICore", "..\..\Zamba.ICore\Zamba.ICore.vbproj", "{E16279A2-165D-4D96-AD32-009874164C05}"
EndProject
Project("{F184B08F-C81C-45F6-A57F-5ABD9991F28F}") = "Zamba.CoreDs", "..\..\Zamba.CoreDs\Zamba.CoreDs.vbproj", "{2AB0EA3E-507B-47E6-BC37-0D203270AEDD}"
EndProject
Project("{F184B08F-C81C-45F6-A57F-5ABD9991F28F}") = "Zamba.Bussines", "..\..\Zamba.Bussines\Zamba.Bussines.vbproj", "{952C9B3B-3D9E-4AE2-A823-6B8E1F4F4756}"
EndProject
Project("{F184B08F-C81C-45F6-A57F-5ABD9991F28F}") = "ILM.LotusLibrary", "..\..\ILM.LotusLibrary\ILM.LotusLibrary.vbproj", "{1070E03C-A4CA-419B-B59E-B4E692822036}"
EndProject
Project("{F184B08F-C81C-45F6-A57F-5ABD9991F28F}") = "Zamba.Exceptions", "..\..\Zamba.Exceptions\Zamba.Exceptions.vbproj", "{C6B645EE-2668-404D-B41E-28D5AC6CAEB6}"
EndProject
Project("{F184B08F-C81C-45F6-A57F-5ABD9991F28F}") = "Zamba.Server", "..\..\Zamba.Server\Zamba.Server.vbproj", "{FC85CBEF-6BAF-4796-A6C2-9EAEF956479E}"
EndProject
Project("{F184B08F-C81C-45F6-A57F-5ABD9991F28F}") = "Zamba.Tools", "..\..\Zamba.Tools\Zamba.Tools.vbproj", "{D349AB2A-B052-4307-B979-D397D10760A1}"
EndProject
Project("{FAE04EC0-301F-11D3-BF4B-00C04F79EFBC}") = "Zamba.ControlPrint", "..\..\Zamba.ControlPrint\Zamba.ControlPrint.csproj", "{A20733A6-1679-41EF-81A6-75ADB676FA8A}"
EndProject
Project("{F184B08F-C81C-45F6-A57F-5ABD9991F28F}") = "Zamba.Core", "..\..\Zamba.Core\Zamba.Core.vbproj", "{A706E6F9-436F-4761-AB28-30F99F1EF098}"
EndProject
Project("{F184B08F-C81C-45F6-A57F-5ABD9991F28F}") = "Zamba.Data", "..\..\Zamba.Data\Zamba.Data.vbproj", "{E92F8175-9484-4454-A8F0-9C2AB63714F5}"
EndProject
Project("{F184B08F-C81C-45F6-A57F-5ABD9991F28F}") = "Zamba.DataExt", "..\..\Zamba.DataExt\Zamba.DataExt.vbproj", "{9AEEC99B-FEB7-4A56-AA67-D52CE6F664DE}"
EndProject
Project("{FAE04EC0-301F-11D3-BF4B-00C04F79EFBC}") = "Zamba.DataWS", "..\..\Zamba.DataWS\Zamba.DataWS.csproj", "{969F3428-0208-4D14-911E-FA98B6C9EF49}"
EndProject
Project("{FAE04EC0-301F-11D3-BF4B-00C04F79EFBC}") = "Zamba.Filters", "..\..\Zamba.Filters\Zamba.Filters.csproj", "{37BCAA25-1780-4CFF-AB59-864AFAF955F0}"
EndProject
Project("{FAE04EC0-301F-11D3-BF4B-00C04F79EFBC}") = "Zamba.Membership", "..\..\Zamba.Membership\Zamba.Membership.csproj", "{3137F21C-2B96-4E94-B436-C8CAC0F60C5D}"
EndProject
Project("{FAE04EC0-301F-11D3-BF4B-00C04F79EFBC}") = "Zamba.ZTimers", "..\..\Zamba.Timers\Zamba.Timers\Zamba.ZTimers.csproj", "{1092263D-4EC7-463B-AE55-71AFDD6E17A8}"
EndProject
Project("{F184B08F-C81C-45F6-A57F-5ABD9991F28F}") = "Zamba.WinUI", "..\..\Zamba.WinUI\Zamba.WinUI.vbproj", "{BEFABC7F-FC94-41B4-BA0E-412914A549A0}"
EndProject
Global
	GlobalSection(TeamFoundationVersionControl) = preSolution
		SccNumberOfProjects = 18
		SccEnterpriseProvider = {4CA58AB2-18FA-4F8D-95D4-32DDF27D184C}
		SccTeamFoundationServer = http://www.stardocteam.com.ar:8080/tfs/defaultcollection
		SccLocalPath0 = .
		SccProjectUniqueName1 = DbToXML\\Zamba.DbToXML.csproj
		SccProjectName1 = DbToXML
		SccLocalPath1 = DbToXML
		SccProjectUniqueName2 = ..\\..\\Zamba.ICore\\Zamba.ICore.vbproj
		SccProjectName2 = ../../Zamba.ICore
		SccLocalPath2 = ..\\..\\Zamba.ICore
		SccProjectUniqueName3 = ..\\..\\Zamba.CoreDs\\Zamba.CoreDs.vbproj
		SccProjectName3 = ../../Zamba.CoreDs
		SccLocalPath3 = ..\\..\\Zamba.CoreDs
		SccProjectUniqueName4 = ..\\..\\Zamba.Bussines\\Zamba.Bussines.vbproj
		SccProjectName4 = ../../Zamba.Bussines
		SccLocalPath4 = ..\\..\\Zamba.Bussines
		SccProjectUniqueName5 = ..\\..\\ILM.LotusLibrary\\ILM.LotusLibrary.vbproj
		SccProjectName5 = ../../ILM.LotusLibrary
		SccLocalPath5 = ..\\..\\ILM.LotusLibrary
		SccProjectUniqueName6 = ..\\..\\Zamba.Exceptions\\Zamba.Exceptions.vbproj
		SccProjectName6 = ../../Zamba.Exceptions
		SccLocalPath6 = ..\\..\\Zamba.Exceptions
		SccProjectUniqueName7 = ..\\..\\Zamba.Server\\Zamba.Server.vbproj
		SccProjectName7 = ../../Zamba.Server
		SccLocalPath7 = ..\\..\\Zamba.Server
		SccProjectUniqueName8 = ..\\..\\Zamba.Tools\\Zamba.Tools.vbproj
		SccProjectName8 = ../../Zamba.Tools
		SccLocalPath8 = ..\\..\\Zamba.Tools
		SccProjectUniqueName9 = ..\\..\\Zamba.ControlPrint\\Zamba.ControlPrint.csproj
		SccProjectName9 = ../../Zamba.ControlPrint
		SccLocalPath9 = ..\\..\\Zamba.ControlPrint
		SccProjectUniqueName10 = ..\\..\\Zamba.Core\\Zamba.Core.vbproj
		SccProjectName10 = ../../Zamba.Core
		SccLocalPath10 = ..\\..\\Zamba.Core
		SccProjectUniqueName11 = ..\\..\\Zamba.Data\\Zamba.Data.vbproj
		SccProjectName11 = ../../Zamba.Data
		SccLocalPath11 = ..\\..\\Zamba.Data
		SccProjectUniqueName12 = ..\\..\\Zamba.DataExt\\Zamba.DataExt.vbproj
		SccProjectName12 = ../../Zamba.DataExt
		SccLocalPath12 = ..\\..\\Zamba.DataExt
		SccProjectUniqueName13 = ..\\..\\Zamba.DataWS\\Zamba.DataWS.csproj
		SccProjectName13 = ../../Zamba.DataWS
		SccLocalPath13 = ..\\..\\Zamba.DataWS
		SccProjectUniqueName14 = ..\\..\\Zamba.Filters\\Zamba.Filters.csproj
		SccProjectName14 = ../../Zamba.Filters
		SccLocalPath14 = ..\\..\\Zamba.Filters
		SccProjectUniqueName15 = ..\\..\\Zamba.Membership\\Zamba.Membership.csproj
		SccProjectName15 = ../../Zamba.Membership
		SccLocalPath15 = ..\\..\\Zamba.Membership
		SccProjectUniqueName16 = ..\\..\\Zamba.Timers\\Zamba.Timers\\Zamba.ZTimers.csproj
		SccProjectName16 = ../../Zamba.Timers/Zamba.Timers
		SccLocalPath16 = ..\\..\\Zamba.Timers\\Zamba.Timers
		SccProjectUniqueName17 = ..\\..\\Zamba.WinUI\\Zamba.WinUI.vbproj
		SccProjectName17 = ../../Zamba.WinUI
		SccLocalPath17 = ..\\..\\Zamba.WinUI
	EndGlobalSection
	GlobalSection(SolutionConfigurationPlatforms) = preSolution
		Debug|Any CPU = Debug|Any CPU
		Release Sin Trace|Any CPU = Release Sin Trace|Any CPU
		Release|Any CPU = Release|Any CPU
	EndGlobalSection
	GlobalSection(ProjectConfigurationPlatforms) = postSolution
		{0B8FAD41-D6BA-4EAB-A916-D324DBE44024}.Debug|Any CPU.ActiveCfg = Debug|Any CPU
		{0B8FAD41-D6BA-4EAB-A916-D324DBE44024}.Debug|Any CPU.Build.0 = Debug|Any CPU
		{0B8FAD41-D6BA-4EAB-A916-D324DBE44024}.Release Sin Trace|Any CPU.ActiveCfg = Release|Any CPU
		{0B8FAD41-D6BA-4EAB-A916-D324DBE44024}.Release Sin Trace|Any CPU.Build.0 = Release|Any CPU
		{0B8FAD41-D6BA-4EAB-A916-D324DBE44024}.Release|Any CPU.ActiveCfg = Release|Any CPU
		{0B8FAD41-D6BA-4EAB-A916-D324DBE44024}.Release|Any CPU.Build.0 = Release|Any CPU
		{E16279A2-165D-4D96-AD32-009874164C05}.Debug|Any CPU.ActiveCfg = Debug|Any CPU
		{E16279A2-165D-4D96-AD32-009874164C05}.Debug|Any CPU.Build.0 = Debug|Any CPU
		{E16279A2-165D-4D96-AD32-009874164C05}.Release Sin Trace|Any CPU.ActiveCfg = Release|Any CPU
		{E16279A2-165D-4D96-AD32-009874164C05}.Release Sin Trace|Any CPU.Build.0 = Release|Any CPU
		{E16279A2-165D-4D96-AD32-009874164C05}.Release|Any CPU.ActiveCfg = Release|Any CPU
		{E16279A2-165D-4D96-AD32-009874164C05}.Release|Any CPU.Build.0 = Release|Any CPU
		{2AB0EA3E-507B-47E6-BC37-0D203270AEDD}.Debug|Any CPU.ActiveCfg = Debug|Any CPU
		{2AB0EA3E-507B-47E6-BC37-0D203270AEDD}.Debug|Any CPU.Build.0 = Debug|Any CPU
		{2AB0EA3E-507B-47E6-BC37-0D203270AEDD}.Release Sin Trace|Any CPU.ActiveCfg = Release|Any CPU
		{2AB0EA3E-507B-47E6-BC37-0D203270AEDD}.Release Sin Trace|Any CPU.Build.0 = Release|Any CPU
		{2AB0EA3E-507B-47E6-BC37-0D203270AEDD}.Release|Any CPU.ActiveCfg = Release|Any CPU
		{2AB0EA3E-507B-47E6-BC37-0D203270AEDD}.Release|Any CPU.Build.0 = Release|Any CPU
		{952C9B3B-3D9E-4AE2-A823-6B8E1F4F4756}.Debug|Any CPU.ActiveCfg = Debug|Any CPU
		{952C9B3B-3D9E-4AE2-A823-6B8E1F4F4756}.Debug|Any CPU.Build.0 = Debug|Any CPU
		{952C9B3B-3D9E-4AE2-A823-6B8E1F4F4756}.Release Sin Trace|Any CPU.ActiveCfg = Release|Any CPU
		{952C9B3B-3D9E-4AE2-A823-6B8E1F4F4756}.Release Sin Trace|Any CPU.Build.0 = Release|Any CPU
		{952C9B3B-3D9E-4AE2-A823-6B8E1F4F4756}.Release|Any CPU.ActiveCfg = Release|Any CPU
		{952C9B3B-3D9E-4AE2-A823-6B8E1F4F4756}.Release|Any CPU.Build.0 = Release|Any CPU
		{1070E03C-A4CA-419B-B59E-B4E692822036}.Debug|Any CPU.ActiveCfg = Debug|Any CPU
		{1070E03C-A4CA-419B-B59E-B4E692822036}.Debug|Any CPU.Build.0 = Debug|Any CPU
		{1070E03C-A4CA-419B-B59E-B4E692822036}.Release Sin Trace|Any CPU.ActiveCfg = Release|Any CPU
		{1070E03C-A4CA-419B-B59E-B4E692822036}.Release Sin Trace|Any CPU.Build.0 = Release|Any CPU
		{1070E03C-A4CA-419B-B59E-B4E692822036}.Release|Any CPU.ActiveCfg = Release|Any CPU
		{1070E03C-A4CA-419B-B59E-B4E692822036}.Release|Any CPU.Build.0 = Release|Any CPU
		{C6B645EE-2668-404D-B41E-28D5AC6CAEB6}.Debug|Any CPU.ActiveCfg = Debug|Any CPU
		{C6B645EE-2668-404D-B41E-28D5AC6CAEB6}.Debug|Any CPU.Build.0 = Debug|Any CPU
		{C6B645EE-2668-404D-B41E-28D5AC6CAEB6}.Release Sin Trace|Any CPU.ActiveCfg = Release|Any CPU
		{C6B645EE-2668-404D-B41E-28D5AC6CAEB6}.Release Sin Trace|Any CPU.Build.0 = Release|Any CPU
		{C6B645EE-2668-404D-B41E-28D5AC6CAEB6}.Release|Any CPU.ActiveCfg = Release|Any CPU
		{C6B645EE-2668-404D-B41E-28D5AC6CAEB6}.Release|Any CPU.Build.0 = Release|Any CPU
		{FC85CBEF-6BAF-4796-A6C2-9EAEF956479E}.Debug|Any CPU.ActiveCfg = Debug|Any CPU
		{FC85CBEF-6BAF-4796-A6C2-9EAEF956479E}.Debug|Any CPU.Build.0 = Debug|Any CPU
		{FC85CBEF-6BAF-4796-A6C2-9EAEF956479E}.Release Sin Trace|Any CPU.ActiveCfg = Release Sin Trace|Any CPU
		{FC85CBEF-6BAF-4796-A6C2-9EAEF956479E}.Release Sin Trace|Any CPU.Build.0 = Release Sin Trace|Any CPU
		{FC85CBEF-6BAF-4796-A6C2-9EAEF956479E}.Release|Any CPU.ActiveCfg = Release|Any CPU
		{FC85CBEF-6BAF-4796-A6C2-9EAEF956479E}.Release|Any CPU.Build.0 = Release|Any CPU
		{D349AB2A-B052-4307-B979-D397D10760A1}.Debug|Any CPU.ActiveCfg = Debug|Any CPU
		{D349AB2A-B052-4307-B979-D397D10760A1}.Debug|Any CPU.Build.0 = Debug|Any CPU
		{D349AB2A-B052-4307-B979-D397D10760A1}.Release Sin Trace|Any CPU.ActiveCfg = Release|Any CPU
		{D349AB2A-B052-4307-B979-D397D10760A1}.Release Sin Trace|Any CPU.Build.0 = Release|Any CPU
		{D349AB2A-B052-4307-B979-D397D10760A1}.Release|Any CPU.ActiveCfg = Release|Any CPU
		{D349AB2A-B052-4307-B979-D397D10760A1}.Release|Any CPU.Build.0 = Release|Any CPU
		{A20733A6-1679-41EF-81A6-75ADB676FA8A}.Debug|Any CPU.ActiveCfg = Debug|Any CPU
		{A20733A6-1679-41EF-81A6-75ADB676FA8A}.Debug|Any CPU.Build.0 = Debug|Any CPU
		{A20733A6-1679-41EF-81A6-75ADB676FA8A}.Release Sin Trace|Any CPU.ActiveCfg = Release|Any CPU
		{A20733A6-1679-41EF-81A6-75ADB676FA8A}.Release Sin Trace|Any CPU.Build.0 = Release|Any CPU
		{A20733A6-1679-41EF-81A6-75ADB676FA8A}.Release|Any CPU.ActiveCfg = Release|Any CPU
		{A20733A6-1679-41EF-81A6-75ADB676FA8A}.Release|Any CPU.Build.0 = Release|Any CPU
		{A706E6F9-436F-4761-AB28-30F99F1EF098}.Debug|Any CPU.ActiveCfg = Debug|Any CPU
		{A706E6F9-436F-4761-AB28-30F99F1EF098}.Debug|Any CPU.Build.0 = Debug|Any CPU
		{A706E6F9-436F-4761-AB28-30F99F1EF098}.Release Sin Trace|Any CPU.ActiveCfg = Release|Any CPU
		{A706E6F9-436F-4761-AB28-30F99F1EF098}.Release Sin Trace|Any CPU.Build.0 = Release|Any CPU
		{A706E6F9-436F-4761-AB28-30F99F1EF098}.Release|Any CPU.ActiveCfg = Release|Any CPU
		{A706E6F9-436F-4761-AB28-30F99F1EF098}.Release|Any CPU.Build.0 = Release|Any CPU
		{E92F8175-9484-4454-A8F0-9C2AB63714F5}.Debug|Any CPU.ActiveCfg = Debug|Any CPU
		{E92F8175-9484-4454-A8F0-9C2AB63714F5}.Debug|Any CPU.Build.0 = Debug|Any CPU
		{E92F8175-9484-4454-A8F0-9C2AB63714F5}.Release Sin Trace|Any CPU.ActiveCfg = Release|Any CPU
		{E92F8175-9484-4454-A8F0-9C2AB63714F5}.Release Sin Trace|Any CPU.Build.0 = Release|Any CPU
		{E92F8175-9484-4454-A8F0-9C2AB63714F5}.Release|Any CPU.ActiveCfg = Release|Any CPU
		{E92F8175-9484-4454-A8F0-9C2AB63714F5}.Release|Any CPU.Build.0 = Release|Any CPU
		{9AEEC99B-FEB7-4A56-AA67-D52CE6F664DE}.Debug|Any CPU.ActiveCfg = Debug|Any CPU
		{9AEEC99B-FEB7-4A56-AA67-D52CE6F664DE}.Debug|Any CPU.Build.0 = Debug|Any CPU
		{9AEEC99B-FEB7-4A56-AA67-D52CE6F664DE}.Release Sin Trace|Any CPU.ActiveCfg = Release|Any CPU
		{9AEEC99B-FEB7-4A56-AA67-D52CE6F664DE}.Release Sin Trace|Any CPU.Build.0 = Release|Any CPU
		{9AEEC99B-FEB7-4A56-AA67-D52CE6F664DE}.Release|Any CPU.ActiveCfg = Release|Any CPU
		{9AEEC99B-FEB7-4A56-AA67-D52CE6F664DE}.Release|Any CPU.Build.0 = Release|Any CPU
		{969F3428-0208-4D14-911E-FA98B6C9EF49}.Debug|Any CPU.ActiveCfg = Debug|Any CPU
		{969F3428-0208-4D14-911E-FA98B6C9EF49}.Debug|Any CPU.Build.0 = Debug|Any CPU
		{969F3428-0208-4D14-911E-FA98B6C9EF49}.Release Sin Trace|Any CPU.ActiveCfg = Release|Any CPU
		{969F3428-0208-4D14-911E-FA98B6C9EF49}.Release Sin Trace|Any CPU.Build.0 = Release|Any CPU
		{969F3428-0208-4D14-911E-FA98B6C9EF49}.Release|Any CPU.ActiveCfg = Release|Any CPU
		{969F3428-0208-4D14-911E-FA98B6C9EF49}.Release|Any CPU.Build.0 = Release|Any CPU
		{37BCAA25-1780-4CFF-AB59-864AFAF955F0}.Debug|Any CPU.ActiveCfg = Debug|Any CPU
		{37BCAA25-1780-4CFF-AB59-864AFAF955F0}.Debug|Any CPU.Build.0 = Debug|Any CPU
		{37BCAA25-1780-4CFF-AB59-864AFAF955F0}.Release Sin Trace|Any CPU.ActiveCfg = Release|Any CPU
		{37BCAA25-1780-4CFF-AB59-864AFAF955F0}.Release Sin Trace|Any CPU.Build.0 = Release|Any CPU
		{37BCAA25-1780-4CFF-AB59-864AFAF955F0}.Release|Any CPU.ActiveCfg = Release|Any CPU
		{37BCAA25-1780-4CFF-AB59-864AFAF955F0}.Release|Any CPU.Build.0 = Release|Any CPU
		{3137F21C-2B96-4E94-B436-C8CAC0F60C5D}.Debug|Any CPU.ActiveCfg = Debug|Any CPU
		{3137F21C-2B96-4E94-B436-C8CAC0F60C5D}.Debug|Any CPU.Build.0 = Debug|Any CPU
		{3137F21C-2B96-4E94-B436-C8CAC0F60C5D}.Release Sin Trace|Any CPU.ActiveCfg = Release|Any CPU
		{3137F21C-2B96-4E94-B436-C8CAC0F60C5D}.Release Sin Trace|Any CPU.Build.0 = Release|Any CPU
		{3137F21C-2B96-4E94-B436-C8CAC0F60C5D}.Release|Any CPU.ActiveCfg = Release|Any CPU
		{3137F21C-2B96-4E94-B436-C8CAC0F60C5D}.Release|Any CPU.Build.0 = Release|Any CPU
		{1092263D-4EC7-463B-AE55-71AFDD6E17A8}.Debug|Any CPU.ActiveCfg = Debug|Any CPU
		{1092263D-4EC7-463B-AE55-71AFDD6E17A8}.Debug|Any CPU.Build.0 = Debug|Any CPU
		{1092263D-4EC7-463B-AE55-71AFDD6E17A8}.Release Sin Trace|Any CPU.ActiveCfg = Release|Any CPU
		{1092263D-4EC7-463B-AE55-71AFDD6E17A8}.Release Sin Trace|Any CPU.Build.0 = Release|Any CPU
		{1092263D-4EC7-463B-AE55-71AFDD6E17A8}.Release|Any CPU.ActiveCfg = Release|Any CPU
		{1092263D-4EC7-463B-AE55-71AFDD6E17A8}.Release|Any CPU.Build.0 = Release|Any CPU
		{BEFABC7F-FC94-41B4-BA0E-412914A549A0}.Debug|Any CPU.ActiveCfg = Debug|Any CPU
		{BEFABC7F-FC94-41B4-BA0E-412914A549A0}.Debug|Any CPU.Build.0 = Debug|Any CPU
		{BEFABC7F-FC94-41B4-BA0E-412914A549A0}.Release Sin Trace|Any CPU.ActiveCfg = Release Sin Trace|Any CPU
		{BEFABC7F-FC94-41B4-BA0E-412914A549A0}.Release Sin Trace|Any CPU.Build.0 = Release Sin Trace|Any CPU
		{BEFABC7F-FC94-41B4-BA0E-412914A549A0}.Release|Any CPU.ActiveCfg = Release|Any CPU
		{BEFABC7F-FC94-41B4-BA0E-412914A549A0}.Release|Any CPU.Build.0 = Release|Any CPU
	EndGlobalSection
	GlobalSection(SolutionProperties) = preSolution
		HideSolutionNode = FALSE
	EndGlobalSection
EndGlobal
