
Microsoft Visual Studio Solution File, Format Version 10.00
# Visual Studio 2008
Project("{FAE04EC0-301F-11D3-BF4B-00C04F79EFBC}") = "TestSPBoston", "TestSPBoston\TestSPBoston.csproj", "{0B96B3F3-9D8E-4B5F-80D3-C09313917DF8}"
EndProject
Project("{2150E333-8FDC-42A3-9474-1A3956D46DE8}") = "Solution Items", "Solution Items", "{F5B42182-A666-4B7A-8090-B0F9300CABD3}"
	ProjectSection(SolutionItems) = preProject
		LocalTestRun.testrunconfig = LocalTestRun.testrunconfig
		TestSPBoston.vsmdi = TestSPBoston.vsmdi
		TestSPBoston1.vsmdi = TestSPBoston1.vsmdi
		TestSPBoston2.vsmdi = TestSPBoston2.vsmdi
	EndProjectSection
EndProject
Global
	GlobalSection(TeamFoundationVersionControl) = preSolution
		SccNumberOfProjects = 2
		SccEnterpriseProvider = {4CA58AB2-18FA-4F8D-95D4-32DDF27D184C}
		SccTeamFoundationServer = http://hobbit:8080/
		SccLocalPath0 = .
		SccProjectUniqueName1 = TestSPBoston\\TestSPBoston.csproj
		SccProjectName1 = TestSPBoston
		SccLocalPath1 = TestSPBoston
	EndGlobalSection
	GlobalSection(TestCaseManagementSettings) = postSolution
		CategoryFile = TestSPBoston2.vsmdi
	EndGlobalSection
	GlobalSection(SolutionConfigurationPlatforms) = preSolution
		Debug|Any CPU = Debug|Any CPU
		Release|Any CPU = Release|Any CPU
	EndGlobalSection
	GlobalSection(ProjectConfigurationPlatforms) = postSolution
		{0B96B3F3-9D8E-4B5F-80D3-C09313917DF8}.Debug|Any CPU.ActiveCfg = Debug|Any CPU
		{0B96B3F3-9D8E-4B5F-80D3-C09313917DF8}.Debug|Any CPU.Build.0 = Debug|Any CPU
		{0B96B3F3-9D8E-4B5F-80D3-C09313917DF8}.Release|Any CPU.ActiveCfg = Release|Any CPU
		{0B96B3F3-9D8E-4B5F-80D3-C09313917DF8}.Release|Any CPU.Build.0 = Release|Any CPU
	EndGlobalSection
	GlobalSection(SolutionProperties) = preSolution
		HideSolutionNode = FALSE
	EndGlobalSection
EndGlobal
