
Microsoft Visual Studio Solution File, Format Version 10.00
# Visual Studio 2008
Project("{F184B08F-C81C-45F6-A57F-5ABD9991F28F}") = "ILM.GeneradorODBC", "ILM.GeneradorODBC\ILM.GeneradorODBC.vbproj", "{70D9912C-95EF-4465-A879-7F9806983B48}"
EndProject
Global
	GlobalSection(TeamFoundationVersionControl) = preSolution
		SccNumberOfProjects = 2
		SccEnterpriseProvider = {4CA58AB2-18FA-4F8D-95D4-32DDF27D184C}
		SccTeamFoundationServer = http://hobbit:8080/
		SccProjectUniqueName0 = ILM.GeneradorODBC\\ILM.GeneradorODBC.vbproj
		SccProjectName0 = ILM.GeneradorODBC
		SccLocalPath0 = ILM.GeneradorODBC
		SccLocalPath1 = .
	EndGlobalSection
	GlobalSection(SolutionConfigurationPlatforms) = preSolution
		Debug|Any CPU = Debug|Any CPU
		Release|Any CPU = Release|Any CPU
	EndGlobalSection
	GlobalSection(ProjectConfigurationPlatforms) = postSolution
		{70D9912C-95EF-4465-A879-7F9806983B48}.Debug|Any CPU.ActiveCfg = Debug|Any CPU
		{70D9912C-95EF-4465-A879-7F9806983B48}.Debug|Any CPU.Build.0 = Debug|Any CPU
		{70D9912C-95EF-4465-A879-7F9806983B48}.Release|Any CPU.ActiveCfg = Release|Any CPU
		{70D9912C-95EF-4465-A879-7F9806983B48}.Release|Any CPU.Build.0 = Release|Any CPU
	EndGlobalSection
	GlobalSection(SolutionProperties) = preSolution
		HideSolutionNode = FALSE
	EndGlobalSection
EndGlobal
