
Microsoft Visual Studio Solution File, Format Version 10.00
# Visual Studio 2008
Project("{F184B08F-C81C-45F6-A57F-5ABD9991F28F}") = "Zamba.PreProcess", "Zamba.PreProcess\Zamba.PreProcess.vbproj", "{3EB5223C-F677-4B1A-BD8E-2F522121467C}"
EndProject
Global
	GlobalSection(TeamFoundationVersionControl) = preSolution
		SccNumberOfProjects = 2
		SccEnterpriseProvider = {4CA58AB2-18FA-4F8D-95D4-32DDF27D184C}
		SccTeamFoundationServer = http://hobbit:8080/
		SccProjectUniqueName0 = Zamba.PreProcess\\Zamba.PreProcess.vbproj
		SccProjectName0 = Zamba.PreProcess
		SccLocalPath0 = Zamba.PreProcess
		SccLocalPath1 = .
	EndGlobalSection
	GlobalSection(SolutionConfigurationPlatforms) = preSolution
		Debug|Any CPU = Debug|Any CPU
		Release|Any CPU = Release|Any CPU
	EndGlobalSection
	GlobalSection(ProjectConfigurationPlatforms) = postSolution
		{3EB5223C-F677-4B1A-BD8E-2F522121467C}.Debug|Any CPU.ActiveCfg = Debug|Any CPU
		{3EB5223C-F677-4B1A-BD8E-2F522121467C}.Debug|Any CPU.Build.0 = Debug|Any CPU
		{3EB5223C-F677-4B1A-BD8E-2F522121467C}.Release|Any CPU.ActiveCfg = Release|Any CPU
		{3EB5223C-F677-4B1A-BD8E-2F522121467C}.Release|Any CPU.Build.0 = Release|Any CPU
	EndGlobalSection
	GlobalSection(SolutionProperties) = preSolution
		HideSolutionNode = FALSE
	EndGlobalSection
EndGlobal
