
Microsoft Visual Studio Solution File, Format Version 11.00
# Visual Studio 2010
Project("{F184B08F-C81C-45F6-A57F-5ABD9991F28F}") = "Zamba.UpdateNGen", "Zamba.UpdateNGen\Zamba.UpdateNGen.vbproj", "{97168017-BABB-42C4-B1F0-C079FE8DB6C2}"
EndProject
Global
	GlobalSection(TeamFoundationVersionControl) = preSolution
		SccNumberOfProjects = 2
		SccEnterpriseProvider = {4CA58AB2-18FA-4F8D-95D4-32DDF27D184C}
		SccTeamFoundationServer = http://www.stardocteam.com.ar:8080/tfs/defaultcollection
		SccLocalPath0 = .
		SccProjectUniqueName1 = Zamba.UpdateNGen\\Zamba.UpdateNGen.vbproj
		SccProjectName1 = Zamba.UpdateNGen
		SccLocalPath1 = Zamba.UpdateNGen
	EndGlobalSection
	GlobalSection(SolutionConfigurationPlatforms) = preSolution
		Debug|Any CPU = Debug|Any CPU
		Debug|Mixed Platforms = Debug|Mixed Platforms
		Debug|x86 = Debug|x86
		Release Sin Trace|Any CPU = Release Sin Trace|Any CPU
		Release Sin Trace|Mixed Platforms = Release Sin Trace|Mixed Platforms
		Release Sin Trace|x86 = Release Sin Trace|x86
		Release|Any CPU = Release|Any CPU
		Release|Mixed Platforms = Release|Mixed Platforms
		Release|x86 = Release|x86
	EndGlobalSection
	GlobalSection(ProjectConfigurationPlatforms) = postSolution
		{97168017-BABB-42C4-B1F0-C079FE8DB6C2}.Debug|Any CPU.ActiveCfg = Debug|Any CPU
		{97168017-BABB-42C4-B1F0-C079FE8DB6C2}.Debug|Any CPU.Build.0 = Debug|Any CPU
		{97168017-BABB-42C4-B1F0-C079FE8DB6C2}.Debug|Mixed Platforms.ActiveCfg = Debug|Any CPU
		{97168017-BABB-42C4-B1F0-C079FE8DB6C2}.Debug|Mixed Platforms.Build.0 = Debug|Any CPU
		{97168017-BABB-42C4-B1F0-C079FE8DB6C2}.Debug|x86.ActiveCfg = Debug|Any CPU
		{97168017-BABB-42C4-B1F0-C079FE8DB6C2}.Release Sin Trace|Any CPU.ActiveCfg = Release|Any CPU
		{97168017-BABB-42C4-B1F0-C079FE8DB6C2}.Release Sin Trace|Any CPU.Build.0 = Release|Any CPU
		{97168017-BABB-42C4-B1F0-C079FE8DB6C2}.Release Sin Trace|Mixed Platforms.ActiveCfg = Release|Any CPU
		{97168017-BABB-42C4-B1F0-C079FE8DB6C2}.Release Sin Trace|Mixed Platforms.Build.0 = Release|Any CPU
		{97168017-BABB-42C4-B1F0-C079FE8DB6C2}.Release Sin Trace|x86.ActiveCfg = Release|Any CPU
		{97168017-BABB-42C4-B1F0-C079FE8DB6C2}.Release|Any CPU.ActiveCfg = Release|Any CPU
		{97168017-BABB-42C4-B1F0-C079FE8DB6C2}.Release|Any CPU.Build.0 = Release|Any CPU
		{97168017-BABB-42C4-B1F0-C079FE8DB6C2}.Release|Mixed Platforms.ActiveCfg = Release|Any CPU
		{97168017-BABB-42C4-B1F0-C079FE8DB6C2}.Release|Mixed Platforms.Build.0 = Release|Any CPU
		{97168017-BABB-42C4-B1F0-C079FE8DB6C2}.Release|x86.ActiveCfg = Release|Any CPU
	EndGlobalSection
	GlobalSection(SolutionProperties) = preSolution
		HideSolutionNode = FALSE
	EndGlobalSection
EndGlobal
