
Microsoft Visual Studio Solution File, Format Version 10.00
# Visual Studio 2008
Project("{FAE04EC0-301F-11D3-BF4B-00C04F79EFBC}") = "Zamba.Thumbnails", "Zamba.Thumbnails\Zamba.Thumbnails.csproj", "{A7CD13B0-2FA7-4AEF-B009-A3D1E1C3D81C}"
EndProject
Global
	GlobalSection(TeamFoundationVersionControl) = preSolution
		SccNumberOfProjects = 2
		SccEnterpriseProvider = {4CA58AB2-18FA-4F8D-95D4-32DDF27D184C}
		SccTeamFoundationServer = http://hobbit:8080/
		SccProjectUniqueName0 = Zamba.Thumbnails\\Zamba.Thumbnails.csproj
		SccProjectName0 = Zamba.Thumbnails
		SccLocalPath0 = Zamba.Thumbnails
		SccLocalPath1 = .
	EndGlobalSection
	GlobalSection(SolutionConfigurationPlatforms) = preSolution
		Debug|Any CPU = Debug|Any CPU
		Release|Any CPU = Release|Any CPU
	EndGlobalSection
	GlobalSection(ProjectConfigurationPlatforms) = postSolution
		{A7CD13B0-2FA7-4AEF-B009-A3D1E1C3D81C}.Debug|Any CPU.ActiveCfg = Debug|Any CPU
		{A7CD13B0-2FA7-4AEF-B009-A3D1E1C3D81C}.Debug|Any CPU.Build.0 = Debug|Any CPU
		{A7CD13B0-2FA7-4AEF-B009-A3D1E1C3D81C}.Release|Any CPU.ActiveCfg = Release|Any CPU
		{A7CD13B0-2FA7-4AEF-B009-A3D1E1C3D81C}.Release|Any CPU.Build.0 = Release|Any CPU
	EndGlobalSection
	GlobalSection(SolutionProperties) = preSolution
		HideSolutionNode = FALSE
	EndGlobalSection
EndGlobal
