
Microsoft Visual Studio Solution File, Format Version 10.00
# Visual Studio 2008
Project("{FAE04EC0-301F-11D3-BF4B-00C04F79EFBC}") = "Zamba.SearchDocuments", "TextSearch\SearchDocuments\Zamba.SearchDocuments.csproj", "{A0494330-D551-42BC-B0BF-ECE0C0C64B57}"
EndProject
Global
	GlobalSection(TeamFoundationVersionControl) = preSolution
		SccNumberOfProjects = 2
		SccEnterpriseProvider = {4CA58AB2-18FA-4F8D-95D4-32DDF27D184C}
		SccTeamFoundationServer = http://hobbit:8080/
		SccProjectUniqueName0 = TextSearch\\SearchDocuments\\Zamba.SearchDocuments.csproj
		SccProjectName0 = TextSearch/SearchDocuments
		SccLocalPath0 = TextSearch\\SearchDocuments
		SccLocalPath1 = .
	EndGlobalSection
	GlobalSection(SolutionConfigurationPlatforms) = preSolution
		Debug|Any CPU = Debug|Any CPU
		Release|Any CPU = Release|Any CPU
	EndGlobalSection
	GlobalSection(ProjectConfigurationPlatforms) = postSolution
		{A0494330-D551-42BC-B0BF-ECE0C0C64B57}.Debug|Any CPU.ActiveCfg = Debug|Any CPU
		{A0494330-D551-42BC-B0BF-ECE0C0C64B57}.Debug|Any CPU.Build.0 = Debug|Any CPU
		{A0494330-D551-42BC-B0BF-ECE0C0C64B57}.Release|Any CPU.ActiveCfg = Release|Any CPU
		{A0494330-D551-42BC-B0BF-ECE0C0C64B57}.Release|Any CPU.Build.0 = Release|Any CPU
	EndGlobalSection
	GlobalSection(SolutionProperties) = preSolution
		HideSolutionNode = FALSE
	EndGlobalSection
EndGlobal
