
Microsoft Visual Studio Solution File, Format Version 10.00
# Visual Studio 2008
Project("{FAE04EC0-301F-11D3-BF4B-00C04F79EFBC}") = "ziTOdoct1", "ziTOdoct1\ziTOdoct1.csproj", "{AC86E645-2D57-4E27-8D6F-7C444D2B7EDB}"
EndProject
Global
	GlobalSection(TeamFoundationVersionControl) = preSolution
		SccNumberOfProjects = 2
		SccEnterpriseProvider = {4CA58AB2-18FA-4F8D-95D4-32DDF27D184C}
		SccTeamFoundationServer = http://hobbit:8080/
		SccLocalPath0 = .
		SccProjectUniqueName1 = ziTOdoct1\\ziTOdoct1.csproj
		SccProjectName1 = ziTOdoct1
		SccLocalPath1 = ziTOdoct1
	EndGlobalSection
	GlobalSection(SolutionConfigurationPlatforms) = preSolution
		Debug|Any CPU = Debug|Any CPU
		Release|Any CPU = Release|Any CPU
	EndGlobalSection
	GlobalSection(ProjectConfigurationPlatforms) = postSolution
		{AC86E645-2D57-4E27-8D6F-7C444D2B7EDB}.Debug|Any CPU.ActiveCfg = Debug|Any CPU
		{AC86E645-2D57-4E27-8D6F-7C444D2B7EDB}.Debug|Any CPU.Build.0 = Debug|Any CPU
		{AC86E645-2D57-4E27-8D6F-7C444D2B7EDB}.Release|Any CPU.ActiveCfg = Release|Any CPU
		{AC86E645-2D57-4E27-8D6F-7C444D2B7EDB}.Release|Any CPU.Build.0 = Release|Any CPU
	EndGlobalSection
	GlobalSection(SolutionProperties) = preSolution
		HideSolutionNode = FALSE
	EndGlobalSection
EndGlobal
